// !$*UTF8*$!
{
	archiveVersion = 1;
	classes = {
	};
	objectVersion = 46;
	objects = {

/* Begin PBXAggregateTarget section */
		0C4E204E13084A689F8450D0 /* Experimental */ = {
			isa = PBXAggregateTarget;
			buildConfigurationList = A743475234FD46D388BE72E1 /* Build configuration list for PBXAggregateTarget "Experimental" */;
			buildPhases = (
				8554F67ABD61F9FF68E881B7 /* Generate CMakeFiles/Experimental */,
			);
			dependencies = (
				4CE5D07184654C498C177142 /* PBXTargetDependency */,
			);
			name = Experimental;
			productName = Experimental;
		};
		1321667014FB4EA4BD81070E /* Continuous */ = {
			isa = PBXAggregateTarget;
			buildConfigurationList = E17DD6F16A204A339415D622 /* Build configuration list for PBXAggregateTarget "Continuous" */;
			buildPhases = (
				B3E69C575AF9B5D687E10508 /* Generate CMakeFiles/Continuous */,
			);
			dependencies = (
				9B5CD1DC1DF54A28A528490A /* PBXTargetDependency */,
			);
			name = Continuous;
			productName = Continuous;
		};
		38B528765A074591A48DDA2F /* ALL_BUILD */ = {
			isa = PBXAggregateTarget;
			buildConfigurationList = B4A47C5BA27945518ABB2FED /* Build configuration list for PBXAggregateTarget "ALL_BUILD" */;
			buildPhases = (
				0E5DF4BCF808ADBA9D3ED0CD /* Generate CMakeFiles/ALL_BUILD */,
			);
			dependencies = (
				C1B8453C9CD44ECDB74EB466 /* PBXTargetDependency */,
				552C62BB6F924127A58F7B3D /* PBXTargetDependency */,
				46608C55217A4E6C9DCC22AD /* PBXTargetDependency */,
				807FE10DE25E43CE85FF100C /* PBXTargetDependency */,
			);
			name = ALL_BUILD;
			productName = ALL_BUILD;
		};
		44D4D1B85FCD4D9A9F804EBB /* package */ = {
			isa = PBXAggregateTarget;
			buildConfigurationList = EE384E5C746B46BB87531EF9 /* Build configuration list for PBXAggregateTarget "package" */;
			buildPhases = (
				571234464C2A5D0D43F1AB42 /* CMake PostBuild Rules */,
			);
			dependencies = (
				5E4FA161C02C4AA3AC5AB302 /* PBXTargetDependency */,
			);
			name = package;
			productName = package;
		};
		8ABA8092DB90496E822A7854 /* Docs */ = {
			isa = PBXAggregateTarget;
			buildConfigurationList = DE4305D4E624473F9DF55C9E /* Build configuration list for PBXAggregateTarget "Docs" */;
			buildPhases = (
			);
			dependencies = (
				2CBF997864F840DE94BE5888 /* PBXTargetDependency */,
			);
			name = Docs;
			productName = Docs;
		};
		992A9D089369466CADA7E1CA /* RUN_TESTS */ = {
			isa = PBXAggregateTarget;
			buildConfigurationList = D65C2B4897B0477D9A44A8FF /* Build configuration list for PBXAggregateTarget "RUN_TESTS" */;
			buildPhases = (
				003C8D08B0008F35F218E126 /* CMake PostBuild Rules */,
			);
			dependencies = (
			);
			name = RUN_TESTS;
			productName = RUN_TESTS;
		};
		B4658C4E12DF42B288AEF0C1 /* Nightly */ = {
			isa = PBXAggregateTarget;
			buildConfigurationList = E4B04DF4C1754503A83F3A0D /* Build configuration list for PBXAggregateTarget "Nightly" */;
			buildPhases = (
				9AC0F5DFA0CAC6D10F3C0B68 /* Generate CMakeFiles/Nightly */,
			);
			dependencies = (
				34DEDF0A167C4570A8F773B6 /* PBXTargetDependency */,
			);
			name = Nightly;
			productName = Nightly;
		};
		C2D0B8040ED347DCA78ACDB2 /* ZERO_CHECK */ = {
			isa = PBXAggregateTarget;
			buildConfigurationList = 52860AD5B876423987234D43 /* Build configuration list for PBXAggregateTarget "ZERO_CHECK" */;
			buildPhases = (
				CBDFEAAEADD63B56FDE42167 /* Generate CMakeFiles/ZERO_CHECK */,
			);
			dependencies = (
			);
			name = ZERO_CHECK;
			productName = ZERO_CHECK;
		};
		CD106D9BC7A44C18B97A87CA /* NightlyMemoryCheck */ = {
			isa = PBXAggregateTarget;
			buildConfigurationList = 67CE2DEE273A495D8553797F /* Build configuration list for PBXAggregateTarget "NightlyMemoryCheck" */;
			buildPhases = (
				A2A67200E11F9A9FFC70FC4F /* Generate CMakeFiles/NightlyMemoryCheck */,
			);
			dependencies = (
				25B37B1ED6EA41D491218B97 /* PBXTargetDependency */,
			);
			name = NightlyMemoryCheck;
			productName = NightlyMemoryCheck;
		};
		F623797255A8483BA2C6F8BF /* install */ = {
			isa = PBXAggregateTarget;
			buildConfigurationList = 4B94F22AF34A4D8C80ABC723 /* Build configuration list for PBXAggregateTarget "install" */;
			buildPhases = (
				93426DA6A4AC2C2AC9CE883C /* CMake PostBuild Rules */,
			);
			dependencies = (
				5AB1461DBD17445CBBCC4517 /* PBXTargetDependency */,
			);
			name = install;
			productName = install;
		};
/* End PBXAggregateTarget section */

/* Begin PBXBuildFile section */
		11944DAEF39640119C547BB4 /* /Users/philipwenkel/GitHub/Phan/src/generators/generatorA/src/generator.cpp */ = {isa = PBXBuildFile; fileRef = D91D74CAB7F34679BAD20B63 /* /Users/philipwenkel/GitHub/Phan/src/generators/generatorA/src/generator.cpp */; };
		2FB7554C4A84468DA0922BCA /* /Users/philipwenkel/GitHub/Phan/include/version.hpp */ = {isa = PBXBuildFile; fileRef = BD37EF2437B142A0ACA53881 /* /Users/philipwenkel/GitHub/Phan/include/version.hpp */; };
		2FCD8CA111CB49859B8188E8 /* /Users/philipwenkel/GitHub/Phan/src/phan.cpp */ = {isa = PBXBuildFile; fileRef = B833C4CBB9FA4C33868BDAE5 /* /Users/philipwenkel/GitHub/Phan/src/phan.cpp */; };
		51E11B9AFF404CDB85D0890F /* /Users/philipwenkel/GitHub/Phan/tests/testlib.cpp */ = {isa = PBXBuildFile; fileRef = E3FBECFC22FE4A7E952E388D /* /Users/philipwenkel/GitHub/Phan/tests/testlib.cpp */; };
		5AA3D2EC81834DF4ADB45D1C /* /Users/philipwenkel/GitHub/Phan/tests/CMakeLists.txt */ = {isa = PBXBuildFile; fileRef = BE8605AEA24D441AB2E3D5CB /* /Users/philipwenkel/GitHub/Phan/tests/CMakeLists.txt */; };
		5C129CFD33834654B29F4501 /* /Users/philipwenkel/GitHub/Phan/include/phan/phan.hpp */ = {isa = PBXBuildFile; fileRef = 61764108F75145D79B42E18A /* /Users/philipwenkel/GitHub/Phan/include/phan/phan.hpp */; };
		5C6AE320FC9145BB9A55F3DC /* /Users/philipwenkel/GitHub/Phan/src/CMakeLists.txt */ = {isa = PBXBuildFile; fileRef = 916FA4374D4A47ABB3394001 /* /Users/philipwenkel/GitHub/Phan/src/CMakeLists.txt */; };
		5F10DDD7EC594A468D2D43E6 /* /Users/philipwenkel/GitHub/Phan/xbuild/apps/phan_app/app.hpp */ = {isa = PBXBuildFile; fileRef = 00B01FAB8AF74E09B47A3CDA /* /Users/philipwenkel/GitHub/Phan/xbuild/apps/phan_app/app.hpp */; };
		9C8D197FB3284F12BDEC5BA1 /* /Users/philipwenkel/GitHub/Phan/xbuild/apps/phan_app/app_2.hpp */ = {isa = PBXBuildFile; fileRef = 00DEAD4CAE7441CEBAEBEC15 /* /Users/philipwenkel/GitHub/Phan/xbuild/apps/phan_app/app_2.hpp */; };
		A50ED87059ED4CA7908D7FC9 /* /Users/philipwenkel/GitHub/Phan/xbuild/apps/phan_app/CMakeFiles/phan_app.dir/Info.plist */ = {isa = PBXBuildFile; fileRef = 989CC6D77B6C4DED8F10529F /* /Users/philipwenkel/GitHub/Phan/xbuild/apps/phan_app/CMakeFiles/phan_app.dir/Info.plist */; };
		B644351434AF42DD94AD54D5 /* /Users/philipwenkel/GitHub/Phan/apps/phan_app/CMakeLists.txt */ = {isa = PBXBuildFile; fileRef = E15352878A2D4509B26D8909 /* /Users/philipwenkel/GitHub/Phan/apps/phan_app/CMakeLists.txt */; };
		C307B6885EF24352BBC2E11C /* /Users/philipwenkel/GitHub/Phan/include/test.hpp */ = {isa = PBXBuildFile; fileRef = 1A7E0D315AD94B7B8EEFE571 /* /Users/philipwenkel/GitHub/Phan/include/test.hpp */; };
		FF65C47B709D4A5B94DA441B /* /Users/philipwenkel/GitHub/Phan/apps/phan_app/main.cpp */ = {isa = PBXBuildFile; fileRef = 4B4128C6855D4944B65B0ACD /* /Users/philipwenkel/GitHub/Phan/apps/phan_app/main.cpp */; };
/* End PBXBuildFile section */

/* Begin PBXBuildStyle section */
		288DAED4CDCD4E76B949DD3D /* Debug */ = {
			isa = PBXBuildStyle;
			buildSettings = {
				COPY_PHASE_STRIP = NO;
			};
			name = Debug;
		};
		31FBBE94AC274CF3B8AF5061 /* MinSizeRel */ = {
			isa = PBXBuildStyle;
			buildSettings = {
				COPY_PHASE_STRIP = NO;
			};
			name = MinSizeRel;
		};
		96DDBFF6A4E34D2092CA572A /* Release */ = {
			isa = PBXBuildStyle;
			buildSettings = {
				COPY_PHASE_STRIP = NO;
			};
			name = Release;
		};
		F1DD0E15606248DD84CA70A4 /* RelWithDebInfo */ = {
			isa = PBXBuildStyle;
			buildSettings = {
				COPY_PHASE_STRIP = NO;
			};
			name = RelWithDebInfo;
		};
/* End PBXBuildStyle section */

/* Begin PBXContainerItemProxy section */
		1A833EA85313466181867857 /* PBXContainerItemProxy */ = {
			isa = PBXContainerItemProxy;
			containerPortal = 848A09FA28694514AB1184E9 /* Project object */;
			proxyType = 1;
			remoteGlobalIDString = C2D0B8040ED347DCA78ACDB2;
			remoteInfo = ZERO_CHECK;
		};
		36E7C946F1F34690A4C6DC7B /* PBXContainerItemProxy */ = {
			isa = PBXContainerItemProxy;
			containerPortal = 848A09FA28694514AB1184E9 /* Project object */;
			proxyType = 1;
			remoteGlobalIDString = C2D0B8040ED347DCA78ACDB2;
			remoteInfo = ZERO_CHECK;
		};
		3D972834097E46D889384999 /* PBXContainerItemProxy */ = {
			isa = PBXContainerItemProxy;
			containerPortal = 848A09FA28694514AB1184E9 /* Project object */;
			proxyType = 1;
			remoteGlobalIDString = D33708C746294FD6A3E4FE27;
			remoteInfo = phan_lib;
		};
		48B467FC14B9400282BD6098 /* PBXContainerItemProxy */ = {
			isa = PBXContainerItemProxy;
			containerPortal = 848A09FA28694514AB1184E9 /* Project object */;
			proxyType = 1;
			remoteGlobalIDString = C2D0B8040ED347DCA78ACDB2;
			remoteInfo = ZERO_CHECK;
		};
		54F9EB06333F46C9B881FF03 /* PBXContainerItemProxy */ = {
			isa = PBXContainerItemProxy;
			containerPortal = 848A09FA28694514AB1184E9 /* Project object */;
			proxyType = 1;
			remoteGlobalIDString = 38B528765A074591A48DDA2F;
			remoteInfo = ALL_BUILD;
		};
		58AB6FEFE77F42BE89A438D4 /* PBXContainerItemProxy */ = {
			isa = PBXContainerItemProxy;
			containerPortal = 848A09FA28694514AB1184E9 /* Project object */;
			proxyType = 1;
			remoteGlobalIDString = C2D0B8040ED347DCA78ACDB2;
			remoteInfo = ZERO_CHECK;
		};
		67BEE62AA4FE4885B6497827 /* PBXContainerItemProxy */ = {
			isa = PBXContainerItemProxy;
			containerPortal = 848A09FA28694514AB1184E9 /* Project object */;
			proxyType = 1;
			remoteGlobalIDString = 31DFC16C2EDB476DB1265823;
			remoteInfo = phan_app;
		};
		6E3B4B63FB064F27B334EDD8 /* PBXContainerItemProxy */ = {
			isa = PBXContainerItemProxy;
			containerPortal = 848A09FA28694514AB1184E9 /* Project object */;
			proxyType = 1;
			remoteGlobalIDString = C2D0B8040ED347DCA78ACDB2;
			remoteInfo = ZERO_CHECK;
		};
		8074BA95564F4ED593D4ECAA /* PBXContainerItemProxy */ = {
			isa = PBXContainerItemProxy;
			containerPortal = 848A09FA28694514AB1184E9 /* Project object */;
			proxyType = 1;
			remoteGlobalIDString = C2D0B8040ED347DCA78ACDB2;
			remoteInfo = ZERO_CHECK;
		};
		A085CDDC4C0849849C9CBE2A /* PBXContainerItemProxy */ = {
			isa = PBXContainerItemProxy;
			containerPortal = 848A09FA28694514AB1184E9 /* Project object */;
			proxyType = 1;
			remoteGlobalIDString = C2D0B8040ED347DCA78ACDB2;
			remoteInfo = ZERO_CHECK;
		};
		B4F4BAA5607F4CFC9FE14C98 /* PBXContainerItemProxy */ = {
			isa = PBXContainerItemProxy;
			containerPortal = 848A09FA28694514AB1184E9 /* Project object */;
			proxyType = 1;
			remoteGlobalIDString = C2D0B8040ED347DCA78ACDB2;
			remoteInfo = ZERO_CHECK;
		};
		BD20EB2D1F074C24A70C4AE0 /* PBXContainerItemProxy */ = {
			isa = PBXContainerItemProxy;
			containerPortal = 848A09FA28694514AB1184E9 /* Project object */;
			proxyType = 1;
			remoteGlobalIDString = C2D0B8040ED347DCA78ACDB2;
			remoteInfo = ZERO_CHECK;
		};
		D91542EA8BD5458E99C05667 /* PBXContainerItemProxy */ = {
			isa = PBXContainerItemProxy;
			containerPortal = 848A09FA28694514AB1184E9 /* Project object */;
			proxyType = 1;
			remoteGlobalIDString = 6207BAEE15954BAE9F19E581;
			remoteInfo = testlib;
		};
		EF1C55877DD34860998B7C33 /* PBXContainerItemProxy */ = {
			isa = PBXContainerItemProxy;
			containerPortal = 848A09FA28694514AB1184E9 /* Project object */;
			proxyType = 1;
			remoteGlobalIDString = 38B528765A074591A48DDA2F;
			remoteInfo = ALL_BUILD;
		};
/* End PBXContainerItemProxy section */

/* Begin PBXFileReference section */
		00B01FAB8AF74E09B47A3CDA /* /Users/philipwenkel/GitHub/Phan/xbuild/apps/phan_app/app.hpp */ = {isa = PBXFileReference; explicitFileType = sourcecode.cpp.h; fileEncoding = 4; name = app.hpp; path = xbuild/apps/phan_app/app.hpp; sourceTree = SOURCE_ROOT; };
		00DEAD4CAE7441CEBAEBEC15 /* /Users/philipwenkel/GitHub/Phan/xbuild/apps/phan_app/app_2.hpp */ = {isa = PBXFileReference; explicitFileType = sourcecode.cpp.h; fileEncoding = 4; name = app_2.hpp; path = xbuild/apps/phan_app/app_2.hpp; sourceTree = SOURCE_ROOT; };
		1A7E0D315AD94B7B8EEFE571 /* /Users/philipwenkel/GitHub/Phan/include/test.hpp */ = {isa = PBXFileReference; explicitFileType = sourcecode.cpp.h; fileEncoding = 4; name = test.hpp; path = include/test.hpp; sourceTree = SOURCE_ROOT; };
		264412D55CAB4CE28050B66E /* /Users/philipwenkel/GitHub/Phan/apps/phan_app/CMakeLists.txt */ = {isa = PBXFileReference; explicitFileType = sourcecode.text; fileEncoding = 4; name = CMakeLists.txt; path = apps/phan_app/CMakeLists.txt; sourceTree = SOURCE_ROOT; };
		4B4128C6855D4944B65B0ACD /* /Users/philipwenkel/GitHub/Phan/apps/phan_app/main.cpp */ = {isa = PBXFileReference; explicitFileType = sourcecode.cpp.cpp; fileEncoding = 4; name = main.cpp; path = apps/phan_app/main.cpp; sourceTree = SOURCE_ROOT; };
		56D6B772590F44ADB925374E /* /Users/philipwenkel/GitHub/Phan/.gitignore */ = {isa = PBXFileReference; explicitFileType = sourcecode; fileEncoding = 4; name = .gitignore; path = .gitignore; sourceTree = SOURCE_ROOT; };
		590BF166BD594B9CB3AD98A4 /* /Users/philipwenkel/GitHub/Phan/LICENSE */ = {isa = PBXFileReference; explicitFileType = sourcecode; fileEncoding = 4; name = LICENSE; path = LICENSE; sourceTree = SOURCE_ROOT; };
		61764108F75145D79B42E18A /* /Users/philipwenkel/GitHub/Phan/include/phan/phan.hpp */ = {isa = PBXFileReference; explicitFileType = sourcecode.cpp.h; fileEncoding = 4; name = phan.hpp; path = include/phan/phan.hpp; sourceTree = SOURCE_ROOT; };
		916FA4374D4A47ABB3394001 /* /Users/philipwenkel/GitHub/Phan/src/CMakeLists.txt */ = {isa = PBXFileReference; explicitFileType = sourcecode.text; fileEncoding = 4; name = CMakeLists.txt; path = src/CMakeLists.txt; sourceTree = SOURCE_ROOT; };
		989CC6D77B6C4DED8F10529F /* /Users/philipwenkel/GitHub/Phan/xbuild/apps/phan_app/CMakeFiles/phan_app.dir/Info.plist */ = {isa = PBXFileReference; explicitFileType = sourcecode.text.plist; fileEncoding = 4; name = Info.plist; path = xbuild/apps/phan_app/CMakeFiles/phan_app.dir/Info.plist; sourceTree = SOURCE_ROOT; };
		9A3A71880320468D9B6DDC2D /* phan_lib */ = {isa = PBXFileReference; explicitFileType = archive.ar; path = libphan_lib.a; sourceTree = BUILT_PRODUCTS_DIR; };
		B833C4CBB9FA4C33868BDAE5 /* /Users/philipwenkel/GitHub/Phan/src/phan.cpp */ = {isa = PBXFileReference; explicitFileType = sourcecode.cpp.cpp; fileEncoding = 4; name = phan.cpp; path = src/phan.cpp; sourceTree = SOURCE_ROOT; };
		BA672F65055647D19D8963DC /* phan_app */ = {isa = PBXFileReference; explicitFileType = "compiled.mach-o.executable"; path = phan_app; sourceTree = BUILT_PRODUCTS_DIR; };
		BD37EF2437B142A0ACA53881 /* /Users/philipwenkel/GitHub/Phan/include/version.hpp */ = {isa = PBXFileReference; explicitFileType = sourcecode.cpp.h; fileEncoding = 4; name = version.hpp; path = include/version.hpp; sourceTree = SOURCE_ROOT; };
		BE8605AEA24D441AB2E3D5CB /* /Users/philipwenkel/GitHub/Phan/tests/CMakeLists.txt */ = {isa = PBXFileReference; explicitFileType = sourcecode.text; fileEncoding = 4; name = CMakeLists.txt; path = tests/CMakeLists.txt; sourceTree = SOURCE_ROOT; };
		CD68B30D879E4E6792E7D5E3 /* testlib */ = {isa = PBXFileReference; explicitFileType = "compiled.mach-o.executable"; path = testlib; sourceTree = BUILT_PRODUCTS_DIR; };
		D1D1D311977D4FB89DB18846 /* /Users/philipwenkel/GitHub/Phan/CMakeLists.txt */ = {isa = PBXFileReference; explicitFileType = sourcecode.text; fileEncoding = 4; name = CMakeLists.txt; path = CMakeLists.txt; sourceTree = SOURCE_ROOT; };
		D21371A71ABE41B18CF3C9C2 /* /Users/philipwenkel/GitHub/Phan/CMakeLists.txt */ = {isa = PBXFileReference; explicitFileType = sourcecode.text; fileEncoding = 4; name = CMakeLists.txt; path = CMakeLists.txt; sourceTree = SOURCE_ROOT; };
		D91D74CAB7F34679BAD20B63 /* /Users/philipwenkel/GitHub/Phan/src/generators/generatorA/src/generator.cpp */ = {isa = PBXFileReference; explicitFileType = sourcecode.cpp.cpp; fileEncoding = 4; name = generator.cpp; path = src/generators/generatorA/src/generator.cpp; sourceTree = SOURCE_ROOT; };
		DEE859513F1A4475AA75ABA0 /* /Users/philipwenkel/GitHub/Phan/CMakeLists.txt */ = {isa = PBXFileReference; explicitFileType = sourcecode.text; fileEncoding = 4; name = CMakeLists.txt; path = CMakeLists.txt; sourceTree = SOURCE_ROOT; };
		E15352878A2D4509B26D8909 /* /Users/philipwenkel/GitHub/Phan/apps/phan_app/CMakeLists.txt */ = {isa = PBXFileReference; explicitFileType = sourcecode.text; fileEncoding = 4; name = CMakeLists.txt; path = apps/phan_app/CMakeLists.txt; sourceTree = SOURCE_ROOT; };
		E3FBECFC22FE4A7E952E388D /* /Users/philipwenkel/GitHub/Phan/tests/testlib.cpp */ = {isa = PBXFileReference; explicitFileType = sourcecode.cpp.cpp; fileEncoding = 4; name = testlib.cpp; path = tests/testlib.cpp; sourceTree = SOURCE_ROOT; };
		EDDD23775ECF4B1F8A6F36A9 /* /Users/philipwenkel/GitHub/Phan/CMakeLists.txt */ = {isa = PBXFileReference; explicitFileType = sourcecode.text; fileEncoding = 4; name = CMakeLists.txt; path = CMakeLists.txt; sourceTree = SOURCE_ROOT; };
		FA762833175C462B836D2F4C /* /Users/philipwenkel/GitHub/Phan/CMakeLists.txt */ = {isa = PBXFileReference; explicitFileType = sourcecode.text; fileEncoding = 4; name = CMakeLists.txt; path = CMakeLists.txt; sourceTree = SOURCE_ROOT; };
		FDD0714D67CC4068B8B3FF7E /* /Users/philipwenkel/GitHub/Phan/README.md */ = {isa = PBXFileReference; explicitFileType = sourcecode; fileEncoding = 4; name = README.md; path = README.md; sourceTree = SOURCE_ROOT; };
/* End PBXFileReference section */

/* Begin PBXFrameworksBuildPhase section */
		2804FBD029894382AE90B717 /* Frameworks */ = {
			isa = PBXFrameworksBuildPhase;
			buildActionMask = 2147483647;
			files = (
			);
			runOnlyForDeploymentPostprocessing = 0;
		};
		EF31A4ABB20F4C1184BF4DFA /* Frameworks */ = {
			isa = PBXFrameworksBuildPhase;
			buildActionMask = 2147483647;
			files = (
			);
			runOnlyForDeploymentPostprocessing = 0;
		};
		F143B69492B4411A8DD713DB /* Frameworks */ = {
			isa = PBXFrameworksBuildPhase;
			buildActionMask = 2147483647;
			files = (
			);
			runOnlyForDeploymentPostprocessing = 0;
		};
/* End PBXFrameworksBuildPhase section */

/* Begin PBXGroup section */
		0FF0B8752BC94D7288E243EB /* NightlyMemoryCheck */ = {
			isa = PBXGroup;
			children = (
				7C8C93F98A064F09BC09A406 /* CMake Rules */,
				FA762833175C462B836D2F4C /* /Users/philipwenkel/GitHub/Phan/CMakeLists.txt */,
			);
			name = NightlyMemoryCheck;
			sourceTree = "<group>";
		};
		1DC61D1C7D8645AB9444787E /* Continuous */ = {
			isa = PBXGroup;
			children = (
				237B5A9FB3AC4CCEACED2FB4 /* CMake Rules */,
				D1D1D311977D4FB89DB18846 /* /Users/philipwenkel/GitHub/Phan/CMakeLists.txt */,
			);
			name = Continuous;
			sourceTree = "<group>";
		};
		1F60F6A6DCF64454A877B4F8 /* CMake Rules */ = {
			isa = PBXGroup;
			children = (
			);
			name = "CMake Rules";
			sourceTree = "<group>";
		};
		2070319AFA8E4439B17E0DB8 /* Header Files */ = {
			isa = PBXGroup;
			children = (
				00B01FAB8AF74E09B47A3CDA /* /Users/philipwenkel/GitHub/Phan/xbuild/apps/phan_app/app.hpp */,
				00DEAD4CAE7441CEBAEBEC15 /* /Users/philipwenkel/GitHub/Phan/xbuild/apps/phan_app/app_2.hpp */,
			);
			name = "Header Files";
			sourceTree = "<group>";
		};
		237B5A9FB3AC4CCEACED2FB4 /* CMake Rules */ = {
			isa = PBXGroup;
			children = (
			);
			name = "CMake Rules";
			sourceTree = "<group>";
		};
		24DA7C2D91014271AFCDF19F /* testlib */ = {
			isa = PBXGroup;
			children = (
				53CCB1BD932547A19C424F87 /* Source Files */,
				BE8605AEA24D441AB2E3D5CB /* /Users/philipwenkel/GitHub/Phan/tests/CMakeLists.txt */,
			);
			name = testlib;
			sourceTree = "<group>";
		};
		2A9D68FFB9104F2DA064AC80 /* Nightly */ = {
			isa = PBXGroup;
			children = (
				735BA9F8BCFA4D04A5301D01 /* CMake Rules */,
				EDDD23775ECF4B1F8A6F36A9 /* /Users/philipwenkel/GitHub/Phan/CMakeLists.txt */,
			);
			name = Nightly;
			sourceTree = "<group>";
		};
		33891F52D1E74BB691AA686F = {
			isa = PBXGroup;
			children = (
				56B0CBDA03F744C787762B69 /* CTestDashboardTargets */,
				95F02005E1B047DF859CBCCF /* ALL_BUILD */,
				9E1B79B0E0314BCEA7051A71 /* phan_lib */,
				7AE43F0C771941228E1B2E6D /* Docs */,
				C34EB679F45F48EE8A8E7712 /* phan_app */,
				24DA7C2D91014271AFCDF19F /* testlib */,
				758F4D1430F74B2297740113 /* Products */,
				F13AA1B6581242EA9F57E489 /* Frameworks */,
			);
			sourceTree = "<group>";
		};
		3BA577968EFF4E4EA699525F /* CMake Rules */ = {
			isa = PBXGroup;
			children = (
			);
			name = "CMake Rules";
			sourceTree = "<group>";
		};
		422EA058A8A04768BF7638FA /* Header Files */ = {
			isa = PBXGroup;
			children = (
				61764108F75145D79B42E18A /* /Users/philipwenkel/GitHub/Phan/include/phan/phan.hpp */,
				1A7E0D315AD94B7B8EEFE571 /* /Users/philipwenkel/GitHub/Phan/include/test.hpp */,
				BD37EF2437B142A0ACA53881 /* /Users/philipwenkel/GitHub/Phan/include/version.hpp */,
			);
			name = "Header Files";
			sourceTree = "<group>";
		};
		53CCB1BD932547A19C424F87 /* Source Files */ = {
			isa = PBXGroup;
			children = (
				E3FBECFC22FE4A7E952E388D /* /Users/philipwenkel/GitHub/Phan/tests/testlib.cpp */,
			);
			name = "Source Files";
			sourceTree = "<group>";
		};
		56B0CBDA03F744C787762B69 /* CTestDashboardTargets */ = {
			isa = PBXGroup;
			children = (
				0FF0B8752BC94D7288E243EB /* NightlyMemoryCheck */,
				2A9D68FFB9104F2DA064AC80 /* Nightly */,
				1DC61D1C7D8645AB9444787E /* Continuous */,
				D3938572048E4DF598C2A4EF /* Experimental */,
			);
			name = CTestDashboardTargets;
			sourceTree = "<group>";
		};
		623E6472D51E4E7BB77AB4EF /* Sourcess */ = {
			isa = PBXGroup;
			children = (
				4B4128C6855D4944B65B0ACD /* /Users/philipwenkel/GitHub/Phan/apps/phan_app/main.cpp */,
			);
			name = Sourcess;
			sourceTree = "<group>";
		};
		6E954E94EB524D9AAFA8B78A /* Resources */ = {
			isa = PBXGroup;
			children = (
				989CC6D77B6C4DED8F10529F /* /Users/philipwenkel/GitHub/Phan/xbuild/apps/phan_app/CMakeFiles/phan_app.dir/Info.plist */,
			);
			name = Resources;
			sourceTree = "<group>";
		};
		735BA9F8BCFA4D04A5301D01 /* CMake Rules */ = {
			isa = PBXGroup;
			children = (
			);
			name = "CMake Rules";
			sourceTree = "<group>";
		};
		758F4D1430F74B2297740113 /* Products */ = {
			isa = PBXGroup;
			children = (
				BA672F65055647D19D8963DC /* phan_app */,
				9A3A71880320468D9B6DDC2D /* phan_lib */,
				CD68B30D879E4E6792E7D5E3 /* testlib */,
			);
			name = Products;
			sourceTree = "<group>";
		};
		7AE43F0C771941228E1B2E6D /* Docs */ = {
			isa = PBXGroup;
			children = (
				FDD0714D67CC4068B8B3FF7E /* /Users/philipwenkel/GitHub/Phan/README.md */,
				56D6B772590F44ADB925374E /* /Users/philipwenkel/GitHub/Phan/.gitignore */,
				590BF166BD594B9CB3AD98A4 /* /Users/philipwenkel/GitHub/Phan/LICENSE */,
				264412D55CAB4CE28050B66E /* /Users/philipwenkel/GitHub/Phan/apps/phan_app/CMakeLists.txt */,
			);
			name = Docs;
			sourceTree = "<group>";
		};
		7C8C93F98A064F09BC09A406 /* CMake Rules */ = {
			isa = PBXGroup;
			children = (
			);
			name = "CMake Rules";
			sourceTree = "<group>";
		};
		95F02005E1B047DF859CBCCF /* ALL_BUILD */ = {
			isa = PBXGroup;
			children = (
				3BA577968EFF4E4EA699525F /* CMake Rules */,
				D21371A71ABE41B18CF3C9C2 /* /Users/philipwenkel/GitHub/Phan/CMakeLists.txt */,
			);
			name = ALL_BUILD;
			sourceTree = "<group>";
		};
		9E1B79B0E0314BCEA7051A71 /* phan_lib */ = {
			isa = PBXGroup;
			children = (
				A9615CE6BBAD46AE9999229C /* Source Files */,
				422EA058A8A04768BF7638FA /* Header Files */,
				916FA4374D4A47ABB3394001 /* /Users/philipwenkel/GitHub/Phan/src/CMakeLists.txt */,
			);
			name = phan_lib;
			sourceTree = "<group>";
		};
		A9615CE6BBAD46AE9999229C /* Source Files */ = {
			isa = PBXGroup;
			children = (
				D91D74CAB7F34679BAD20B63 /* /Users/philipwenkel/GitHub/Phan/src/generators/generatorA/src/generator.cpp */,
				B833C4CBB9FA4C33868BDAE5 /* /Users/philipwenkel/GitHub/Phan/src/phan.cpp */,
			);
			name = "Source Files";
			sourceTree = "<group>";
		};
		C34EB679F45F48EE8A8E7712 /* phan_app */ = {
			isa = PBXGroup;
			children = (
				623E6472D51E4E7BB77AB4EF /* Sourcess */,
				2070319AFA8E4439B17E0DB8 /* Header Files */,
				6E954E94EB524D9AAFA8B78A /* Resources */,
				E15352878A2D4509B26D8909 /* /Users/philipwenkel/GitHub/Phan/apps/phan_app/CMakeLists.txt */,
			);
			name = phan_app;
			sourceTree = "<group>";
		};
		D3938572048E4DF598C2A4EF /* Experimental */ = {
			isa = PBXGroup;
			children = (
				1F60F6A6DCF64454A877B4F8 /* CMake Rules */,
				DEE859513F1A4475AA75ABA0 /* /Users/philipwenkel/GitHub/Phan/CMakeLists.txt */,
			);
			name = Experimental;
			sourceTree = "<group>";
		};
		F13AA1B6581242EA9F57E489 /* Frameworks */ = {
			isa = PBXGroup;
			children = (
			);
			name = Frameworks;
			sourceTree = "<group>";
		};
/* End PBXGroup section */

/* Begin PBXNativeTarget section */
		31DFC16C2EDB476DB1265823 /* phan_app */ = {
			isa = PBXNativeTarget;
			buildConfigurationList = E09926F9077D4EE8B003F785 /* Build configuration list for PBXNativeTarget "phan_app" */;
			buildPhases = (
				E6798EEE85A54E68B5C49D08 /* Sources */,
				EF31A4ABB20F4C1184BF4DFA /* Frameworks */,
			);
			buildRules = (
			);
			dependencies = (
				DE4C683ABB624C5D94377ACD /* PBXTargetDependency */,
			);
			name = phan_app;
			productName = phan_app;
			productReference = BA672F65055647D19D8963DC /* phan_app */;
			productType = "com.apple.product-type.application";
		};
		6207BAEE15954BAE9F19E581 /* testlib */ = {
			isa = PBXNativeTarget;
			buildConfigurationList = 0413350109D94A1288C9F052 /* Build configuration list for PBXNativeTarget "testlib" */;
			buildPhases = (
				468CE9DD1A734758B0483027 /* Sources */,
				2804FBD029894382AE90B717 /* Frameworks */,
			);
			buildRules = (
			);
			dependencies = (
				2D9AE8B6E3F4403CB52230B4 /* PBXTargetDependency */,
			);
			name = testlib;
			productName = testlib;
			productReference = CD68B30D879E4E6792E7D5E3 /* testlib */;
			productType = "com.apple.product-type.tool";
		};
		D33708C746294FD6A3E4FE27 /* phan_lib */ = {
			isa = PBXNativeTarget;
			buildConfigurationList = 214505FFF6A140F29F596821 /* Build configuration list for PBXNativeTarget "phan_lib" */;
			buildPhases = (
				073AB49B396E4A53ADA22626 /* Sources */,
				F143B69492B4411A8DD713DB /* Frameworks */,
			);
			buildRules = (
			);
			dependencies = (
				8B80190B3D194D4981BB01EC /* PBXTargetDependency */,
			);
			name = phan_lib;
			productName = phan_lib;
			productReference = 9A3A71880320468D9B6DDC2D /* phan_lib */;
			productType = "com.apple.product-type.library.static";
		};
/* End PBXNativeTarget section */

/* Begin PBXProject section */
		848A09FA28694514AB1184E9 /* Project object */ = {
			isa = PBXProject;
			attributes = {
				BuildIndependentTargetsInParallel = YES;
				LastUpgradeCheck = 1250;
			};
			buildConfigurationList = 2E2372C2F3524E1688241C92 /* Build configuration list for PBXProject "Phan" */;
			buildSettings = {
			};
			buildStyles = (
				288DAED4CDCD4E76B949DD3D /* Debug */,
				96DDBFF6A4E34D2092CA572A /* Release */,
				31FBBE94AC274CF3B8AF5061 /* MinSizeRel */,
				F1DD0E15606248DD84CA70A4 /* RelWithDebInfo */,
			);
			compatibilityVersion = "Xcode 3.2";
			hasScannedForEncodings = 0;
			mainGroup = 33891F52D1E74BB691AA686F;
			projectDirPath = ../;
			projectRoot = "";
			targets = (
				38B528765A074591A48DDA2F /* ALL_BUILD */,
				1321667014FB4EA4BD81070E /* Continuous */,
				8ABA8092DB90496E822A7854 /* Docs */,
				0C4E204E13084A689F8450D0 /* Experimental */,
				B4658C4E12DF42B288AEF0C1 /* Nightly */,
				CD106D9BC7A44C18B97A87CA /* NightlyMemoryCheck */,
				992A9D089369466CADA7E1CA /* RUN_TESTS */,
				C2D0B8040ED347DCA78ACDB2 /* ZERO_CHECK */,
				F623797255A8483BA2C6F8BF /* install */,
				44D4D1B85FCD4D9A9F804EBB /* package */,
				31DFC16C2EDB476DB1265823 /* phan_app */,
				D33708C746294FD6A3E4FE27 /* phan_lib */,
				6207BAEE15954BAE9F19E581 /* testlib */,
			);
		};
/* End PBXProject section */

/* Begin PBXShellScriptBuildPhase section */
		003C8D08B0008F35F218E126 /* CMake PostBuild Rules */ = {
			isa = PBXShellScriptBuildPhase;
			alwaysOutOfDate = 1;
			buildActionMask = 2147483647;
			files = (
			);
			name = "CMake PostBuild Rules";
			outputPaths = (
			);
			runOnlyForDeploymentPostprocessing = 0;
			shellPath = /bin/sh;
			shellScript = "set -e
if test \"$CONFIGURATION\" = \"Debug\"; then :
  cd /Users/philipwenkel/GitHub/Phan/xbuild
  /usr/local/Cellar/cmake/3.19.6/bin/ctest --force-new-ctest-process -C $CONFIGURATION$EFFECTIVE_PLATFORM_NAME
fi
if test \"$CONFIGURATION\" = \"Release\"; then :
  cd /Users/philipwenkel/GitHub/Phan/xbuild
  /usr/local/Cellar/cmake/3.19.6/bin/ctest --force-new-ctest-process -C $CONFIGURATION$EFFECTIVE_PLATFORM_NAME
fi
if test \"$CONFIGURATION\" = \"MinSizeRel\"; then :
  cd /Users/philipwenkel/GitHub/Phan/xbuild
  /usr/local/Cellar/cmake/3.19.6/bin/ctest --force-new-ctest-process -C $CONFIGURATION$EFFECTIVE_PLATFORM_NAME
fi
if test \"$CONFIGURATION\" = \"RelWithDebInfo\"; then :
  cd /Users/philipwenkel/GitHub/Phan/xbuild
  /usr/local/Cellar/cmake/3.19.6/bin/ctest --force-new-ctest-process -C $CONFIGURATION$EFFECTIVE_PLATFORM_NAME
fi
";
			showEnvVarsInLog = 0;
		};
		09FB783FD30DC6E66DF354AF = {
			isa = PBXShellScriptBuildPhase;
			buildActionMask = 2147483647;
			files = (
			);
			inputPaths = (
			);
			outputPaths = (
			);
			runOnlyForDeploymentPostprocessing = 0;
			shellPath = /bin/sh;
			shellScript = "# shell script goes here
exit 0";
			showEnvVarsInLog = 0;
		};
		0E5DF4BCF808ADBA9D3ED0CD /* Generate CMakeFiles/ALL_BUILD */ = {
			isa = PBXShellScriptBuildPhase;
			alwaysOutOfDate = 1;
			buildActionMask = 2147483647;
			files = (
			);
			inputPaths = (
			);
			name = "Generate CMakeFiles/ALL_BUILD";
			outputPaths = (
/Users/philipwenkel/GitHub/Phan/xbuild/CMakeFiles/ALL_BUILD			);
			runOnlyForDeploymentPostprocessing = 0;
			shellPath = /bin/sh;
			shellScript = "set -e
if test \"$CONFIGURATION\" = \"Debug\"; then :
  cd /Users/philipwenkel/GitHub/Phan/xbuild
  echo Build\\ all\\ projects
fi
if test \"$CONFIGURATION\" = \"Release\"; then :
  cd /Users/philipwenkel/GitHub/Phan/xbuild
  echo Build\\ all\\ projects
fi
if test \"$CONFIGURATION\" = \"MinSizeRel\"; then :
  cd /Users/philipwenkel/GitHub/Phan/xbuild
  echo Build\\ all\\ projects
fi
if test \"$CONFIGURATION\" = \"RelWithDebInfo\"; then :
  cd /Users/philipwenkel/GitHub/Phan/xbuild
  echo Build\\ all\\ projects
fi
";
			showEnvVarsInLog = 0;
		};
		23E0E19C1FE635DB84934AD9 = {
			isa = PBXShellScriptBuildPhase;
			buildActionMask = 2147483647;
			files = (
			);
			inputPaths = (
			);
			outputPaths = (
			);
			runOnlyForDeploymentPostprocessing = 0;
			shellPath = /bin/sh;
			shellScript = "# shell script goes here
exit 0";
			showEnvVarsInLog = 0;
		};
		323E6CE94951678BF055CC89 = {
			isa = PBXShellScriptBuildPhase;
			buildActionMask = 2147483647;
			files = (
			);
			inputPaths = (
			);
			outputPaths = (
			);
			runOnlyForDeploymentPostprocessing = 0;
			shellPath = /bin/sh;
			shellScript = "# shell script goes here
exit 0";
			showEnvVarsInLog = 0;
		};
		33DC0D30B4CB5F3DFCFA203E = {
			isa = PBXShellScriptBuildPhase;
			buildActionMask = 2147483647;
			files = (
			);
			inputPaths = (
			);
			outputPaths = (
			);
			runOnlyForDeploymentPostprocessing = 0;
			shellPath = /bin/sh;
			shellScript = "# shell script goes here
exit 0";
			showEnvVarsInLog = 0;
		};
		3C0110FC8322DE7E50886E21 = {
			isa = PBXShellScriptBuildPhase;
			buildActionMask = 2147483647;
			files = (
			);
			inputPaths = (
			);
			outputPaths = (
			);
			runOnlyForDeploymentPostprocessing = 0;
			shellPath = /bin/sh;
			shellScript = "# shell script goes here
exit 0";
			showEnvVarsInLog = 0;
		};
		571234464C2A5D0D43F1AB42 /* CMake PostBuild Rules */ = {
			isa = PBXShellScriptBuildPhase;
			alwaysOutOfDate = 1;
			buildActionMask = 2147483647;
			files = (
			);
			name = "CMake PostBuild Rules";
			outputPaths = (
			);
			runOnlyForDeploymentPostprocessing = 0;
			shellPath = /bin/sh;
			shellScript = "set -e
if test \"$CONFIGURATION\" = \"Debug\"; then :
  cd /Users/philipwenkel/GitHub/Phan/xbuild
  /usr/local/Cellar/cmake/3.19.6/bin/cpack -C $CONFIGURATION$EFFECTIVE_PLATFORM_NAME --config ./CPackConfig.cmake
fi
if test \"$CONFIGURATION\" = \"Release\"; then :
  cd /Users/philipwenkel/GitHub/Phan/xbuild
  /usr/local/Cellar/cmake/3.19.6/bin/cpack -C $CONFIGURATION$EFFECTIVE_PLATFORM_NAME --config ./CPackConfig.cmake
fi
if test \"$CONFIGURATION\" = \"MinSizeRel\"; then :
  cd /Users/philipwenkel/GitHub/Phan/xbuild
  /usr/local/Cellar/cmake/3.19.6/bin/cpack -C $CONFIGURATION$EFFECTIVE_PLATFORM_NAME --config ./CPackConfig.cmake
fi
if test \"$CONFIGURATION\" = \"RelWithDebInfo\"; then :
  cd /Users/philipwenkel/GitHub/Phan/xbuild
  /usr/local/Cellar/cmake/3.19.6/bin/cpack -C $CONFIGURATION$EFFECTIVE_PLATFORM_NAME --config ./CPackConfig.cmake
fi
";
			showEnvVarsInLog = 0;
		};
		661D9C604B3B91332E7543CC = {
			isa = PBXShellScriptBuildPhase;
			buildActionMask = 2147483647;
			files = (
			);
			inputPaths = (
			);
			outputPaths = (
			);
			runOnlyForDeploymentPostprocessing = 0;
			shellPath = /bin/sh;
			shellScript = "# shell script goes here
exit 0";
			showEnvVarsInLog = 0;
		};
		8554F67ABD61F9FF68E881B7 /* Generate CMakeFiles/Experimental */ = {
			isa = PBXShellScriptBuildPhase;
			alwaysOutOfDate = 1;
			buildActionMask = 2147483647;
			files = (
			);
			inputPaths = (
			);
			name = "Generate CMakeFiles/Experimental";
			outputPaths = (
/Users/philipwenkel/GitHub/Phan/xbuild/CMakeFiles/Experimental			);
			runOnlyForDeploymentPostprocessing = 0;
			shellPath = /bin/sh;
			shellScript = "set -e
if test \"$CONFIGURATION\" = \"Debug\"; then :
  cd /Users/philipwenkel/GitHub/Phan/xbuild
  /usr/local/Cellar/cmake/3.19.6/bin/ctest -C $CONFIGURATION$EFFECTIVE_PLATFORM_NAME -D Experimental
fi
if test \"$CONFIGURATION\" = \"Release\"; then :
  cd /Users/philipwenkel/GitHub/Phan/xbuild
  /usr/local/Cellar/cmake/3.19.6/bin/ctest -C $CONFIGURATION$EFFECTIVE_PLATFORM_NAME -D Experimental
fi
if test \"$CONFIGURATION\" = \"MinSizeRel\"; then :
  cd /Users/philipwenkel/GitHub/Phan/xbuild
  /usr/local/Cellar/cmake/3.19.6/bin/ctest -C $CONFIGURATION$EFFECTIVE_PLATFORM_NAME -D Experimental
fi
if test \"$CONFIGURATION\" = \"RelWithDebInfo\"; then :
  cd /Users/philipwenkel/GitHub/Phan/xbuild
  /usr/local/Cellar/cmake/3.19.6/bin/ctest -C $CONFIGURATION$EFFECTIVE_PLATFORM_NAME -D Experimental
fi
";
			showEnvVarsInLog = 0;
		};
		87AF4882E018677E2624B544 = {
			isa = PBXShellScriptBuildPhase;
			buildActionMask = 2147483647;
			files = (
			);
			inputPaths = (
			);
			outputPaths = (
			);
			runOnlyForDeploymentPostprocessing = 0;
			shellPath = /bin/sh;
			shellScript = "# shell script goes here
exit 0";
			showEnvVarsInLog = 0;
		};
		910A41151295C5F9742C25BD = {
			isa = PBXShellScriptBuildPhase;
			buildActionMask = 2147483647;
			files = (
			);
			inputPaths = (
			);
			outputPaths = (
			);
			runOnlyForDeploymentPostprocessing = 0;
			shellPath = /bin/sh;
			shellScript = "# shell script goes here
exit 0";
			showEnvVarsInLog = 0;
		};
		93426DA6A4AC2C2AC9CE883C /* CMake PostBuild Rules */ = {
			isa = PBXShellScriptBuildPhase;
			alwaysOutOfDate = 1;
			buildActionMask = 2147483647;
			files = (
			);
			name = "CMake PostBuild Rules";
			outputPaths = (
			);
			runOnlyForDeploymentPostprocessing = 0;
			shellPath = /bin/sh;
			shellScript = "set -e
if test \"$CONFIGURATION\" = \"Debug\"; then :
  cd /Users/philipwenkel/GitHub/Phan/xbuild
  /usr/local/Cellar/cmake/3.19.6/bin/cmake -DBUILD_TYPE=$CONFIGURATION$EFFECTIVE_PLATFORM_NAME -P cmake_install.cmake
fi
if test \"$CONFIGURATION\" = \"Release\"; then :
  cd /Users/philipwenkel/GitHub/Phan/xbuild
  /usr/local/Cellar/cmake/3.19.6/bin/cmake -DBUILD_TYPE=$CONFIGURATION$EFFECTIVE_PLATFORM_NAME -P cmake_install.cmake
fi
if test \"$CONFIGURATION\" = \"MinSizeRel\"; then :
  cd /Users/philipwenkel/GitHub/Phan/xbuild
  /usr/local/Cellar/cmake/3.19.6/bin/cmake -DBUILD_TYPE=$CONFIGURATION$EFFECTIVE_PLATFORM_NAME -P cmake_install.cmake
fi
if test \"$CONFIGURATION\" = \"RelWithDebInfo\"; then :
  cd /Users/philipwenkel/GitHub/Phan/xbuild
  /usr/local/Cellar/cmake/3.19.6/bin/cmake -DBUILD_TYPE=$CONFIGURATION$EFFECTIVE_PLATFORM_NAME -P cmake_install.cmake
fi
";
			showEnvVarsInLog = 0;
		};
		9AC0F5DFA0CAC6D10F3C0B68 /* Generate CMakeFiles/Nightly */ = {
			isa = PBXShellScriptBuildPhase;
			alwaysOutOfDate = 1;
			buildActionMask = 2147483647;
			files = (
			);
			inputPaths = (
			);
			name = "Generate CMakeFiles/Nightly";
			outputPaths = (
/Users/philipwenkel/GitHub/Phan/xbuild/CMakeFiles/Nightly			);
			runOnlyForDeploymentPostprocessing = 0;
			shellPath = /bin/sh;
			shellScript = "set -e
if test \"$CONFIGURATION\" = \"Debug\"; then :
  cd /Users/philipwenkel/GitHub/Phan/xbuild
  /usr/local/Cellar/cmake/3.19.6/bin/ctest -C $CONFIGURATION$EFFECTIVE_PLATFORM_NAME -D Nightly
fi
if test \"$CONFIGURATION\" = \"Release\"; then :
  cd /Users/philipwenkel/GitHub/Phan/xbuild
  /usr/local/Cellar/cmake/3.19.6/bin/ctest -C $CONFIGURATION$EFFECTIVE_PLATFORM_NAME -D Nightly
fi
if test \"$CONFIGURATION\" = \"MinSizeRel\"; then :
  cd /Users/philipwenkel/GitHub/Phan/xbuild
  /usr/local/Cellar/cmake/3.19.6/bin/ctest -C $CONFIGURATION$EFFECTIVE_PLATFORM_NAME -D Nightly
fi
if test \"$CONFIGURATION\" = \"RelWithDebInfo\"; then :
  cd /Users/philipwenkel/GitHub/Phan/xbuild
  /usr/local/Cellar/cmake/3.19.6/bin/ctest -C $CONFIGURATION$EFFECTIVE_PLATFORM_NAME -D Nightly
fi
";
			showEnvVarsInLog = 0;
		};
		9B50530E35CC49C82C2FACCF = {
			isa = PBXShellScriptBuildPhase;
			buildActionMask = 2147483647;
			files = (
			);
			inputPaths = (
			);
			outputPaths = (
			);
			runOnlyForDeploymentPostprocessing = 0;
			shellPath = /bin/sh;
			shellScript = "# shell script goes here
exit 0";
			showEnvVarsInLog = 0;
		};
		A2A67200E11F9A9FFC70FC4F /* Generate CMakeFiles/NightlyMemoryCheck */ = {
			isa = PBXShellScriptBuildPhase;
			alwaysOutOfDate = 1;
			buildActionMask = 2147483647;
			files = (
			);
			inputPaths = (
			);
			name = "Generate CMakeFiles/NightlyMemoryCheck";
			outputPaths = (
/Users/philipwenkel/GitHub/Phan/xbuild/CMakeFiles/NightlyMemoryCheck			);
			runOnlyForDeploymentPostprocessing = 0;
			shellPath = /bin/sh;
			shellScript = "set -e
if test \"$CONFIGURATION\" = \"Debug\"; then :
  cd /Users/philipwenkel/GitHub/Phan/xbuild
  /usr/local/Cellar/cmake/3.19.6/bin/ctest -C $CONFIGURATION$EFFECTIVE_PLATFORM_NAME -D NightlyMemoryCheck
fi
if test \"$CONFIGURATION\" = \"Release\"; then :
  cd /Users/philipwenkel/GitHub/Phan/xbuild
  /usr/local/Cellar/cmake/3.19.6/bin/ctest -C $CONFIGURATION$EFFECTIVE_PLATFORM_NAME -D NightlyMemoryCheck
fi
if test \"$CONFIGURATION\" = \"MinSizeRel\"; then :
  cd /Users/philipwenkel/GitHub/Phan/xbuild
  /usr/local/Cellar/cmake/3.19.6/bin/ctest -C $CONFIGURATION$EFFECTIVE_PLATFORM_NAME -D NightlyMemoryCheck
fi
if test \"$CONFIGURATION\" = \"RelWithDebInfo\"; then :
  cd /Users/philipwenkel/GitHub/Phan/xbuild
  /usr/local/Cellar/cmake/3.19.6/bin/ctest -C $CONFIGURATION$EFFECTIVE_PLATFORM_NAME -D NightlyMemoryCheck
fi
";
			showEnvVarsInLog = 0;
		};
		A68D7F74133ED74D8658B427 = {
			isa = PBXShellScriptBuildPhase;
			buildActionMask = 2147483647;
			files = (
			);
			inputPaths = (
			);
			outputPaths = (
			);
			runOnlyForDeploymentPostprocessing = 0;
			shellPath = /bin/sh;
			shellScript = "# shell script goes here
exit 0";
			showEnvVarsInLog = 0;
		};
		B3E69C575AF9B5D687E10508 /* Generate CMakeFiles/Continuous */ = {
			isa = PBXShellScriptBuildPhase;
			alwaysOutOfDate = 1;
			buildActionMask = 2147483647;
			files = (
			);
			inputPaths = (
			);
			name = "Generate CMakeFiles/Continuous";
			outputPaths = (
/Users/philipwenkel/GitHub/Phan/xbuild/CMakeFiles/Continuous			);
			runOnlyForDeploymentPostprocessing = 0;
			shellPath = /bin/sh;
			shellScript = "set -e
if test \"$CONFIGURATION\" = \"Debug\"; then :
  cd /Users/philipwenkel/GitHub/Phan/xbuild
  /usr/local/Cellar/cmake/3.19.6/bin/ctest -C $CONFIGURATION$EFFECTIVE_PLATFORM_NAME -D Continuous
fi
if test \"$CONFIGURATION\" = \"Release\"; then :
  cd /Users/philipwenkel/GitHub/Phan/xbuild
  /usr/local/Cellar/cmake/3.19.6/bin/ctest -C $CONFIGURATION$EFFECTIVE_PLATFORM_NAME -D Continuous
fi
if test \"$CONFIGURATION\" = \"MinSizeRel\"; then :
  cd /Users/philipwenkel/GitHub/Phan/xbuild
  /usr/local/Cellar/cmake/3.19.6/bin/ctest -C $CONFIGURATION$EFFECTIVE_PLATFORM_NAME -D Continuous
fi
if test \"$CONFIGURATION\" = \"RelWithDebInfo\"; then :
  cd /Users/philipwenkel/GitHub/Phan/xbuild
  /usr/local/Cellar/cmake/3.19.6/bin/ctest -C $CONFIGURATION$EFFECTIVE_PLATFORM_NAME -D Continuous
fi
";
			showEnvVarsInLog = 0;
		};
		CBDFEAAEADD63B56FDE42167 /* Generate CMakeFiles/ZERO_CHECK */ = {
			isa = PBXShellScriptBuildPhase;
			alwaysOutOfDate = 1;
			buildActionMask = 2147483647;
			files = (
			);
			inputPaths = (
			);
			name = "Generate CMakeFiles/ZERO_CHECK";
			outputPaths = (
/Users/philipwenkel/GitHub/Phan/xbuild/CMakeFiles/ZERO_CHECK			);
			runOnlyForDeploymentPostprocessing = 0;
			shellPath = /bin/sh;
			shellScript = "set -e
if test \"$CONFIGURATION\" = \"Debug\"; then :
  cd /Users/philipwenkel/GitHub/Phan/xbuild
  make -f /Users/philipwenkel/GitHub/Phan/xbuild/CMakeScripts/ReRunCMake.make
fi
if test \"$CONFIGURATION\" = \"Release\"; then :
  cd /Users/philipwenkel/GitHub/Phan/xbuild
  make -f /Users/philipwenkel/GitHub/Phan/xbuild/CMakeScripts/ReRunCMake.make
fi
if test \"$CONFIGURATION\" = \"MinSizeRel\"; then :
  cd /Users/philipwenkel/GitHub/Phan/xbuild
  make -f /Users/philipwenkel/GitHub/Phan/xbuild/CMakeScripts/ReRunCMake.make
fi
if test \"$CONFIGURATION\" = \"RelWithDebInfo\"; then :
  cd /Users/philipwenkel/GitHub/Phan/xbuild
  make -f /Users/philipwenkel/GitHub/Phan/xbuild/CMakeScripts/ReRunCMake.make
fi
";
			showEnvVarsInLog = 0;
		};
/* End PBXShellScriptBuildPhase section */

/* Begin PBXSourcesBuildPhase section */
		073AB49B396E4A53ADA22626 /* Sources */ = {
			isa = PBXSourcesBuildPhase;
			buildActionMask = 2147483647;
			files = (
				11944DAEF39640119C547BB4 /* /Users/philipwenkel/GitHub/Phan/src/generators/generatorA/src/generator.cpp */,
				2FCD8CA111CB49859B8188E8 /* /Users/philipwenkel/GitHub/Phan/src/phan.cpp */,
			);
			runOnlyForDeploymentPostprocessing = 0;
		};
		468CE9DD1A734758B0483027 /* Sources */ = {
			isa = PBXSourcesBuildPhase;
			buildActionMask = 2147483647;
			files = (
				51E11B9AFF404CDB85D0890F /* /Users/philipwenkel/GitHub/Phan/tests/testlib.cpp */,
			);
			runOnlyForDeploymentPostprocessing = 0;
		};
		E6798EEE85A54E68B5C49D08 /* Sources */ = {
			isa = PBXSourcesBuildPhase;
			buildActionMask = 2147483647;
			files = (
				FF65C47B709D4A5B94DA441B /* /Users/philipwenkel/GitHub/Phan/apps/phan_app/main.cpp */,
			);
			runOnlyForDeploymentPostprocessing = 0;
		};
/* End PBXSourcesBuildPhase section */

/* Begin PBXTargetDependency section */
		25B37B1ED6EA41D491218B97 /* PBXTargetDependency */ = {
			isa = PBXTargetDependency;
			target = C2D0B8040ED347DCA78ACDB2 /* ZERO_CHECK */;
			targetProxy = 48B467FC14B9400282BD6098 /* PBXContainerItemProxy */;
		};
		2CBF997864F840DE94BE5888 /* PBXTargetDependency */ = {
			isa = PBXTargetDependency;
			target = C2D0B8040ED347DCA78ACDB2 /* ZERO_CHECK */;
			targetProxy = BD20EB2D1F074C24A70C4AE0 /* PBXContainerItemProxy */;
		};
		2D9AE8B6E3F4403CB52230B4 /* PBXTargetDependency */ = {
			isa = PBXTargetDependency;
			target = C2D0B8040ED347DCA78ACDB2 /* ZERO_CHECK */;
			targetProxy = 36E7C946F1F34690A4C6DC7B /* PBXContainerItemProxy */;
		};
		34DEDF0A167C4570A8F773B6 /* PBXTargetDependency */ = {
			isa = PBXTargetDependency;
			target = C2D0B8040ED347DCA78ACDB2 /* ZERO_CHECK */;
			targetProxy = 58AB6FEFE77F42BE89A438D4 /* PBXContainerItemProxy */;
		};
		46608C55217A4E6C9DCC22AD /* PBXTargetDependency */ = {
			isa = PBXTargetDependency;
			target = 6207BAEE15954BAE9F19E581 /* testlib */;
			targetProxy = D91542EA8BD5458E99C05667 /* PBXContainerItemProxy */;
		};
		4CE5D07184654C498C177142 /* PBXTargetDependency */ = {
			isa = PBXTargetDependency;
			target = C2D0B8040ED347DCA78ACDB2 /* ZERO_CHECK */;
			targetProxy = 1A833EA85313466181867857 /* PBXContainerItemProxy */;
		};
		552C62BB6F924127A58F7B3D /* PBXTargetDependency */ = {
			isa = PBXTargetDependency;
			target = 31DFC16C2EDB476DB1265823 /* phan_app */;
			targetProxy = 67BEE62AA4FE4885B6497827 /* PBXContainerItemProxy */;
		};
		5AB1461DBD17445CBBCC4517 /* PBXTargetDependency */ = {
			isa = PBXTargetDependency;
			target = 38B528765A074591A48DDA2F /* ALL_BUILD */;
			targetProxy = 54F9EB06333F46C9B881FF03 /* PBXContainerItemProxy */;
		};
		5E4FA161C02C4AA3AC5AB302 /* PBXTargetDependency */ = {
			isa = PBXTargetDependency;
			target = 38B528765A074591A48DDA2F /* ALL_BUILD */;
			targetProxy = EF1C55877DD34860998B7C33 /* PBXContainerItemProxy */;
		};
		807FE10DE25E43CE85FF100C /* PBXTargetDependency */ = {
			isa = PBXTargetDependency;
			target = C2D0B8040ED347DCA78ACDB2 /* ZERO_CHECK */;
			targetProxy = A085CDDC4C0849849C9CBE2A /* PBXContainerItemProxy */;
		};
		8B80190B3D194D4981BB01EC /* PBXTargetDependency */ = {
			isa = PBXTargetDependency;
			target = C2D0B8040ED347DCA78ACDB2 /* ZERO_CHECK */;
			targetProxy = B4F4BAA5607F4CFC9FE14C98 /* PBXContainerItemProxy */;
		};
		9B5CD1DC1DF54A28A528490A /* PBXTargetDependency */ = {
			isa = PBXTargetDependency;
			target = C2D0B8040ED347DCA78ACDB2 /* ZERO_CHECK */;
			targetProxy = 8074BA95564F4ED593D4ECAA /* PBXContainerItemProxy */;
		};
		C1B8453C9CD44ECDB74EB466 /* PBXTargetDependency */ = {
			isa = PBXTargetDependency;
			target = D33708C746294FD6A3E4FE27 /* phan_lib */;
			targetProxy = 3D972834097E46D889384999 /* PBXContainerItemProxy */;
		};
		DE4C683ABB624C5D94377ACD /* PBXTargetDependency */ = {
			isa = PBXTargetDependency;
			target = C2D0B8040ED347DCA78ACDB2 /* ZERO_CHECK */;
			targetProxy = 6E3B4B63FB064F27B334EDD8 /* PBXContainerItemProxy */;
		};
/* End PBXTargetDependency section */

/* Begin XCBuildConfiguration section */
		005B99609DC248D5AEAFF176 /* Release */ = {
			isa = XCBuildConfiguration;
			buildSettings = {
				ARCHS = "$(NATIVE_ARCH_ACTUAL)";
				MACOSX_DEPLOYMENT_TARGET = 11.2;
				ONLY_ACTIVE_ARCH = YES;
				SDKROOT = "/Applications/Xcode-beta.app/Contents/Developer/Platforms/MacOSX.platform/Developer/SDKs/MacOSX11.3.sdk";
				SYMROOT = /Users/philipwenkel/GitHub/Phan/xbuild/build;
			};
			name = Release;
		};
		027B3FA554AA4C52B18AA55E /* RelWithDebInfo */ = {
			isa = XCBuildConfiguration;
			buildSettings = {
				COMBINE_HIDPI_IMAGES = YES;
				GCC_GENERATE_DEBUGGING_SYMBOLS = YES;
				GCC_INLINES_ARE_PRIVATE_EXTERN = NO;
				GCC_OPTIMIZATION_LEVEL = 0;
				GCC_PREPROCESSOR_DEFINITIONS = ("'CMAKE_INTDIR=\"$(CONFIGURATION)$(EFFECTIVE_PLATFORM_NAME)\"'");
				GCC_SYMBOLS_PRIVATE_EXTERN = NO;
				INSTALL_PATH = "";
				OTHER_LDFLAGS = ("");
				OTHER_REZFLAGS = "";
				PRODUCT_NAME = install;
				SECTORDER_FLAGS = "";
				SYMROOT = /Users/philipwenkel/GitHub/Phan/xbuild;
				USE_HEADERMAP = NO;
				WARNING_CFLAGS = ("$(inherited)");
			};
			name = RelWithDebInfo;
		};
		058D37C089AB4CB78A17C179 /* Release */ = {
			isa = XCBuildConfiguration;
			buildSettings = {
				COMBINE_HIDPI_IMAGES = YES;
				GCC_GENERATE_DEBUGGING_SYMBOLS = YES;
				GCC_INLINES_ARE_PRIVATE_EXTERN = NO;
				GCC_OPTIMIZATION_LEVEL = 0;
				GCC_PREPROCESSOR_DEFINITIONS = ("'CMAKE_INTDIR=\"$(CONFIGURATION)$(EFFECTIVE_PLATFORM_NAME)\"'");
				GCC_SYMBOLS_PRIVATE_EXTERN = NO;
				INSTALL_PATH = "";
				OTHER_LDFLAGS = ("");
				OTHER_REZFLAGS = "";
				PRODUCT_NAME = install;
				SECTORDER_FLAGS = "";
				SYMROOT = /Users/philipwenkel/GitHub/Phan/xbuild;
				USE_HEADERMAP = NO;
				WARNING_CFLAGS = ("$(inherited)");
			};
			name = Release;
		};
		09944EBCA06443AFADBA65F6 /* MinSizeRel */ = {
			isa = XCBuildConfiguration;
			buildSettings = {
				COMBINE_HIDPI_IMAGES = YES;
				GCC_GENERATE_DEBUGGING_SYMBOLS = YES;
				GCC_INLINES_ARE_PRIVATE_EXTERN = NO;
				GCC_OPTIMIZATION_LEVEL = 0;
				GCC_PREPROCESSOR_DEFINITIONS = ("'CMAKE_INTDIR=\"$(CONFIGURATION)$(EFFECTIVE_PLATFORM_NAME)\"'");
				GCC_SYMBOLS_PRIVATE_EXTERN = NO;
				INSTALL_PATH = "";
				OTHER_LDFLAGS = ("");
				OTHER_REZFLAGS = "";
				PRODUCT_NAME = ALL_BUILD;
				SECTORDER_FLAGS = "";
				SYMROOT = /Users/philipwenkel/GitHub/Phan/xbuild;
				USE_HEADERMAP = NO;
				WARNING_CFLAGS = ("$(inherited)");
			};
			name = MinSizeRel;
		};
		0F48066067B84BA8A82EFCBC /* MinSizeRel */ = {
			isa = XCBuildConfiguration;
			buildSettings = {
				COMBINE_HIDPI_IMAGES = YES;
				GCC_GENERATE_DEBUGGING_SYMBOLS = YES;
				GCC_INLINES_ARE_PRIVATE_EXTERN = NO;
				GCC_OPTIMIZATION_LEVEL = 0;
				GCC_PREPROCESSOR_DEFINITIONS = ("'CMAKE_INTDIR=\"$(CONFIGURATION)$(EFFECTIVE_PLATFORM_NAME)\"'");
				GCC_SYMBOLS_PRIVATE_EXTERN = NO;
				INSTALL_PATH = "";
				OTHER_LDFLAGS = ("");
				OTHER_REZFLAGS = "";
				PRODUCT_NAME = NightlyMemoryCheck;
				SECTORDER_FLAGS = "";
				SYMROOT = /Users/philipwenkel/GitHub/Phan/xbuild;
				USE_HEADERMAP = NO;
				WARNING_CFLAGS = ("$(inherited)");
			};
			name = MinSizeRel;
		};
		111BEE706C704BDBB9DDD575 /* RelWithDebInfo */ = {
			isa = XCBuildConfiguration;
			buildSettings = {
				COMBINE_HIDPI_IMAGES = YES;
				GCC_GENERATE_DEBUGGING_SYMBOLS = YES;
				GCC_INLINES_ARE_PRIVATE_EXTERN = NO;
				GCC_OPTIMIZATION_LEVEL = 0;
				GCC_PREPROCESSOR_DEFINITIONS = ("'CMAKE_INTDIR=\"$(CONFIGURATION)$(EFFECTIVE_PLATFORM_NAME)\"'");
				GCC_SYMBOLS_PRIVATE_EXTERN = NO;
				INSTALL_PATH = "";
				OTHER_LDFLAGS = ("");
				OTHER_REZFLAGS = "";
				PRODUCT_NAME = Docs;
				SECTORDER_FLAGS = "";
				SYMROOT = /Users/philipwenkel/GitHub/Phan/xbuild/apps/phan_app;
				USE_HEADERMAP = NO;
				WARNING_CFLAGS = ("$(inherited)");
			};
			name = RelWithDebInfo;
		};
		12E27A6DD8CC4A9AA384CAA0 /* RelWithDebInfo */ = {
			isa = XCBuildConfiguration;
			buildSettings = {
				COMBINE_HIDPI_IMAGES = YES;
				GCC_GENERATE_DEBUGGING_SYMBOLS = YES;
				GCC_INLINES_ARE_PRIVATE_EXTERN = NO;
				GCC_OPTIMIZATION_LEVEL = 0;
				GCC_PREPROCESSOR_DEFINITIONS = ("'CMAKE_INTDIR=\"$(CONFIGURATION)$(EFFECTIVE_PLATFORM_NAME)\"'");
				GCC_SYMBOLS_PRIVATE_EXTERN = NO;
				INSTALL_PATH = "";
				OTHER_LDFLAGS = ("");
				OTHER_REZFLAGS = "";
				PRODUCT_NAME = Nightly;
				SECTORDER_FLAGS = "";
				SYMROOT = /Users/philipwenkel/GitHub/Phan/xbuild;
				USE_HEADERMAP = NO;
				WARNING_CFLAGS = ("$(inherited)");
			};
			name = RelWithDebInfo;
		};
		135AC4AB548748F4B9DFEE68 /* Release */ = {
			isa = XCBuildConfiguration;
			buildSettings = {
				COMBINE_HIDPI_IMAGES = YES;
				GCC_GENERATE_DEBUGGING_SYMBOLS = YES;
				GCC_INLINES_ARE_PRIVATE_EXTERN = NO;
				GCC_OPTIMIZATION_LEVEL = 0;
				GCC_PREPROCESSOR_DEFINITIONS = ("'CMAKE_INTDIR=\"$(CONFIGURATION)$(EFFECTIVE_PLATFORM_NAME)\"'");
				GCC_SYMBOLS_PRIVATE_EXTERN = NO;
				INSTALL_PATH = "";
				OTHER_LDFLAGS = ("");
				OTHER_REZFLAGS = "";
				PRODUCT_NAME = package;
				SECTORDER_FLAGS = "";
				SYMROOT = /Users/philipwenkel/GitHub/Phan/xbuild;
				USE_HEADERMAP = NO;
				WARNING_CFLAGS = ("$(inherited)");
			};
			name = Release;
		};
		163CED2724564A5883B86EE4 /* Debug */ = {
			isa = XCBuildConfiguration;
			buildSettings = {
				ARCHS = "$(NATIVE_ARCH_ACTUAL)";
				MACOSX_DEPLOYMENT_TARGET = 11.2;
				ONLY_ACTIVE_ARCH = YES;
				SDKROOT = "/Applications/Xcode-beta.app/Contents/Developer/Platforms/MacOSX.platform/Developer/SDKs/MacOSX11.3.sdk";
				SYMROOT = /Users/philipwenkel/GitHub/Phan/xbuild/build;
			};
			name = Debug;
		};
		19099D544BFE46C59B4CA8D1 /* RelWithDebInfo */ = {
			isa = XCBuildConfiguration;
			buildSettings = {
				COMBINE_HIDPI_IMAGES = YES;
				EXECUTABLE_PREFIX = "";
				EXECUTABLE_SUFFIX = "";
				FRAMEWORK_SEARCH_PATHS = ("$(inherited)");
				GCC_GENERATE_DEBUGGING_SYMBOLS = YES;
				GCC_INLINES_ARE_PRIVATE_EXTERN = NO;
				GCC_OPTIMIZATION_LEVEL = 2;
				GCC_PREPROCESSOR_DEFINITIONS = ("'CMAKE_INTDIR=\"$(CONFIGURATION)$(EFFECTIVE_PLATFORM_NAME)\"'");
				GCC_SYMBOLS_PRIVATE_EXTERN = NO;
				HEADER_SEARCH_PATHS = ("/Users/philipwenkel/GitHub/Phan/tests/Catch2::Catch2","/Users/philipwenkel/GitHub/Phan/xbuild/_deps/catch-src/single_include");
				INSTALL_PATH = "";
				LIBRARY_SEARCH_PATHS = ("$(inherited)");
				OTHER_CPLUSPLUSFLAGS = "       -DNDEBUG '-std=gnu++2a' ";
				OTHER_LDFLAGS = (" -Wl,-search_paths_first -Wl,-headerpad_max_install_names");
				OTHER_REZFLAGS = "";
				PRODUCT_NAME = testlib;
				SECTORDER_FLAGS = "";
				SYMROOT = /Users/philipwenkel/GitHub/Phan/xbuild/tests;
				USE_HEADERMAP = NO;
				WARNING_CFLAGS = ("$(inherited)");
			};
			name = RelWithDebInfo;
		};
		1A20133E90D4428CAC53AAB2 /* Release */ = {
			isa = XCBuildConfiguration;
			buildSettings = {
				COMBINE_HIDPI_IMAGES = YES;
				GCC_GENERATE_DEBUGGING_SYMBOLS = YES;
				GCC_INLINES_ARE_PRIVATE_EXTERN = NO;
				GCC_OPTIMIZATION_LEVEL = 0;
				GCC_PREPROCESSOR_DEFINITIONS = ("'CMAKE_INTDIR=\"$(CONFIGURATION)$(EFFECTIVE_PLATFORM_NAME)\"'");
				GCC_SYMBOLS_PRIVATE_EXTERN = NO;
				INSTALL_PATH = "";
				OTHER_LDFLAGS = ("");
				OTHER_REZFLAGS = "";
				PRODUCT_NAME = ALL_BUILD;
				SECTORDER_FLAGS = "";
				SYMROOT = /Users/philipwenkel/GitHub/Phan/xbuild;
				USE_HEADERMAP = NO;
				WARNING_CFLAGS = ("$(inherited)");
			};
			name = Release;
		};
		1A2E2807FE334B19A89C960A /* Debug */ = {
			isa = XCBuildConfiguration;
			buildSettings = {
				COMBINE_HIDPI_IMAGES = YES;
				GCC_GENERATE_DEBUGGING_SYMBOLS = YES;
				GCC_INLINES_ARE_PRIVATE_EXTERN = NO;
				GCC_OPTIMIZATION_LEVEL = 0;
				GCC_PREPROCESSOR_DEFINITIONS = ("'CMAKE_INTDIR=\"$(CONFIGURATION)$(EFFECTIVE_PLATFORM_NAME)\"'");
				GCC_SYMBOLS_PRIVATE_EXTERN = NO;
				INSTALL_PATH = "";
				OTHER_LDFLAGS = ("");
				OTHER_REZFLAGS = "";
				PRODUCT_NAME = NightlyMemoryCheck;
				SECTORDER_FLAGS = "";
				SYMROOT = /Users/philipwenkel/GitHub/Phan/xbuild;
				USE_HEADERMAP = NO;
				WARNING_CFLAGS = ("$(inherited)");
			};
			name = Debug;
		};
		1B41C970514F40D7AF172EBD /* Release */ = {
			isa = XCBuildConfiguration;
			buildSettings = {
				COMBINE_HIDPI_IMAGES = YES;
				GCC_GENERATE_DEBUGGING_SYMBOLS = YES;
				GCC_INLINES_ARE_PRIVATE_EXTERN = NO;
				GCC_OPTIMIZATION_LEVEL = 0;
				GCC_PREPROCESSOR_DEFINITIONS = ("'CMAKE_INTDIR=\"$(CONFIGURATION)$(EFFECTIVE_PLATFORM_NAME)\"'");
				GCC_SYMBOLS_PRIVATE_EXTERN = NO;
				INSTALL_PATH = "";
				OTHER_LDFLAGS = ("");
				OTHER_REZFLAGS = "";
				PRODUCT_NAME = Experimental;
				SECTORDER_FLAGS = "";
				SYMROOT = /Users/philipwenkel/GitHub/Phan/xbuild;
				USE_HEADERMAP = NO;
				WARNING_CFLAGS = ("$(inherited)");
			};
			name = Release;
		};
		23D6B5B3A20E421EADB34D7B /* Release */ = {
			isa = XCBuildConfiguration;
			buildSettings = {
				COMBINE_HIDPI_IMAGES = YES;
				GCC_GENERATE_DEBUGGING_SYMBOLS = YES;
				GCC_INLINES_ARE_PRIVATE_EXTERN = NO;
				GCC_OPTIMIZATION_LEVEL = 0;
				GCC_PREPROCESSOR_DEFINITIONS = ("'CMAKE_INTDIR=\"$(CONFIGURATION)$(EFFECTIVE_PLATFORM_NAME)\"'");
				GCC_SYMBOLS_PRIVATE_EXTERN = NO;
				INSTALL_PATH = "";
				OTHER_LDFLAGS = ("");
				OTHER_REZFLAGS = "";
				PRODUCT_NAME = ZERO_CHECK;
				SECTORDER_FLAGS = "";
				SYMROOT = /Users/philipwenkel/GitHub/Phan/xbuild;
				USE_HEADERMAP = NO;
				WARNING_CFLAGS = ("$(inherited)");
			};
			name = Release;
		};
		2711B175D07044018CDF597D /* Debug */ = {
			isa = XCBuildConfiguration;
			buildSettings = {
				COMBINE_HIDPI_IMAGES = YES;
				EXECUTABLE_PREFIX = lib;
				EXECUTABLE_SUFFIX = .a;
				GCC_GENERATE_DEBUGGING_SYMBOLS = YES;
				GCC_INLINES_ARE_PRIVATE_EXTERN = NO;
				GCC_OPTIMIZATION_LEVEL = 0;
				GCC_PREPROCESSOR_DEFINITIONS = ("'CMAKE_INTDIR=\"$(CONFIGURATION)$(EFFECTIVE_PLATFORM_NAME)\"'");
				GCC_SYMBOLS_PRIVATE_EXTERN = NO;
				HEADER_SEARCH_PATHS = (/Users/philipwenkel/GitHub/Phan/include,/Users/philipwenkel/GitHub/Phan/xbuild/src,/Users/philipwenkel/GitHub/Phan/include/phan_lib);
				INSTALL_PATH = "";
				LIBRARY_STYLE = STATIC;
				OTHER_CPLUSPLUSFLAGS = "   '-std=gnu++2a' ";
				OTHER_LIBTOOLFLAGS = ("");
				OTHER_REZFLAGS = "";
				PRODUCT_NAME = phan_lib;
				SECTORDER_FLAGS = "";
				SYMROOT = /Users/philipwenkel/GitHub/Phan/xbuild/src;
				USE_HEADERMAP = NO;
				WARNING_CFLAGS = ("$(inherited)");
			};
			name = Debug;
		};
		27D812DED42446ABBD5DBC53 /* Debug */ = {
			isa = XCBuildConfiguration;
			buildSettings = {
				COMBINE_HIDPI_IMAGES = YES;
				EXECUTABLE_PREFIX = "";
				EXECUTABLE_SUFFIX = "";
				FRAMEWORK_SEARCH_PATHS = ("$(inherited)");
				GCC_GENERATE_DEBUGGING_SYMBOLS = YES;
				GCC_INLINES_ARE_PRIVATE_EXTERN = NO;
				GCC_OPTIMIZATION_LEVEL = 0;
				GCC_PREPROCESSOR_DEFINITIONS = ("'CMAKE_INTDIR=\"$(CONFIGURATION)$(EFFECTIVE_PLATFORM_NAME)\"'");
				GCC_SYMBOLS_PRIVATE_EXTERN = NO;
				HEADER_SEARCH_PATHS = ("/Users/philipwenkel/GitHub/Phan/tests/Catch2::Catch2","/Users/philipwenkel/GitHub/Phan/xbuild/_deps/catch-src/single_include");
				INSTALL_PATH = "";
				LIBRARY_SEARCH_PATHS = ("$(inherited)");
				OTHER_CPLUSPLUSFLAGS = "   '-std=gnu++2a' ";
				OTHER_LDFLAGS = (" -Wl,-search_paths_first -Wl,-headerpad_max_install_names");
				OTHER_REZFLAGS = "";
				PRODUCT_NAME = testlib;
				SECTORDER_FLAGS = "";
				SYMROOT = /Users/philipwenkel/GitHub/Phan/xbuild/tests;
				USE_HEADERMAP = NO;
				WARNING_CFLAGS = ("$(inherited)");
			};
			name = Debug;
		};
		2C018D69A083413796CD80D5 /* MinSizeRel */ = {
			isa = XCBuildConfiguration;
			buildSettings = {
				COMBINE_HIDPI_IMAGES = YES;
				GCC_GENERATE_DEBUGGING_SYMBOLS = YES;
				GCC_INLINES_ARE_PRIVATE_EXTERN = NO;
				GCC_OPTIMIZATION_LEVEL = 0;
				GCC_PREPROCESSOR_DEFINITIONS = ("'CMAKE_INTDIR=\"$(CONFIGURATION)$(EFFECTIVE_PLATFORM_NAME)\"'");
				GCC_SYMBOLS_PRIVATE_EXTERN = NO;
				INSTALL_PATH = "";
				OTHER_LDFLAGS = ("");
				OTHER_REZFLAGS = "";
				PRODUCT_NAME = package;
				SECTORDER_FLAGS = "";
				SYMROOT = /Users/philipwenkel/GitHub/Phan/xbuild;
				USE_HEADERMAP = NO;
				WARNING_CFLAGS = ("$(inherited)");
			};
			name = MinSizeRel;
		};
		2C21A968809F4F1C84DADD17 /* RelWithDebInfo */ = {
			isa = XCBuildConfiguration;
			buildSettings = {
				COMBINE_HIDPI_IMAGES = YES;
				GCC_GENERATE_DEBUGGING_SYMBOLS = YES;
				GCC_INLINES_ARE_PRIVATE_EXTERN = NO;
				GCC_OPTIMIZATION_LEVEL = 0;
				GCC_PREPROCESSOR_DEFINITIONS = ("'CMAKE_INTDIR=\"$(CONFIGURATION)$(EFFECTIVE_PLATFORM_NAME)\"'");
				GCC_SYMBOLS_PRIVATE_EXTERN = NO;
				INSTALL_PATH = "";
				OTHER_LDFLAGS = ("");
				OTHER_REZFLAGS = "";
				PRODUCT_NAME = NightlyMemoryCheck;
				SECTORDER_FLAGS = "";
				SYMROOT = /Users/philipwenkel/GitHub/Phan/xbuild;
				USE_HEADERMAP = NO;
				WARNING_CFLAGS = ("$(inherited)");
			};
			name = RelWithDebInfo;
		};
		34B3B1CE24834A9AAFA42B17 /* MinSizeRel */ = {
			isa = XCBuildConfiguration;
			buildSettings = {
				COMBINE_HIDPI_IMAGES = YES;
				GCC_GENERATE_DEBUGGING_SYMBOLS = YES;
				GCC_INLINES_ARE_PRIVATE_EXTERN = NO;
				GCC_OPTIMIZATION_LEVEL = 0;
				GCC_PREPROCESSOR_DEFINITIONS = ("'CMAKE_INTDIR=\"$(CONFIGURATION)$(EFFECTIVE_PLATFORM_NAME)\"'");
				GCC_SYMBOLS_PRIVATE_EXTERN = NO;
				INSTALL_PATH = "";
				OTHER_LDFLAGS = ("");
				OTHER_REZFLAGS = "";
				PRODUCT_NAME = install;
				SECTORDER_FLAGS = "";
				SYMROOT = /Users/philipwenkel/GitHub/Phan/xbuild;
				USE_HEADERMAP = NO;
				WARNING_CFLAGS = ("$(inherited)");
			};
			name = MinSizeRel;
		};
		3DB63C3318C846928A60F137 /* Release */ = {
			isa = XCBuildConfiguration;
			buildSettings = {
				COMBINE_HIDPI_IMAGES = YES;
				GCC_GENERATE_DEBUGGING_SYMBOLS = YES;
				GCC_INLINES_ARE_PRIVATE_EXTERN = NO;
				GCC_OPTIMIZATION_LEVEL = 0;
				GCC_PREPROCESSOR_DEFINITIONS = ("'CMAKE_INTDIR=\"$(CONFIGURATION)$(EFFECTIVE_PLATFORM_NAME)\"'");
				GCC_SYMBOLS_PRIVATE_EXTERN = NO;
				INSTALL_PATH = "";
				OTHER_LDFLAGS = ("");
				OTHER_REZFLAGS = "";
				PRODUCT_NAME = NightlyMemoryCheck;
				SECTORDER_FLAGS = "";
				SYMROOT = /Users/philipwenkel/GitHub/Phan/xbuild;
				USE_HEADERMAP = NO;
				WARNING_CFLAGS = ("$(inherited)");
			};
			name = Release;
		};
		3F164251B6744DA9849DB890 /* MinSizeRel */ = {
			isa = XCBuildConfiguration;
			buildSettings = {
				COMBINE_HIDPI_IMAGES = YES;
				EXECUTABLE_PREFIX = "";
				EXECUTABLE_SUFFIX = "";
				FRAMEWORK_SEARCH_PATHS = ("$(inherited)");
				GCC_GENERATE_DEBUGGING_SYMBOLS = NO;
				GCC_INLINES_ARE_PRIVATE_EXTERN = NO;
				GCC_OPTIMIZATION_LEVEL = s;
				GCC_PRECOMPILE_PREFIX_HEADER = YES;
				GCC_PREFIX_HEADER = /Users/philipwenkel/GitHub/Phan/xbuild/apps/phan_app/CMakeFiles/phan_app.dir/MinSizeRel/cmake_pch.hxx;
				GCC_PREPROCESSOR_DEFINITIONS = ("'CMAKE_INTDIR=\"$(CONFIGURATION)$(EFFECTIVE_PLATFORM_NAME)\"'");
				GCC_SYMBOLS_PRIVATE_EXTERN = NO;
				HEADER_SEARCH_PATHS = (/Users/philipwenkel/GitHub/Phan/xbuild/apps/phan_app,/usr/local/include);
				INFOPLIST_FILE = /Users/philipwenkel/GitHub/Phan/xbuild/apps/phan_app/CMakeFiles/phan_app.dir/Info.plist;
				INSTALL_PATH = "";
				LIBRARY_SEARCH_PATHS = ("$(inherited)");
				OTHER_CPLUSPLUSFLAGS = "    -DNDEBUG '-std=gnu++2a' ";
				OTHER_LDFLAGS = (" -Wl,-search_paths_first -Wl,-headerpad_max_install_names");
				OTHER_REZFLAGS = "";
				PRODUCT_NAME = phan_app;
				SECTORDER_FLAGS = "";
				SYMROOT = /Users/philipwenkel/GitHub/Phan/xbuild/apps/phan_app;
				USE_HEADERMAP = NO;
				WARNING_CFLAGS = ("$(inherited)");
			};
			name = MinSizeRel;
		};
		405EA84A7BFC4264973AEF42 /* MinSizeRel */ = {
			isa = XCBuildConfiguration;
			buildSettings = {
				COMBINE_HIDPI_IMAGES = YES;
				GCC_GENERATE_DEBUGGING_SYMBOLS = YES;
				GCC_INLINES_ARE_PRIVATE_EXTERN = NO;
				GCC_OPTIMIZATION_LEVEL = 0;
				GCC_PREPROCESSOR_DEFINITIONS = ("'CMAKE_INTDIR=\"$(CONFIGURATION)$(EFFECTIVE_PLATFORM_NAME)\"'");
				GCC_SYMBOLS_PRIVATE_EXTERN = NO;
				INSTALL_PATH = "";
				OTHER_LDFLAGS = ("");
				OTHER_REZFLAGS = "";
				PRODUCT_NAME = RUN_TESTS;
				SECTORDER_FLAGS = "";
				SYMROOT = /Users/philipwenkel/GitHub/Phan/xbuild;
				USE_HEADERMAP = NO;
				WARNING_CFLAGS = ("$(inherited)");
			};
			name = MinSizeRel;
		};
		45A5AB9F39834A93B70DC630 /* Release */ = {
			isa = XCBuildConfiguration;
			buildSettings = {
				COMBINE_HIDPI_IMAGES = YES;
				EXECUTABLE_PREFIX = "";
				EXECUTABLE_SUFFIX = "";
				FRAMEWORK_SEARCH_PATHS = ("$(inherited)");
				GCC_GENERATE_DEBUGGING_SYMBOLS = NO;
				GCC_INLINES_ARE_PRIVATE_EXTERN = NO;
				GCC_OPTIMIZATION_LEVEL = 3;
				GCC_PREPROCESSOR_DEFINITIONS = ("'CMAKE_INTDIR=\"$(CONFIGURATION)$(EFFECTIVE_PLATFORM_NAME)\"'");
				GCC_SYMBOLS_PRIVATE_EXTERN = NO;
				HEADER_SEARCH_PATHS = ("/Users/philipwenkel/GitHub/Phan/tests/Catch2::Catch2","/Users/philipwenkel/GitHub/Phan/xbuild/_deps/catch-src/single_include");
				INSTALL_PATH = "";
				LIBRARY_SEARCH_PATHS = ("$(inherited)");
				OTHER_CPLUSPLUSFLAGS = "    -DNDEBUG '-std=gnu++2a' ";
				OTHER_LDFLAGS = (" -Wl,-search_paths_first -Wl,-headerpad_max_install_names");
				OTHER_REZFLAGS = "";
				PRODUCT_NAME = testlib;
				SECTORDER_FLAGS = "";
				SYMROOT = /Users/philipwenkel/GitHub/Phan/xbuild/tests;
				USE_HEADERMAP = NO;
				WARNING_CFLAGS = ("$(inherited)");
			};
			name = Release;
		};
		4B00DD3FBCF14FCAB2A9D8C5 /* Debug */ = {
			isa = XCBuildConfiguration;
			buildSettings = {
				COMBINE_HIDPI_IMAGES = YES;
				GCC_GENERATE_DEBUGGING_SYMBOLS = YES;
				GCC_INLINES_ARE_PRIVATE_EXTERN = NO;
				GCC_OPTIMIZATION_LEVEL = 0;
				GCC_PREPROCESSOR_DEFINITIONS = ("'CMAKE_INTDIR=\"$(CONFIGURATION)$(EFFECTIVE_PLATFORM_NAME)\"'");
				GCC_SYMBOLS_PRIVATE_EXTERN = NO;
				INSTALL_PATH = "";
				OTHER_LDFLAGS = ("");
				OTHER_REZFLAGS = "";
				PRODUCT_NAME = package;
				SECTORDER_FLAGS = "";
				SYMROOT = /Users/philipwenkel/GitHub/Phan/xbuild;
				USE_HEADERMAP = NO;
				WARNING_CFLAGS = ("$(inherited)");
			};
			name = Debug;
		};
		50DB21AE63E3441D904C1F43 /* MinSizeRel */ = {
			isa = XCBuildConfiguration;
			buildSettings = {
				COMBINE_HIDPI_IMAGES = YES;
				EXECUTABLE_PREFIX = lib;
				EXECUTABLE_SUFFIX = .a;
				GCC_GENERATE_DEBUGGING_SYMBOLS = NO;
				GCC_INLINES_ARE_PRIVATE_EXTERN = NO;
				GCC_OPTIMIZATION_LEVEL = s;
				GCC_PREPROCESSOR_DEFINITIONS = ("'CMAKE_INTDIR=\"$(CONFIGURATION)$(EFFECTIVE_PLATFORM_NAME)\"'");
				GCC_SYMBOLS_PRIVATE_EXTERN = NO;
				HEADER_SEARCH_PATHS = (/Users/philipwenkel/GitHub/Phan/include,/Users/philipwenkel/GitHub/Phan/xbuild/src,/Users/philipwenkel/GitHub/Phan/include/phan_lib);
				INSTALL_PATH = "";
				LIBRARY_STYLE = STATIC;
				OTHER_CPLUSPLUSFLAGS = "    -DNDEBUG '-std=gnu++2a' ";
				OTHER_LIBTOOLFLAGS = ("");
				OTHER_REZFLAGS = "";
				PRODUCT_NAME = phan_lib;
				SECTORDER_FLAGS = "";
				SYMROOT = /Users/philipwenkel/GitHub/Phan/xbuild/src;
				USE_HEADERMAP = NO;
				WARNING_CFLAGS = ("$(inherited)");
			};
			name = MinSizeRel;
		};
		561657B82425444A9DC11A63 /* MinSizeRel */ = {
			isa = XCBuildConfiguration;
			buildSettings = {
				COMBINE_HIDPI_IMAGES = YES;
				GCC_GENERATE_DEBUGGING_SYMBOLS = YES;
				GCC_INLINES_ARE_PRIVATE_EXTERN = NO;
				GCC_OPTIMIZATION_LEVEL = 0;
				GCC_PREPROCESSOR_DEFINITIONS = ("'CMAKE_INTDIR=\"$(CONFIGURATION)$(EFFECTIVE_PLATFORM_NAME)\"'");
				GCC_SYMBOLS_PRIVATE_EXTERN = NO;
				INSTALL_PATH = "";
				OTHER_LDFLAGS = ("");
				OTHER_REZFLAGS = "";
				PRODUCT_NAME = Continuous;
				SECTORDER_FLAGS = "";
				SYMROOT = /Users/philipwenkel/GitHub/Phan/xbuild;
				USE_HEADERMAP = NO;
				WARNING_CFLAGS = ("$(inherited)");
			};
			name = MinSizeRel;
		};
		59EE03581A6D4572BA343882 /* MinSizeRel */ = {
			isa = XCBuildConfiguration;
			buildSettings = {
				ARCHS = "$(NATIVE_ARCH_ACTUAL)";
				MACOSX_DEPLOYMENT_TARGET = 11.2;
				ONLY_ACTIVE_ARCH = YES;
				SDKROOT = "/Applications/Xcode-beta.app/Contents/Developer/Platforms/MacOSX.platform/Developer/SDKs/MacOSX11.3.sdk";
				SYMROOT = /Users/philipwenkel/GitHub/Phan/xbuild/build;
			};
			name = MinSizeRel;
		};
		61A455284FEA42A09A993160 /* Debug */ = {
			isa = XCBuildConfiguration;
			buildSettings = {
				COMBINE_HIDPI_IMAGES = YES;
				GCC_GENERATE_DEBUGGING_SYMBOLS = YES;
				GCC_INLINES_ARE_PRIVATE_EXTERN = NO;
				GCC_OPTIMIZATION_LEVEL = 0;
				GCC_PREPROCESSOR_DEFINITIONS = ("'CMAKE_INTDIR=\"$(CONFIGURATION)$(EFFECTIVE_PLATFORM_NAME)\"'");
				GCC_SYMBOLS_PRIVATE_EXTERN = NO;
				INSTALL_PATH = "";
				OTHER_LDFLAGS = ("");
				OTHER_REZFLAGS = "";
				PRODUCT_NAME = Experimental;
				SECTORDER_FLAGS = "";
				SYMROOT = /Users/philipwenkel/GitHub/Phan/xbuild;
				USE_HEADERMAP = NO;
				WARNING_CFLAGS = ("$(inherited)");
			};
			name = Debug;
		};
		62A156DBBA8F433797C571AC /* Debug */ = {
			isa = XCBuildConfiguration;
			buildSettings = {
				COMBINE_HIDPI_IMAGES = YES;
				GCC_GENERATE_DEBUGGING_SYMBOLS = YES;
				GCC_INLINES_ARE_PRIVATE_EXTERN = NO;
				GCC_OPTIMIZATION_LEVEL = 0;
				GCC_PREPROCESSOR_DEFINITIONS = ("'CMAKE_INTDIR=\"$(CONFIGURATION)$(EFFECTIVE_PLATFORM_NAME)\"'");
				GCC_SYMBOLS_PRIVATE_EXTERN = NO;
				INSTALL_PATH = "";
				OTHER_LDFLAGS = ("");
				OTHER_REZFLAGS = "";
				PRODUCT_NAME = ALL_BUILD;
				SECTORDER_FLAGS = "";
				SYMROOT = /Users/philipwenkel/GitHub/Phan/xbuild;
				USE_HEADERMAP = NO;
				WARNING_CFLAGS = ("$(inherited)");
			};
			name = Debug;
		};
		647D019C4A33413994E2866C /* RelWithDebInfo */ = {
			isa = XCBuildConfiguration;
			buildSettings = {
				COMBINE_HIDPI_IMAGES = YES;
				GCC_GENERATE_DEBUGGING_SYMBOLS = YES;
				GCC_INLINES_ARE_PRIVATE_EXTERN = NO;
				GCC_OPTIMIZATION_LEVEL = 0;
				GCC_PREPROCESSOR_DEFINITIONS = ("'CMAKE_INTDIR=\"$(CONFIGURATION)$(EFFECTIVE_PLATFORM_NAME)\"'");
				GCC_SYMBOLS_PRIVATE_EXTERN = NO;
				INSTALL_PATH = "";
				OTHER_LDFLAGS = ("");
				OTHER_REZFLAGS = "";
				PRODUCT_NAME = RUN_TESTS;
				SECTORDER_FLAGS = "";
				SYMROOT = /Users/philipwenkel/GitHub/Phan/xbuild;
				USE_HEADERMAP = NO;
				WARNING_CFLAGS = ("$(inherited)");
			};
			name = RelWithDebInfo;
		};
		657F328794224DA98659E8C1 /* RelWithDebInfo */ = {
			isa = XCBuildConfiguration;
			buildSettings = {
				COMBINE_HIDPI_IMAGES = YES;
				GCC_GENERATE_DEBUGGING_SYMBOLS = YES;
				GCC_INLINES_ARE_PRIVATE_EXTERN = NO;
				GCC_OPTIMIZATION_LEVEL = 0;
				GCC_PREPROCESSOR_DEFINITIONS = ("'CMAKE_INTDIR=\"$(CONFIGURATION)$(EFFECTIVE_PLATFORM_NAME)\"'");
				GCC_SYMBOLS_PRIVATE_EXTERN = NO;
				INSTALL_PATH = "";
				OTHER_LDFLAGS = ("");
				OTHER_REZFLAGS = "";
				PRODUCT_NAME = Experimental;
				SECTORDER_FLAGS = "";
				SYMROOT = /Users/philipwenkel/GitHub/Phan/xbuild;
				USE_HEADERMAP = NO;
				WARNING_CFLAGS = ("$(inherited)");
			};
			name = RelWithDebInfo;
		};
		68B93EE63D1D4BB681DDEFF1 /* RelWithDebInfo */ = {
			isa = XCBuildConfiguration;
			buildSettings = {
				COMBINE_HIDPI_IMAGES = YES;
				EXECUTABLE_PREFIX = "";
				EXECUTABLE_SUFFIX = "";
				FRAMEWORK_SEARCH_PATHS = ("$(inherited)");
				GCC_GENERATE_DEBUGGING_SYMBOLS = YES;
				GCC_INLINES_ARE_PRIVATE_EXTERN = NO;
				GCC_OPTIMIZATION_LEVEL = 2;
				GCC_PRECOMPILE_PREFIX_HEADER = YES;
				GCC_PREFIX_HEADER = /Users/philipwenkel/GitHub/Phan/xbuild/apps/phan_app/CMakeFiles/phan_app.dir/RelWithDebInfo/cmake_pch.hxx;
				GCC_PREPROCESSOR_DEFINITIONS = ("'CMAKE_INTDIR=\"$(CONFIGURATION)$(EFFECTIVE_PLATFORM_NAME)\"'");
				GCC_SYMBOLS_PRIVATE_EXTERN = NO;
				HEADER_SEARCH_PATHS = (/Users/philipwenkel/GitHub/Phan/xbuild/apps/phan_app,/usr/local/include);
				INFOPLIST_FILE = /Users/philipwenkel/GitHub/Phan/xbuild/apps/phan_app/CMakeFiles/phan_app.dir/Info.plist;
				INSTALL_PATH = "";
				LIBRARY_SEARCH_PATHS = ("$(inherited)");
				OTHER_CPLUSPLUSFLAGS = "       -DNDEBUG '-std=gnu++2a' ";
				OTHER_LDFLAGS = (" -Wl,-search_paths_first -Wl,-headerpad_max_install_names");
				OTHER_REZFLAGS = "";
				PRODUCT_NAME = phan_app;
				SECTORDER_FLAGS = "";
				SYMROOT = /Users/philipwenkel/GitHub/Phan/xbuild/apps/phan_app;
				USE_HEADERMAP = NO;
				WARNING_CFLAGS = ("$(inherited)");
			};
			name = RelWithDebInfo;
		};
		6A739A91C2FF4433866FAFB4 /* MinSizeRel */ = {
			isa = XCBuildConfiguration;
			buildSettings = {
				COMBINE_HIDPI_IMAGES = YES;
				GCC_GENERATE_DEBUGGING_SYMBOLS = YES;
				GCC_INLINES_ARE_PRIVATE_EXTERN = NO;
				GCC_OPTIMIZATION_LEVEL = 0;
				GCC_PREPROCESSOR_DEFINITIONS = ("'CMAKE_INTDIR=\"$(CONFIGURATION)$(EFFECTIVE_PLATFORM_NAME)\"'");
				GCC_SYMBOLS_PRIVATE_EXTERN = NO;
				INSTALL_PATH = "";
				OTHER_LDFLAGS = ("");
				OTHER_REZFLAGS = "";
				PRODUCT_NAME = ZERO_CHECK;
				SECTORDER_FLAGS = "";
				SYMROOT = /Users/philipwenkel/GitHub/Phan/xbuild;
				USE_HEADERMAP = NO;
				WARNING_CFLAGS = ("$(inherited)");
			};
			name = MinSizeRel;
		};
		72CB9F0B673A444EB7DC00CA /* RelWithDebInfo */ = {
			isa = XCBuildConfiguration;
			buildSettings = {
				COMBINE_HIDPI_IMAGES = YES;
				EXECUTABLE_PREFIX = lib;
				EXECUTABLE_SUFFIX = .a;
				GCC_GENERATE_DEBUGGING_SYMBOLS = YES;
				GCC_INLINES_ARE_PRIVATE_EXTERN = NO;
				GCC_OPTIMIZATION_LEVEL = 2;
				GCC_PREPROCESSOR_DEFINITIONS = ("'CMAKE_INTDIR=\"$(CONFIGURATION)$(EFFECTIVE_PLATFORM_NAME)\"'");
				GCC_SYMBOLS_PRIVATE_EXTERN = NO;
				HEADER_SEARCH_PATHS = (/Users/philipwenkel/GitHub/Phan/include,/Users/philipwenkel/GitHub/Phan/xbuild/src,/Users/philipwenkel/GitHub/Phan/include/phan_lib);
				INSTALL_PATH = "";
				LIBRARY_STYLE = STATIC;
				OTHER_CPLUSPLUSFLAGS = "       -DNDEBUG '-std=gnu++2a' ";
				OTHER_LIBTOOLFLAGS = ("");
				OTHER_REZFLAGS = "";
				PRODUCT_NAME = phan_lib;
				SECTORDER_FLAGS = "";
				SYMROOT = /Users/philipwenkel/GitHub/Phan/xbuild/src;
				USE_HEADERMAP = NO;
				WARNING_CFLAGS = ("$(inherited)");
			};
			name = RelWithDebInfo;
		};
		7435D2B4B4F749D1AE07009F /* RelWithDebInfo */ = {
			isa = XCBuildConfiguration;
			buildSettings = {
				COMBINE_HIDPI_IMAGES = YES;
				GCC_GENERATE_DEBUGGING_SYMBOLS = YES;
				GCC_INLINES_ARE_PRIVATE_EXTERN = NO;
				GCC_OPTIMIZATION_LEVEL = 0;
				GCC_PREPROCESSOR_DEFINITIONS = ("'CMAKE_INTDIR=\"$(CONFIGURATION)$(EFFECTIVE_PLATFORM_NAME)\"'");
				GCC_SYMBOLS_PRIVATE_EXTERN = NO;
				INSTALL_PATH = "";
				OTHER_LDFLAGS = ("");
				OTHER_REZFLAGS = "";
				PRODUCT_NAME = ALL_BUILD;
				SECTORDER_FLAGS = "";
				SYMROOT = /Users/philipwenkel/GitHub/Phan/xbuild;
				USE_HEADERMAP = NO;
				WARNING_CFLAGS = ("$(inherited)");
			};
			name = RelWithDebInfo;
		};
		75C8682F0D08460285D1C9C7 /* Debug */ = {
			isa = XCBuildConfiguration;
			buildSettings = {
				COMBINE_HIDPI_IMAGES = YES;
				GCC_GENERATE_DEBUGGING_SYMBOLS = YES;
				GCC_INLINES_ARE_PRIVATE_EXTERN = NO;
				GCC_OPTIMIZATION_LEVEL = 0;
				GCC_PREPROCESSOR_DEFINITIONS = ("'CMAKE_INTDIR=\"$(CONFIGURATION)$(EFFECTIVE_PLATFORM_NAME)\"'");
				GCC_SYMBOLS_PRIVATE_EXTERN = NO;
				INSTALL_PATH = "";
				OTHER_LDFLAGS = ("");
				OTHER_REZFLAGS = "";
				PRODUCT_NAME = Docs;
				SECTORDER_FLAGS = "";
				SYMROOT = /Users/philipwenkel/GitHub/Phan/xbuild/apps/phan_app;
				USE_HEADERMAP = NO;
				WARNING_CFLAGS = ("$(inherited)");
			};
			name = Debug;
		};
		7B1A15E73C6648BEBC1A7C0F /* Release */ = {
			isa = XCBuildConfiguration;
			buildSettings = {
				COMBINE_HIDPI_IMAGES = YES;
				EXECUTABLE_PREFIX = "";
				EXECUTABLE_SUFFIX = "";
				FRAMEWORK_SEARCH_PATHS = ("$(inherited)");
				GCC_GENERATE_DEBUGGING_SYMBOLS = NO;
				GCC_INLINES_ARE_PRIVATE_EXTERN = NO;
				GCC_OPTIMIZATION_LEVEL = 3;
				GCC_PRECOMPILE_PREFIX_HEADER = YES;
				GCC_PREFIX_HEADER = /Users/philipwenkel/GitHub/Phan/xbuild/apps/phan_app/CMakeFiles/phan_app.dir/Release/cmake_pch.hxx;
				GCC_PREPROCESSOR_DEFINITIONS = ("'CMAKE_INTDIR=\"$(CONFIGURATION)$(EFFECTIVE_PLATFORM_NAME)\"'");
				GCC_SYMBOLS_PRIVATE_EXTERN = NO;
				HEADER_SEARCH_PATHS = (/Users/philipwenkel/GitHub/Phan/xbuild/apps/phan_app,/usr/local/include);
				INFOPLIST_FILE = /Users/philipwenkel/GitHub/Phan/xbuild/apps/phan_app/CMakeFiles/phan_app.dir/Info.plist;
				INSTALL_PATH = "";
				LIBRARY_SEARCH_PATHS = ("$(inherited)");
				OTHER_CPLUSPLUSFLAGS = "    -DNDEBUG '-std=gnu++2a' ";
				OTHER_LDFLAGS = (" -Wl,-search_paths_first -Wl,-headerpad_max_install_names");
				OTHER_REZFLAGS = "";
				PRODUCT_NAME = phan_app;
				SECTORDER_FLAGS = "";
				SYMROOT = /Users/philipwenkel/GitHub/Phan/xbuild/apps/phan_app;
				USE_HEADERMAP = NO;
				WARNING_CFLAGS = ("$(inherited)");
			};
			name = Release;
		};
		7EDFA01B34E64333835A8A27 /* MinSizeRel */ = {
			isa = XCBuildConfiguration;
			buildSettings = {
				COMBINE_HIDPI_IMAGES = YES;
				EXECUTABLE_PREFIX = "";
				EXECUTABLE_SUFFIX = "";
				FRAMEWORK_SEARCH_PATHS = ("$(inherited)");
				GCC_GENERATE_DEBUGGING_SYMBOLS = NO;
				GCC_INLINES_ARE_PRIVATE_EXTERN = NO;
				GCC_OPTIMIZATION_LEVEL = s;
				GCC_PREPROCESSOR_DEFINITIONS = ("'CMAKE_INTDIR=\"$(CONFIGURATION)$(EFFECTIVE_PLATFORM_NAME)\"'");
				GCC_SYMBOLS_PRIVATE_EXTERN = NO;
				HEADER_SEARCH_PATHS = ("/Users/philipwenkel/GitHub/Phan/tests/Catch2::Catch2","/Users/philipwenkel/GitHub/Phan/xbuild/_deps/catch-src/single_include");
				INSTALL_PATH = "";
				LIBRARY_SEARCH_PATHS = ("$(inherited)");
				OTHER_CPLUSPLUSFLAGS = "    -DNDEBUG '-std=gnu++2a' ";
				OTHER_LDFLAGS = (" -Wl,-search_paths_first -Wl,-headerpad_max_install_names");
				OTHER_REZFLAGS = "";
				PRODUCT_NAME = testlib;
				SECTORDER_FLAGS = "";
				SYMROOT = /Users/philipwenkel/GitHub/Phan/xbuild/tests;
				USE_HEADERMAP = NO;
				WARNING_CFLAGS = ("$(inherited)");
			};
			name = MinSizeRel;
		};
		83812D11CC5B42F6A1B74F1E /* MinSizeRel */ = {
			isa = XCBuildConfiguration;
			buildSettings = {
				COMBINE_HIDPI_IMAGES = YES;
				GCC_GENERATE_DEBUGGING_SYMBOLS = YES;
				GCC_INLINES_ARE_PRIVATE_EXTERN = NO;
				GCC_OPTIMIZATION_LEVEL = 0;
				GCC_PREPROCESSOR_DEFINITIONS = ("'CMAKE_INTDIR=\"$(CONFIGURATION)$(EFFECTIVE_PLATFORM_NAME)\"'");
				GCC_SYMBOLS_PRIVATE_EXTERN = NO;
				INSTALL_PATH = "";
				OTHER_LDFLAGS = ("");
				OTHER_REZFLAGS = "";
				PRODUCT_NAME = Docs;
				SECTORDER_FLAGS = "";
				SYMROOT = /Users/philipwenkel/GitHub/Phan/xbuild/apps/phan_app;
				USE_HEADERMAP = NO;
				WARNING_CFLAGS = ("$(inherited)");
			};
			name = MinSizeRel;
		};
		8C0F98D3C5A0427AB160CCB9 /* Debug */ = {
			isa = XCBuildConfiguration;
			buildSettings = {
				COMBINE_HIDPI_IMAGES = YES;
				GCC_GENERATE_DEBUGGING_SYMBOLS = YES;
				GCC_INLINES_ARE_PRIVATE_EXTERN = NO;
				GCC_OPTIMIZATION_LEVEL = 0;
				GCC_PREPROCESSOR_DEFINITIONS = ("'CMAKE_INTDIR=\"$(CONFIGURATION)$(EFFECTIVE_PLATFORM_NAME)\"'");
				GCC_SYMBOLS_PRIVATE_EXTERN = NO;
				INSTALL_PATH = "";
				OTHER_LDFLAGS = ("");
				OTHER_REZFLAGS = "";
				PRODUCT_NAME = install;
				SECTORDER_FLAGS = "";
				SYMROOT = /Users/philipwenkel/GitHub/Phan/xbuild;
				USE_HEADERMAP = NO;
				WARNING_CFLAGS = ("$(inherited)");
			};
			name = Debug;
		};
		93A5C4A417CB4500A4DD9885 /* Release */ = {
			isa = XCBuildConfiguration;
			buildSettings = {
				COMBINE_HIDPI_IMAGES = YES;
				GCC_GENERATE_DEBUGGING_SYMBOLS = YES;
				GCC_INLINES_ARE_PRIVATE_EXTERN = NO;
				GCC_OPTIMIZATION_LEVEL = 0;
				GCC_PREPROCESSOR_DEFINITIONS = ("'CMAKE_INTDIR=\"$(CONFIGURATION)$(EFFECTIVE_PLATFORM_NAME)\"'");
				GCC_SYMBOLS_PRIVATE_EXTERN = NO;
				INSTALL_PATH = "";
				OTHER_LDFLAGS = ("");
				OTHER_REZFLAGS = "";
				PRODUCT_NAME = RUN_TESTS;
				SECTORDER_FLAGS = "";
				SYMROOT = /Users/philipwenkel/GitHub/Phan/xbuild;
				USE_HEADERMAP = NO;
				WARNING_CFLAGS = ("$(inherited)");
			};
			name = Release;
		};
		9937CE3B49534DECB67A7D10 /* Debug */ = {
			isa = XCBuildConfiguration;
			buildSettings = {
				COMBINE_HIDPI_IMAGES = YES;
				GCC_GENERATE_DEBUGGING_SYMBOLS = YES;
				GCC_INLINES_ARE_PRIVATE_EXTERN = NO;
				GCC_OPTIMIZATION_LEVEL = 0;
				GCC_PREPROCESSOR_DEFINITIONS = ("'CMAKE_INTDIR=\"$(CONFIGURATION)$(EFFECTIVE_PLATFORM_NAME)\"'");
				GCC_SYMBOLS_PRIVATE_EXTERN = NO;
				INSTALL_PATH = "";
				OTHER_LDFLAGS = ("");
				OTHER_REZFLAGS = "";
				PRODUCT_NAME = Continuous;
				SECTORDER_FLAGS = "";
				SYMROOT = /Users/philipwenkel/GitHub/Phan/xbuild;
				USE_HEADERMAP = NO;
				WARNING_CFLAGS = ("$(inherited)");
			};
			name = Debug;
		};
		9D4BD0E5A56A46B5A4439154 /* MinSizeRel */ = {
			isa = XCBuildConfiguration;
			buildSettings = {
				COMBINE_HIDPI_IMAGES = YES;
				GCC_GENERATE_DEBUGGING_SYMBOLS = YES;
				GCC_INLINES_ARE_PRIVATE_EXTERN = NO;
				GCC_OPTIMIZATION_LEVEL = 0;
				GCC_PREPROCESSOR_DEFINITIONS = ("'CMAKE_INTDIR=\"$(CONFIGURATION)$(EFFECTIVE_PLATFORM_NAME)\"'");
				GCC_SYMBOLS_PRIVATE_EXTERN = NO;
				INSTALL_PATH = "";
				OTHER_LDFLAGS = ("");
				OTHER_REZFLAGS = "";
				PRODUCT_NAME = Experimental;
				SECTORDER_FLAGS = "";
				SYMROOT = /Users/philipwenkel/GitHub/Phan/xbuild;
				USE_HEADERMAP = NO;
				WARNING_CFLAGS = ("$(inherited)");
			};
			name = MinSizeRel;
		};
		9F144C9D2669404B84E3BA9A /* Release */ = {
			isa = XCBuildConfiguration;
			buildSettings = {
				COMBINE_HIDPI_IMAGES = YES;
				GCC_GENERATE_DEBUGGING_SYMBOLS = YES;
				GCC_INLINES_ARE_PRIVATE_EXTERN = NO;
				GCC_OPTIMIZATION_LEVEL = 0;
				GCC_PREPROCESSOR_DEFINITIONS = ("'CMAKE_INTDIR=\"$(CONFIGURATION)$(EFFECTIVE_PLATFORM_NAME)\"'");
				GCC_SYMBOLS_PRIVATE_EXTERN = NO;
				INSTALL_PATH = "";
				OTHER_LDFLAGS = ("");
				OTHER_REZFLAGS = "";
				PRODUCT_NAME = Nightly;
				SECTORDER_FLAGS = "";
				SYMROOT = /Users/philipwenkel/GitHub/Phan/xbuild;
				USE_HEADERMAP = NO;
				WARNING_CFLAGS = ("$(inherited)");
			};
			name = Release;
		};
		A0F0AAE423E740FCB0EE859B /* Debug */ = {
			isa = XCBuildConfiguration;
			buildSettings = {
				COMBINE_HIDPI_IMAGES = YES;
				GCC_GENERATE_DEBUGGING_SYMBOLS = YES;
				GCC_INLINES_ARE_PRIVATE_EXTERN = NO;
				GCC_OPTIMIZATION_LEVEL = 0;
				GCC_PREPROCESSOR_DEFINITIONS = ("'CMAKE_INTDIR=\"$(CONFIGURATION)$(EFFECTIVE_PLATFORM_NAME)\"'");
				GCC_SYMBOLS_PRIVATE_EXTERN = NO;
				INSTALL_PATH = "";
				OTHER_LDFLAGS = ("");
				OTHER_REZFLAGS = "";
				PRODUCT_NAME = RUN_TESTS;
				SECTORDER_FLAGS = "";
				SYMROOT = /Users/philipwenkel/GitHub/Phan/xbuild;
				USE_HEADERMAP = NO;
				WARNING_CFLAGS = ("$(inherited)");
			};
			name = Debug;
		};
		AF39D75559CA481BAC264D6A /* MinSizeRel */ = {
			isa = XCBuildConfiguration;
			buildSettings = {
				COMBINE_HIDPI_IMAGES = YES;
				GCC_GENERATE_DEBUGGING_SYMBOLS = YES;
				GCC_INLINES_ARE_PRIVATE_EXTERN = NO;
				GCC_OPTIMIZATION_LEVEL = 0;
				GCC_PREPROCESSOR_DEFINITIONS = ("'CMAKE_INTDIR=\"$(CONFIGURATION)$(EFFECTIVE_PLATFORM_NAME)\"'");
				GCC_SYMBOLS_PRIVATE_EXTERN = NO;
				INSTALL_PATH = "";
				OTHER_LDFLAGS = ("");
				OTHER_REZFLAGS = "";
				PRODUCT_NAME = Nightly;
				SECTORDER_FLAGS = "";
				SYMROOT = /Users/philipwenkel/GitHub/Phan/xbuild;
				USE_HEADERMAP = NO;
				WARNING_CFLAGS = ("$(inherited)");
			};
			name = MinSizeRel;
		};
		BB95E3798D634169BFB8EEA7 /* RelWithDebInfo */ = {
			isa = XCBuildConfiguration;
			buildSettings = {
				ARCHS = "$(NATIVE_ARCH_ACTUAL)";
				MACOSX_DEPLOYMENT_TARGET = 11.2;
				ONLY_ACTIVE_ARCH = YES;
				SDKROOT = "/Applications/Xcode-beta.app/Contents/Developer/Platforms/MacOSX.platform/Developer/SDKs/MacOSX11.3.sdk";
				SYMROOT = /Users/philipwenkel/GitHub/Phan/xbuild/build;
			};
			name = RelWithDebInfo;
		};
		C50C1140B4C941F4B31846F0 /* Debug */ = {
			isa = XCBuildConfiguration;
			buildSettings = {
				COMBINE_HIDPI_IMAGES = YES;
				GCC_GENERATE_DEBUGGING_SYMBOLS = YES;
				GCC_INLINES_ARE_PRIVATE_EXTERN = NO;
				GCC_OPTIMIZATION_LEVEL = 0;
				GCC_PREPROCESSOR_DEFINITIONS = ("'CMAKE_INTDIR=\"$(CONFIGURATION)$(EFFECTIVE_PLATFORM_NAME)\"'");
				GCC_SYMBOLS_PRIVATE_EXTERN = NO;
				INSTALL_PATH = "";
				OTHER_LDFLAGS = ("");
				OTHER_REZFLAGS = "";
				PRODUCT_NAME = ZERO_CHECK;
				SECTORDER_FLAGS = "";
				SYMROOT = /Users/philipwenkel/GitHub/Phan/xbuild;
				USE_HEADERMAP = NO;
				WARNING_CFLAGS = ("$(inherited)");
			};
			name = Debug;
		};
		CC7DAAC4F33C41A5865F0596 /* RelWithDebInfo */ = {
			isa = XCBuildConfiguration;
			buildSettings = {
				COMBINE_HIDPI_IMAGES = YES;
				GCC_GENERATE_DEBUGGING_SYMBOLS = YES;
				GCC_INLINES_ARE_PRIVATE_EXTERN = NO;
				GCC_OPTIMIZATION_LEVEL = 0;
				GCC_PREPROCESSOR_DEFINITIONS = ("'CMAKE_INTDIR=\"$(CONFIGURATION)$(EFFECTIVE_PLATFORM_NAME)\"'");
				GCC_SYMBOLS_PRIVATE_EXTERN = NO;
				INSTALL_PATH = "";
				OTHER_LDFLAGS = ("");
				OTHER_REZFLAGS = "";
				PRODUCT_NAME = ZERO_CHECK;
				SECTORDER_FLAGS = "";
				SYMROOT = /Users/philipwenkel/GitHub/Phan/xbuild;
				USE_HEADERMAP = NO;
				WARNING_CFLAGS = ("$(inherited)");
			};
			name = RelWithDebInfo;
		};
		CE606A620DA04D53B0D2BA7D /* RelWithDebInfo */ = {
			isa = XCBuildConfiguration;
			buildSettings = {
				COMBINE_HIDPI_IMAGES = YES;
				GCC_GENERATE_DEBUGGING_SYMBOLS = YES;
				GCC_INLINES_ARE_PRIVATE_EXTERN = NO;
				GCC_OPTIMIZATION_LEVEL = 0;
				GCC_PREPROCESSOR_DEFINITIONS = ("'CMAKE_INTDIR=\"$(CONFIGURATION)$(EFFECTIVE_PLATFORM_NAME)\"'");
				GCC_SYMBOLS_PRIVATE_EXTERN = NO;
				INSTALL_PATH = "";
				OTHER_LDFLAGS = ("");
				OTHER_REZFLAGS = "";
				PRODUCT_NAME = Continuous;
				SECTORDER_FLAGS = "";
				SYMROOT = /Users/philipwenkel/GitHub/Phan/xbuild;
				USE_HEADERMAP = NO;
				WARNING_CFLAGS = ("$(inherited)");
			};
			name = RelWithDebInfo;
		};
		D5FB83A0AE8B46348E638DC6 /* Release */ = {
			isa = XCBuildConfiguration;
			buildSettings = {
				COMBINE_HIDPI_IMAGES = YES;
				EXECUTABLE_PREFIX = lib;
				EXECUTABLE_SUFFIX = .a;
				GCC_GENERATE_DEBUGGING_SYMBOLS = NO;
				GCC_INLINES_ARE_PRIVATE_EXTERN = NO;
				GCC_OPTIMIZATION_LEVEL = 3;
				GCC_PREPROCESSOR_DEFINITIONS = ("'CMAKE_INTDIR=\"$(CONFIGURATION)$(EFFECTIVE_PLATFORM_NAME)\"'");
				GCC_SYMBOLS_PRIVATE_EXTERN = NO;
				HEADER_SEARCH_PATHS = (/Users/philipwenkel/GitHub/Phan/include,/Users/philipwenkel/GitHub/Phan/xbuild/src,/Users/philipwenkel/GitHub/Phan/include/phan_lib);
				INSTALL_PATH = "";
				LIBRARY_STYLE = STATIC;
				OTHER_CPLUSPLUSFLAGS = "    -DNDEBUG '-std=gnu++2a' ";
				OTHER_LIBTOOLFLAGS = ("");
				OTHER_REZFLAGS = "";
				PRODUCT_NAME = phan_lib;
				SECTORDER_FLAGS = "";
				SYMROOT = /Users/philipwenkel/GitHub/Phan/xbuild/src;
				USE_HEADERMAP = NO;
				WARNING_CFLAGS = ("$(inherited)");
			};
			name = Release;
		};
		D8ADF26864CD4B23BDD76672 /* RelWithDebInfo */ = {
			isa = XCBuildConfiguration;
			buildSettings = {
				COMBINE_HIDPI_IMAGES = YES;
				GCC_GENERATE_DEBUGGING_SYMBOLS = YES;
				GCC_INLINES_ARE_PRIVATE_EXTERN = NO;
				GCC_OPTIMIZATION_LEVEL = 0;
				GCC_PREPROCESSOR_DEFINITIONS = ("'CMAKE_INTDIR=\"$(CONFIGURATION)$(EFFECTIVE_PLATFORM_NAME)\"'");
				GCC_SYMBOLS_PRIVATE_EXTERN = NO;
				INSTALL_PATH = "";
				OTHER_LDFLAGS = ("");
				OTHER_REZFLAGS = "";
				PRODUCT_NAME = package;
				SECTORDER_FLAGS = "";
				SYMROOT = /Users/philipwenkel/GitHub/Phan/xbuild;
				USE_HEADERMAP = NO;
				WARNING_CFLAGS = ("$(inherited)");
			};
			name = RelWithDebInfo;
		};
		F02A7FB198C54BFB95DE85FF /* Debug */ = {
			isa = XCBuildConfiguration;
			buildSettings = {
				COMBINE_HIDPI_IMAGES = YES;
				GCC_GENERATE_DEBUGGING_SYMBOLS = YES;
				GCC_INLINES_ARE_PRIVATE_EXTERN = NO;
				GCC_OPTIMIZATION_LEVEL = 0;
				GCC_PREPROCESSOR_DEFINITIONS = ("'CMAKE_INTDIR=\"$(CONFIGURATION)$(EFFECTIVE_PLATFORM_NAME)\"'");
				GCC_SYMBOLS_PRIVATE_EXTERN = NO;
				INSTALL_PATH = "";
				OTHER_LDFLAGS = ("");
				OTHER_REZFLAGS = "";
				PRODUCT_NAME = Nightly;
				SECTORDER_FLAGS = "";
				SYMROOT = /Users/philipwenkel/GitHub/Phan/xbuild;
				USE_HEADERMAP = NO;
				WARNING_CFLAGS = ("$(inherited)");
			};
			name = Debug;
		};
		F2A4C9949B4B4DC2BEA1BCE7 /* Release */ = {
			isa = XCBuildConfiguration;
			buildSettings = {
				COMBINE_HIDPI_IMAGES = YES;
				GCC_GENERATE_DEBUGGING_SYMBOLS = YES;
				GCC_INLINES_ARE_PRIVATE_EXTERN = NO;
				GCC_OPTIMIZATION_LEVEL = 0;
				GCC_PREPROCESSOR_DEFINITIONS = ("'CMAKE_INTDIR=\"$(CONFIGURATION)$(EFFECTIVE_PLATFORM_NAME)\"'");
				GCC_SYMBOLS_PRIVATE_EXTERN = NO;
				INSTALL_PATH = "";
				OTHER_LDFLAGS = ("");
				OTHER_REZFLAGS = "";
				PRODUCT_NAME = Continuous;
				SECTORDER_FLAGS = "";
				SYMROOT = /Users/philipwenkel/GitHub/Phan/xbuild;
				USE_HEADERMAP = NO;
				WARNING_CFLAGS = ("$(inherited)");
			};
			name = Release;
		};
		FC4904B987DC409DAD6AB0E0 /* Debug */ = {
			isa = XCBuildConfiguration;
			buildSettings = {
				COMBINE_HIDPI_IMAGES = YES;
				EXECUTABLE_PREFIX = "";
				EXECUTABLE_SUFFIX = "";
				FRAMEWORK_SEARCH_PATHS = ("$(inherited)");
				GCC_GENERATE_DEBUGGING_SYMBOLS = YES;
				GCC_INLINES_ARE_PRIVATE_EXTERN = NO;
				GCC_OPTIMIZATION_LEVEL = 0;
				GCC_PRECOMPILE_PREFIX_HEADER = YES;
				GCC_PREFIX_HEADER = /Users/philipwenkel/GitHub/Phan/xbuild/apps/phan_app/CMakeFiles/phan_app.dir/Debug/cmake_pch.hxx;
				GCC_PREPROCESSOR_DEFINITIONS = ("'CMAKE_INTDIR=\"$(CONFIGURATION)$(EFFECTIVE_PLATFORM_NAME)\"'");
				GCC_SYMBOLS_PRIVATE_EXTERN = NO;
				HEADER_SEARCH_PATHS = (/Users/philipwenkel/GitHub/Phan/xbuild/apps/phan_app,/usr/local/include);
				INFOPLIST_FILE = /Users/philipwenkel/GitHub/Phan/xbuild/apps/phan_app/CMakeFiles/phan_app.dir/Info.plist;
				INSTALL_PATH = "";
				LIBRARY_SEARCH_PATHS = ("$(inherited)");
				OTHER_CPLUSPLUSFLAGS = "   '-std=gnu++2a' ";
				OTHER_LDFLAGS = (" -Wl,-search_paths_first -Wl,-headerpad_max_install_names");
				OTHER_REZFLAGS = "";
				PRODUCT_NAME = phan_app;
				SECTORDER_FLAGS = "";
				SYMROOT = /Users/philipwenkel/GitHub/Phan/xbuild/apps/phan_app;
				USE_HEADERMAP = NO;
				WARNING_CFLAGS = ("$(inherited)");
			};
			name = Debug;
		};
		FE637877994C4D66A811C87F /* Release */ = {
			isa = XCBuildConfiguration;
			buildSettings = {
				COMBINE_HIDPI_IMAGES = YES;
				GCC_GENERATE_DEBUGGING_SYMBOLS = YES;
				GCC_INLINES_ARE_PRIVATE_EXTERN = NO;
				GCC_OPTIMIZATION_LEVEL = 0;
				GCC_PREPROCESSOR_DEFINITIONS = ("'CMAKE_INTDIR=\"$(CONFIGURATION)$(EFFECTIVE_PLATFORM_NAME)\"'");
				GCC_SYMBOLS_PRIVATE_EXTERN = NO;
				INSTALL_PATH = "";
				OTHER_LDFLAGS = ("");
				OTHER_REZFLAGS = "";
				PRODUCT_NAME = Docs;
				SECTORDER_FLAGS = "";
				SYMROOT = /Users/philipwenkel/GitHub/Phan/xbuild/apps/phan_app;
				USE_HEADERMAP = NO;
				WARNING_CFLAGS = ("$(inherited)");
			};
			name = Release;
		};
/* End XCBuildConfiguration section */

/* Begin XCConfigurationList section */
		0413350109D94A1288C9F052 /* Build configuration list for PBXNativeTarget "testlib" */ = {
			isa = XCConfigurationList;
			buildConfigurations = (
				27D812DED42446ABBD5DBC53 /* Debug */,
				45A5AB9F39834A93B70DC630 /* Release */,
				7EDFA01B34E64333835A8A27 /* MinSizeRel */,
				19099D544BFE46C59B4CA8D1 /* RelWithDebInfo */,
			);
			defaultConfigurationIsVisible = 0;
			defaultConfigurationName = Debug;
		};
		214505FFF6A140F29F596821 /* Build configuration list for PBXNativeTarget "phan_lib" */ = {
			isa = XCConfigurationList;
			buildConfigurations = (
				2711B175D07044018CDF597D /* Debug */,
				D5FB83A0AE8B46348E638DC6 /* Release */,
				50DB21AE63E3441D904C1F43 /* MinSizeRel */,
				72CB9F0B673A444EB7DC00CA /* RelWithDebInfo */,
			);
			defaultConfigurationIsVisible = 0;
			defaultConfigurationName = Debug;
		};
		2E2372C2F3524E1688241C92 /* Build configuration list for PBXProject "Phan" */ = {
			isa = XCConfigurationList;
			buildConfigurations = (
				163CED2724564A5883B86EE4 /* Debug */,
				005B99609DC248D5AEAFF176 /* Release */,
				59EE03581A6D4572BA343882 /* MinSizeRel */,
				BB95E3798D634169BFB8EEA7 /* RelWithDebInfo */,
			);
			defaultConfigurationIsVisible = 0;
			defaultConfigurationName = Debug;
		};
		4B94F22AF34A4D8C80ABC723 /* Build configuration list for PBXAggregateTarget "install" */ = {
			isa = XCConfigurationList;
			buildConfigurations = (
				8C0F98D3C5A0427AB160CCB9 /* Debug */,
				058D37C089AB4CB78A17C179 /* Release */,
				34B3B1CE24834A9AAFA42B17 /* MinSizeRel */,
				027B3FA554AA4C52B18AA55E /* RelWithDebInfo */,
			);
			defaultConfigurationIsVisible = 0;
			defaultConfigurationName = Debug;
		};
		52860AD5B876423987234D43 /* Build configuration list for PBXAggregateTarget "ZERO_CHECK" */ = {
			isa = XCConfigurationList;
			buildConfigurations = (
				C50C1140B4C941F4B31846F0 /* Debug */,
				23D6B5B3A20E421EADB34D7B /* Release */,
				6A739A91C2FF4433866FAFB4 /* MinSizeRel */,
				CC7DAAC4F33C41A5865F0596 /* RelWithDebInfo */,
			);
			defaultConfigurationIsVisible = 0;
			defaultConfigurationName = Debug;
		};
		67CE2DEE273A495D8553797F /* Build configuration list for PBXAggregateTarget "NightlyMemoryCheck" */ = {
			isa = XCConfigurationList;
			buildConfigurations = (
				1A2E2807FE334B19A89C960A /* Debug */,
				3DB63C3318C846928A60F137 /* Release */,
				0F48066067B84BA8A82EFCBC /* MinSizeRel */,
				2C21A968809F4F1C84DADD17 /* RelWithDebInfo */,
			);
			defaultConfigurationIsVisible = 0;
			defaultConfigurationName = Debug;
		};
		A743475234FD46D388BE72E1 /* Build configuration list for PBXAggregateTarget "Experimental" */ = {
			isa = XCConfigurationList;
			buildConfigurations = (
				61A455284FEA42A09A993160 /* Debug */,
				1B41C970514F40D7AF172EBD /* Release */,
				9D4BD0E5A56A46B5A4439154 /* MinSizeRel */,
				657F328794224DA98659E8C1 /* RelWithDebInfo */,
			);
			defaultConfigurationIsVisible = 0;
			defaultConfigurationName = Debug;
		};
		B4A47C5BA27945518ABB2FED /* Build configuration list for PBXAggregateTarget "ALL_BUILD" */ = {
			isa = XCConfigurationList;
			buildConfigurations = (
				62A156DBBA8F433797C571AC /* Debug */,
				1A20133E90D4428CAC53AAB2 /* Release */,
				09944EBCA06443AFADBA65F6 /* MinSizeRel */,
				7435D2B4B4F749D1AE07009F /* RelWithDebInfo */,
			);
			defaultConfigurationIsVisible = 0;
			defaultConfigurationName = Debug;
		};
		D65C2B4897B0477D9A44A8FF /* Build configuration list for PBXAggregateTarget "RUN_TESTS" */ = {
			isa = XCConfigurationList;
			buildConfigurations = (
				A0F0AAE423E740FCB0EE859B /* Debug */,
				93A5C4A417CB4500A4DD9885 /* Release */,
				405EA84A7BFC4264973AEF42 /* MinSizeRel */,
				647D019C4A33413994E2866C /* RelWithDebInfo */,
			);
			defaultConfigurationIsVisible = 0;
			defaultConfigurationName = Debug;
		};
		DE4305D4E624473F9DF55C9E /* Build configuration list for PBXAggregateTarget "Docs" */ = {
			isa = XCConfigurationList;
			buildConfigurations = (
				75C8682F0D08460285D1C9C7 /* Debug */,
				FE637877994C4D66A811C87F /* Release */,
				83812D11CC5B42F6A1B74F1E /* MinSizeRel */,
				111BEE706C704BDBB9DDD575 /* RelWithDebInfo */,
			);
			defaultConfigurationIsVisible = 0;
			defaultConfigurationName = Debug;
		};
		E09926F9077D4EE8B003F785 /* Build configuration list for PBXNativeTarget "phan_app" */ = {
			isa = XCConfigurationList;
			buildConfigurations = (
				FC4904B987DC409DAD6AB0E0 /* Debug */,
				7B1A15E73C6648BEBC1A7C0F /* Release */,
				3F164251B6744DA9849DB890 /* MinSizeRel */,
				68B93EE63D1D4BB681DDEFF1 /* RelWithDebInfo */,
			);
			defaultConfigurationIsVisible = 0;
			defaultConfigurationName = Debug;
		};
		E17DD6F16A204A339415D622 /* Build configuration list for PBXAggregateTarget "Continuous" */ = {
			isa = XCConfigurationList;
			buildConfigurations = (
				9937CE3B49534DECB67A7D10 /* Debug */,
				F2A4C9949B4B4DC2BEA1BCE7 /* Release */,
				561657B82425444A9DC11A63 /* MinSizeRel */,
				CE606A620DA04D53B0D2BA7D /* RelWithDebInfo */,
			);
			defaultConfigurationIsVisible = 0;
			defaultConfigurationName = Debug;
		};
		E4B04DF4C1754503A83F3A0D /* Build configuration list for PBXAggregateTarget "Nightly" */ = {
			isa = XCConfigurationList;
			buildConfigurations = (
				F02A7FB198C54BFB95DE85FF /* Debug */,
				9F144C9D2669404B84E3BA9A /* Release */,
				AF39D75559CA481BAC264D6A /* MinSizeRel */,
				12E27A6DD8CC4A9AA384CAA0 /* RelWithDebInfo */,
			);
			defaultConfigurationIsVisible = 0;
			defaultConfigurationName = Debug;
		};
		EE384E5C746B46BB87531EF9 /* Build configuration list for PBXAggregateTarget "package" */ = {
			isa = XCConfigurationList;
			buildConfigurations = (
				4B00DD3FBCF14FCAB2A9D8C5 /* Debug */,
				135AC4AB548748F4B9DFEE68 /* Release */,
				2C018D69A083413796CD80D5 /* MinSizeRel */,
				D8ADF26864CD4B23BDD76672 /* RelWithDebInfo */,
			);
			defaultConfigurationIsVisible = 0;
			defaultConfigurationName = Debug;
		};
/* End XCConfigurationList section */
	};
	rootObject = 848A09FA28694514AB1184E9 /* Project object */;
}
