// !$*UTF8*$!
{
	archiveVersion = 1;
	classes = {
	};
	objectVersion = 46;
	objects = {

/* Begin PBXAggregateTarget section */
		45F92787364D4F9F910B1A1B /* Docs */ = {
			isa = PBXAggregateTarget;
			buildConfigurationList = 7D2039391DF54C72BBBC1A5F /* Build configuration list for PBXAggregateTarget "Docs" */;
			buildPhases = (
			);
			dependencies = (
				190CA7451FC140BDB77D8C81 /* PBXTargetDependency */,
			);
			name = Docs;
			productName = Docs;
		};
		5E2CB7D44EEF4D5BBCEF4953 /* install */ = {
			isa = PBXAggregateTarget;
			buildConfigurationList = 3EC550BA73E34F14B6BA0256 /* Build configuration list for PBXAggregateTarget "install" */;
			buildPhases = (
				93426DA6A4AC2C2AC9CE883C /* CMake PostBuild Rules */,
			);
			dependencies = (
				4755EDF0CCAD415395622576 /* PBXTargetDependency */,
			);
			name = install;
			productName = install;
		};
		6366D57333D740488173BD6A /* RUN_TESTS */ = {
			isa = PBXAggregateTarget;
			buildConfigurationList = 92EAF74002AF4D27B894BA12 /* Build configuration list for PBXAggregateTarget "RUN_TESTS" */;
			buildPhases = (
				003C8D08B0008F35F218E126 /* CMake PostBuild Rules */,
			);
			dependencies = (
			);
			name = RUN_TESTS;
			productName = RUN_TESTS;
		};
		6CA71F81FC12429E90D48B11 /* Continuous */ = {
			isa = PBXAggregateTarget;
			buildConfigurationList = 3194024D208545268B5FA0C9 /* Build configuration list for PBXAggregateTarget "Continuous" */;
			buildPhases = (
				B3E69C575AF9B5D687E10508 /* Generate CMakeFiles/Continuous */,
			);
			dependencies = (
				0E3D26089AC141C3944D2908 /* PBXTargetDependency */,
			);
			name = Continuous;
			productName = Continuous;
		};
		704F04DA7AB348D383B876D1 /* Experimental */ = {
			isa = PBXAggregateTarget;
			buildConfigurationList = DFCF0B64E7CB44D4B84336F7 /* Build configuration list for PBXAggregateTarget "Experimental" */;
			buildPhases = (
				8554F67ABD61F9FF68E881B7 /* Generate CMakeFiles/Experimental */,
			);
			dependencies = (
				2905290A122947E5970ADE41 /* PBXTargetDependency */,
			);
			name = Experimental;
			productName = Experimental;
		};
		8AFDCD1716B043DF953092B2 /* package */ = {
			isa = PBXAggregateTarget;
			buildConfigurationList = E48BF568ADDD4085ADD96365 /* Build configuration list for PBXAggregateTarget "package" */;
			buildPhases = (
				571234464C2A5D0D43F1AB42 /* CMake PostBuild Rules */,
			);
			dependencies = (
				2E060B7E92C3434F87CF3775 /* PBXTargetDependency */,
			);
			name = package;
			productName = package;
		};
		8FADF47C6B244CB083E9A741 /* ZERO_CHECK */ = {
			isa = PBXAggregateTarget;
			buildConfigurationList = CC287E8F803F4824AED90013 /* Build configuration list for PBXAggregateTarget "ZERO_CHECK" */;
			buildPhases = (
				CBDFEAAEADD63B56FDE42167 /* Generate CMakeFiles/ZERO_CHECK */,
			);
			dependencies = (
			);
			name = ZERO_CHECK;
			productName = ZERO_CHECK;
		};
		97F3D6901D7A4DF8A029B91C /* Nightly */ = {
			isa = PBXAggregateTarget;
			buildConfigurationList = A7946A7F99F5472AB2EC8685 /* Build configuration list for PBXAggregateTarget "Nightly" */;
			buildPhases = (
				9AC0F5DFA0CAC6D10F3C0B68 /* Generate CMakeFiles/Nightly */,
			);
			dependencies = (
				3EA9E0E8C9C0424BBD9ED991 /* PBXTargetDependency */,
			);
			name = Nightly;
			productName = Nightly;
		};
		D3D99784C6B64CAA96AE1ED0 /* NightlyMemoryCheck */ = {
			isa = PBXAggregateTarget;
			buildConfigurationList = 94D0B694AE6E46E4B6935684 /* Build configuration list for PBXAggregateTarget "NightlyMemoryCheck" */;
			buildPhases = (
				A2A67200E11F9A9FFC70FC4F /* Generate CMakeFiles/NightlyMemoryCheck */,
			);
			dependencies = (
				046120F6131C4B05A18B211B /* PBXTargetDependency */,
			);
			name = NightlyMemoryCheck;
			productName = NightlyMemoryCheck;
		};
		D5FC32BDE1794409B65F4670 /* ALL_BUILD */ = {
			isa = PBXAggregateTarget;
			buildConfigurationList = 2AEDFBAABC184D89B0C0C7EB /* Build configuration list for PBXAggregateTarget "ALL_BUILD" */;
			buildPhases = (
				0E5DF4BCF808ADBA9D3ED0CD /* Generate CMakeFiles/ALL_BUILD */,
			);
			dependencies = (
				49E8296098054ACA8EFF7675 /* PBXTargetDependency */,
				3271078D8773456C8A49B37D /* PBXTargetDependency */,
				D30D13CACA95401096CCE8D2 /* PBXTargetDependency */,
				6F1F6ABC8E93496E8AE038DE /* PBXTargetDependency */,
			);
			name = ALL_BUILD;
			productName = ALL_BUILD;
		};
/* End PBXAggregateTarget section */

/* Begin PBXBuildFile section */
		0B0AA6E5E62648B4B64D1BC1 /* /Users/philipwenkel/GitHub/Phan/xbuild/apps/app1/app.hpp */ = {isa = PBXBuildFile; fileRef = E4DBD418DB0B406685E88257 /* /Users/philipwenkel/GitHub/Phan/xbuild/apps/app1/app.hpp */; };
		12BE08DF4A3E419982D0256C /* /Users/philipwenkel/GitHub/Phan/include/template_library/template_library.hpp */ = {isa = PBXBuildFile; fileRef = D2C2B05345494598AF77D5AC /* /Users/philipwenkel/GitHub/Phan/include/template_library/template_library.hpp */; };
		33B65136E4774399B7053A75 /* /Users/philipwenkel/GitHub/Phan/src/CMakeLists.txt */ = {isa = PBXBuildFile; fileRef = 9BC898C38DA1419CA59E0999 /* /Users/philipwenkel/GitHub/Phan/src/CMakeLists.txt */; };
		3F5B10AB31FA4919BD71F3B8 /* /Users/philipwenkel/GitHub/Phan/src/template_library.cpp */ = {isa = PBXBuildFile; fileRef = B53B902C3356477BAA8FACB9 /* /Users/philipwenkel/GitHub/Phan/src/template_library.cpp */; };
		4335A2FFAA504212AAAEA93D /* /Users/philipwenkel/GitHub/Phan/xbuild/apps/app1/app_2.hpp */ = {isa = PBXBuildFile; fileRef = C46C7ACC187A4567ADED1ADB /* /Users/philipwenkel/GitHub/Phan/xbuild/apps/app1/app_2.hpp */; };
		5E2558AFADDC4728B0687134 /* /Users/philipwenkel/GitHub/Phan/tests/CMakeLists.txt */ = {isa = PBXBuildFile; fileRef = AF35CC28F4FC4143AAEFBD86 /* /Users/philipwenkel/GitHub/Phan/tests/CMakeLists.txt */; };
		6989AADD5E414BA28697B510 /* /Users/philipwenkel/GitHub/Phan/apps/app1/CMakeLists.txt */ = {isa = PBXBuildFile; fileRef = 767D262D7F3C4512B01EBAE0 /* /Users/philipwenkel/GitHub/Phan/apps/app1/CMakeLists.txt */; };
		6E1B9399F3184DC8AF60B63D /* /Users/philipwenkel/GitHub/Phan/src/generators/generatorA/src/generator.cpp */ = {isa = PBXBuildFile; fileRef = D16FD9E6BADF4277AC23416A /* /Users/philipwenkel/GitHub/Phan/src/generators/generatorA/src/generator.cpp */; };
		7FB1DF00B02B4A67BDCD1896 /* /Users/philipwenkel/GitHub/Phan/include/test.hpp */ = {isa = PBXBuildFile; fileRef = 0AD891721A2247039ED610F4 /* /Users/philipwenkel/GitHub/Phan/include/test.hpp */; };
		92ABEC8F182C4B7A8CADED95 /* /Users/philipwenkel/GitHub/Phan/apps/app1/app.hpp.in */ = {isa = PBXBuildFile; fileRef = 0136E94AEE104B80BED5A7C6 /* /Users/philipwenkel/GitHub/Phan/apps/app1/app.hpp.in */; };
		9C19536FF03F4A7C968C90E0 /* /Users/philipwenkel/GitHub/Phan/apps/app1/app.cpp */ = {isa = PBXBuildFile; fileRef = A9A83754FDFC4991B265DF24 /* /Users/philipwenkel/GitHub/Phan/apps/app1/app.cpp */; };
		9D028DFE66154F00B4A5C044 /* /Users/philipwenkel/GitHub/Phan/xbuild/apps/app1/CMakeFiles/app1.dir/Info.plist */ = {isa = PBXBuildFile; fileRef = 467EF525F20B439A8E05993D /* /Users/philipwenkel/GitHub/Phan/xbuild/apps/app1/CMakeFiles/app1.dir/Info.plist */; };
		B35362CDD1F946E38DFB4A56 /* /Users/philipwenkel/GitHub/Phan/apps/app1/app_2_.hpp */ = {isa = PBXBuildFile; fileRef = A243CCE8008246FB9E95518C /* /Users/philipwenkel/GitHub/Phan/apps/app1/app_2_.hpp */; };
		DB48DE833D954D01BB5EE8FA /* /Users/philipwenkel/GitHub/Phan/tests/testlib.cpp */ = {isa = PBXBuildFile; fileRef = A74C0F438D554C4EA4112F07 /* /Users/philipwenkel/GitHub/Phan/tests/testlib.cpp */; };
		F69EA9691FBB42C8A3C17A40 /* /Users/philipwenkel/GitHub/Phan/include/version.hpp */ = {isa = PBXBuildFile; fileRef = A6093B70599A42CD8F23C8CB /* /Users/philipwenkel/GitHub/Phan/include/version.hpp */; };
/* End PBXBuildFile section */

/* Begin PBXBuildStyle section */
		138B31CA88CE4DF78C3FFE51 /* Debug */ = {
			isa = PBXBuildStyle;
			buildSettings = {
				COPY_PHASE_STRIP = NO;
			};
			name = Debug;
		};
		A6A6A0823DF1489A9333FCB5 /* MinSizeRel */ = {
			isa = PBXBuildStyle;
			buildSettings = {
				COPY_PHASE_STRIP = NO;
			};
			name = MinSizeRel;
		};
		B69DF24473CB4FBA85A25827 /* RelWithDebInfo */ = {
			isa = PBXBuildStyle;
			buildSettings = {
				COPY_PHASE_STRIP = NO;
			};
			name = RelWithDebInfo;
		};
		F96BAA5112A74A1EB02FE2C4 /* Release */ = {
			isa = PBXBuildStyle;
			buildSettings = {
				COPY_PHASE_STRIP = NO;
			};
			name = Release;
		};
/* End PBXBuildStyle section */

/* Begin PBXContainerItemProxy section */
		0E08011297CD4E3C966142FF /* PBXContainerItemProxy */ = {
			isa = PBXContainerItemProxy;
			containerPortal = 09CB6898608D4005ACC2E495 /* Project object */;
			proxyType = 1;
			remoteGlobalIDString = 8FADF47C6B244CB083E9A741;
			remoteInfo = ZERO_CHECK;
		};
		1194017B223648C7B1387108 /* PBXContainerItemProxy */ = {
			isa = PBXContainerItemProxy;
			containerPortal = 09CB6898608D4005ACC2E495 /* Project object */;
			proxyType = 1;
			remoteGlobalIDString = 9BA90879046B4C0CB4BEDDD4;
			remoteInfo = Phan;
		};
		1A1F553F778246EE9BC9C858 /* PBXContainerItemProxy */ = {
			isa = PBXContainerItemProxy;
			containerPortal = 09CB6898608D4005ACC2E495 /* Project object */;
			proxyType = 1;
			remoteGlobalIDString = 8FADF47C6B244CB083E9A741;
			remoteInfo = ZERO_CHECK;
		};
		34A33C061BB443219757C352 /* PBXContainerItemProxy */ = {
			isa = PBXContainerItemProxy;
			containerPortal = 09CB6898608D4005ACC2E495 /* Project object */;
			proxyType = 1;
			remoteGlobalIDString = 8FADF47C6B244CB083E9A741;
			remoteInfo = ZERO_CHECK;
		};
		3E607B848F68495587DA2F84 /* PBXContainerItemProxy */ = {
			isa = PBXContainerItemProxy;
			containerPortal = 09CB6898608D4005ACC2E495 /* Project object */;
			proxyType = 1;
			remoteGlobalIDString = A968013829354478813C5271;
			remoteInfo = testlib;
		};
		3E881FF683384839AF27F422 /* PBXContainerItemProxy */ = {
			isa = PBXContainerItemProxy;
			containerPortal = 09CB6898608D4005ACC2E495 /* Project object */;
			proxyType = 1;
			remoteGlobalIDString = 8FADF47C6B244CB083E9A741;
			remoteInfo = ZERO_CHECK;
		};
		57F982E19B7E48B7A253CD9B /* PBXContainerItemProxy */ = {
			isa = PBXContainerItemProxy;
			containerPortal = 09CB6898608D4005ACC2E495 /* Project object */;
			proxyType = 1;
			remoteGlobalIDString = D5FC32BDE1794409B65F4670;
			remoteInfo = ALL_BUILD;
		};
		5AE4049EB7AC476A85AAFA18 /* PBXContainerItemProxy */ = {
			isa = PBXContainerItemProxy;
			containerPortal = 09CB6898608D4005ACC2E495 /* Project object */;
			proxyType = 1;
			remoteGlobalIDString = 9BA90879046B4C0CB4BEDDD4;
			remoteInfo = Phan;
		};
		61F443D024DF4A87803A6A29 /* PBXContainerItemProxy */ = {
			isa = PBXContainerItemProxy;
			containerPortal = 09CB6898608D4005ACC2E495 /* Project object */;
			proxyType = 1;
			remoteGlobalIDString = 9BA90879046B4C0CB4BEDDD4;
			remoteInfo = Phan;
		};
		6E0BDBE098474DF8AEBB02FE /* PBXContainerItemProxy */ = {
			isa = PBXContainerItemProxy;
			containerPortal = 09CB6898608D4005ACC2E495 /* Project object */;
			proxyType = 1;
			remoteGlobalIDString = D963DD3D95CF40AAB536E6C0;
			remoteInfo = app1;
		};
		A108FA212C94496A90574F8E /* PBXContainerItemProxy */ = {
			isa = PBXContainerItemProxy;
			containerPortal = 09CB6898608D4005ACC2E495 /* Project object */;
			proxyType = 1;
			remoteGlobalIDString = D5FC32BDE1794409B65F4670;
			remoteInfo = ALL_BUILD;
		};
		B02DE46FB77840509673D812 /* PBXContainerItemProxy */ = {
			isa = PBXContainerItemProxy;
			containerPortal = 09CB6898608D4005ACC2E495 /* Project object */;
			proxyType = 1;
			remoteGlobalIDString = 8FADF47C6B244CB083E9A741;
			remoteInfo = ZERO_CHECK;
		};
		C7F95506811B4D35B902BD31 /* PBXContainerItemProxy */ = {
			isa = PBXContainerItemProxy;
			containerPortal = 09CB6898608D4005ACC2E495 /* Project object */;
			proxyType = 1;
			remoteGlobalIDString = 8FADF47C6B244CB083E9A741;
			remoteInfo = ZERO_CHECK;
		};
		D8F9BE8FE0874B2CA44BB16D /* PBXContainerItemProxy */ = {
			isa = PBXContainerItemProxy;
			containerPortal = 09CB6898608D4005ACC2E495 /* Project object */;
			proxyType = 1;
			remoteGlobalIDString = 8FADF47C6B244CB083E9A741;
			remoteInfo = ZERO_CHECK;
		};
		DC57B501B63242309122CCE8 /* PBXContainerItemProxy */ = {
			isa = PBXContainerItemProxy;
			containerPortal = 09CB6898608D4005ACC2E495 /* Project object */;
			proxyType = 1;
			remoteGlobalIDString = 8FADF47C6B244CB083E9A741;
			remoteInfo = ZERO_CHECK;
		};
		EF9081D2263447079DAF0459 /* PBXContainerItemProxy */ = {
			isa = PBXContainerItemProxy;
			containerPortal = 09CB6898608D4005ACC2E495 /* Project object */;
			proxyType = 1;
			remoteGlobalIDString = 8FADF47C6B244CB083E9A741;
			remoteInfo = ZERO_CHECK;
		};
/* End PBXContainerItemProxy section */

/* Begin PBXFileReference section */
		0136E94AEE104B80BED5A7C6 /* /Users/philipwenkel/GitHub/Phan/apps/app1/app.hpp.in */ = {isa = PBXFileReference; explicitFileType = sourcecode; fileEncoding = 4; name = app.hpp.in; path = apps/app1/app.hpp.in; sourceTree = SOURCE_ROOT; };
		0525A891D5EA43B581F2EA26 /* /Users/philipwenkel/GitHub/Phan/CMakeLists.txt */ = {isa = PBXFileReference; explicitFileType = sourcecode.text; fileEncoding = 4; name = CMakeLists.txt; path = CMakeLists.txt; sourceTree = SOURCE_ROOT; };
		08A1690606BE4760ADB5D12D /* /Users/philipwenkel/GitHub/Phan/CMakeLists.txt */ = {isa = PBXFileReference; explicitFileType = sourcecode.text; fileEncoding = 4; name = CMakeLists.txt; path = CMakeLists.txt; sourceTree = SOURCE_ROOT; };
		0AD891721A2247039ED610F4 /* /Users/philipwenkel/GitHub/Phan/include/test.hpp */ = {isa = PBXFileReference; explicitFileType = sourcecode.cpp.h; fileEncoding = 4; name = test.hpp; path = include/test.hpp; sourceTree = SOURCE_ROOT; };
		225C60AA35BC46399F104826 /* Phan */ = {isa = PBXFileReference; explicitFileType = archive.ar; path = libPhan.a; sourceTree = BUILT_PRODUCTS_DIR; };
		377895A8068F4ACFA9E152DF /* /Users/philipwenkel/GitHub/Phan/CMakeLists.txt */ = {isa = PBXFileReference; explicitFileType = sourcecode.text; fileEncoding = 4; name = CMakeLists.txt; path = CMakeLists.txt; sourceTree = SOURCE_ROOT; };
		441751E09DE1462D8483797B /* /Users/philipwenkel/GitHub/Phan/CMakeLists.txt */ = {isa = PBXFileReference; explicitFileType = sourcecode.text; fileEncoding = 4; name = CMakeLists.txt; path = CMakeLists.txt; sourceTree = SOURCE_ROOT; };
		467EF525F20B439A8E05993D /* /Users/philipwenkel/GitHub/Phan/xbuild/apps/app1/CMakeFiles/app1.dir/Info.plist */ = {isa = PBXFileReference; explicitFileType = sourcecode.text.plist; fileEncoding = 4; name = Info.plist; path = xbuild/apps/app1/CMakeFiles/app1.dir/Info.plist; sourceTree = SOURCE_ROOT; };
		47F61A59D4FD48C49D587257 /* /Users/philipwenkel/GitHub/Phan/.gitignore */ = {isa = PBXFileReference; explicitFileType = sourcecode; fileEncoding = 4; name = .gitignore; path = .gitignore; sourceTree = SOURCE_ROOT; };
		57BEE3630BB14AA9B7B60043 /* app1 */ = {isa = PBXFileReference; explicitFileType = "compiled.mach-o.executable"; path = app1; sourceTree = BUILT_PRODUCTS_DIR; };
		7104F3170D7F4FF386E22F9F /* /Users/philipwenkel/GitHub/Phan/README.md */ = {isa = PBXFileReference; explicitFileType = sourcecode; fileEncoding = 4; name = README.md; path = README.md; sourceTree = SOURCE_ROOT; };
		7407832427A34B3FA2BC9BF2 /* /Users/philipwenkel/GitHub/Phan/apps/app1/CMakeLists.txt */ = {isa = PBXFileReference; explicitFileType = sourcecode.text; fileEncoding = 4; name = CMakeLists.txt; path = apps/app1/CMakeLists.txt; sourceTree = SOURCE_ROOT; };
		767D262D7F3C4512B01EBAE0 /* /Users/philipwenkel/GitHub/Phan/apps/app1/CMakeLists.txt */ = {isa = PBXFileReference; explicitFileType = sourcecode.text; fileEncoding = 4; name = CMakeLists.txt; path = apps/app1/CMakeLists.txt; sourceTree = SOURCE_ROOT; };
		8AC6B592CF794EEEBB056980 /* testlib */ = {isa = PBXFileReference; explicitFileType = "compiled.mach-o.executable"; path = testlib; sourceTree = BUILT_PRODUCTS_DIR; };
		9BC898C38DA1419CA59E0999 /* /Users/philipwenkel/GitHub/Phan/src/CMakeLists.txt */ = {isa = PBXFileReference; explicitFileType = sourcecode.text; fileEncoding = 4; name = CMakeLists.txt; path = src/CMakeLists.txt; sourceTree = SOURCE_ROOT; };
		A243CCE8008246FB9E95518C /* /Users/philipwenkel/GitHub/Phan/apps/app1/app_2_.hpp */ = {isa = PBXFileReference; explicitFileType = sourcecode.cpp.h; fileEncoding = 4; name = app_2_.hpp; path = apps/app1/app_2_.hpp; sourceTree = SOURCE_ROOT; };
		A6093B70599A42CD8F23C8CB /* /Users/philipwenkel/GitHub/Phan/include/version.hpp */ = {isa = PBXFileReference; explicitFileType = sourcecode.cpp.h; fileEncoding = 4; name = version.hpp; path = include/version.hpp; sourceTree = SOURCE_ROOT; };
		A74C0F438D554C4EA4112F07 /* /Users/philipwenkel/GitHub/Phan/tests/testlib.cpp */ = {isa = PBXFileReference; explicitFileType = sourcecode.cpp.cpp; fileEncoding = 4; name = testlib.cpp; path = tests/testlib.cpp; sourceTree = SOURCE_ROOT; };
		A9A83754FDFC4991B265DF24 /* /Users/philipwenkel/GitHub/Phan/apps/app1/app.cpp */ = {isa = PBXFileReference; explicitFileType = sourcecode.cpp.cpp; fileEncoding = 4; name = app.cpp; path = apps/app1/app.cpp; sourceTree = SOURCE_ROOT; };
		AF35CC28F4FC4143AAEFBD86 /* /Users/philipwenkel/GitHub/Phan/tests/CMakeLists.txt */ = {isa = PBXFileReference; explicitFileType = sourcecode.text; fileEncoding = 4; name = CMakeLists.txt; path = tests/CMakeLists.txt; sourceTree = SOURCE_ROOT; };
		B53B902C3356477BAA8FACB9 /* /Users/philipwenkel/GitHub/Phan/src/template_library.cpp */ = {isa = PBXFileReference; explicitFileType = sourcecode.cpp.cpp; fileEncoding = 4; name = template_library.cpp; path = src/template_library.cpp; sourceTree = SOURCE_ROOT; };
		C46C7ACC187A4567ADED1ADB /* /Users/philipwenkel/GitHub/Phan/xbuild/apps/app1/app_2.hpp */ = {isa = PBXFileReference; explicitFileType = sourcecode.cpp.h; fileEncoding = 4; name = app_2.hpp; path = xbuild/apps/app1/app_2.hpp; sourceTree = SOURCE_ROOT; };
		C61E7AF0C261479DB2A3E365 /* /Users/philipwenkel/GitHub/Phan/CMakeLists.txt */ = {isa = PBXFileReference; explicitFileType = sourcecode.text; fileEncoding = 4; name = CMakeLists.txt; path = CMakeLists.txt; sourceTree = SOURCE_ROOT; };
		D16FD9E6BADF4277AC23416A /* /Users/philipwenkel/GitHub/Phan/src/generators/generatorA/src/generator.cpp */ = {isa = PBXFileReference; explicitFileType = sourcecode.cpp.cpp; fileEncoding = 4; name = generator.cpp; path = src/generators/generatorA/src/generator.cpp; sourceTree = SOURCE_ROOT; };
		D2C2B05345494598AF77D5AC /* /Users/philipwenkel/GitHub/Phan/include/template_library/template_library.hpp */ = {isa = PBXFileReference; explicitFileType = sourcecode.cpp.h; fileEncoding = 4; name = template_library.hpp; path = include/template_library/template_library.hpp; sourceTree = SOURCE_ROOT; };
		E4DBD418DB0B406685E88257 /* /Users/philipwenkel/GitHub/Phan/xbuild/apps/app1/app.hpp */ = {isa = PBXFileReference; explicitFileType = sourcecode.cpp.h; fileEncoding = 4; name = app.hpp; path = xbuild/apps/app1/app.hpp; sourceTree = SOURCE_ROOT; };
		FAB4729F3F7F4721A35B4126 /* /Users/philipwenkel/GitHub/Phan/LICENSE */ = {isa = PBXFileReference; explicitFileType = sourcecode; fileEncoding = 4; name = LICENSE; path = LICENSE; sourceTree = SOURCE_ROOT; };
/* End PBXFileReference section */

/* Begin PBXFrameworksBuildPhase section */
		93D3A5DD66F444959414EDE1 /* Frameworks */ = {
			isa = PBXFrameworksBuildPhase;
			buildActionMask = 2147483647;
			files = (
			);
			runOnlyForDeploymentPostprocessing = 0;
		};
		B5F9FDDE290545ED9D48FA5C /* Frameworks */ = {
			isa = PBXFrameworksBuildPhase;
			buildActionMask = 2147483647;
			files = (
			);
			runOnlyForDeploymentPostprocessing = 0;
		};
		FABF39B563E64AB683BC5AE4 /* Frameworks */ = {
			isa = PBXFrameworksBuildPhase;
			buildActionMask = 2147483647;
			files = (
			);
			runOnlyForDeploymentPostprocessing = 0;
		};
/* End PBXFrameworksBuildPhase section */

/* Begin PBXGroup section */
		043F477264914E0EB23C6C25 /* Header Files */ = {
			isa = PBXGroup;
			children = (
				D2C2B05345494598AF77D5AC /* /Users/philipwenkel/GitHub/Phan/include/template_library/template_library.hpp */,
				0AD891721A2247039ED610F4 /* /Users/philipwenkel/GitHub/Phan/include/test.hpp */,
				A6093B70599A42CD8F23C8CB /* /Users/philipwenkel/GitHub/Phan/include/version.hpp */,
			);
			name = "Header Files";
			sourceTree = "<group>";
		};
		084D5709A13C4830B179540F /* Frameworks */ = {
			isa = PBXGroup;
			children = (
			);
			name = Frameworks;
			sourceTree = "<group>";
		};
		0F225F31FFC1466F8682C44E /* Source Files */ = {
			isa = PBXGroup;
			children = (
				A74C0F438D554C4EA4112F07 /* /Users/philipwenkel/GitHub/Phan/tests/testlib.cpp */,
			);
			name = "Source Files";
			sourceTree = "<group>";
		};
		151B5524A30346F1BFC83281 /* CTestDashboardTargets */ = {
			isa = PBXGroup;
			children = (
				544D11D02E894520BF5F1EEE /* NightlyMemoryCheck */,
				2F71B0F2B5554B91A17B9AB4 /* Nightly */,
				301B9520F86C4C2295CAF083 /* Continuous */,
				4647EEFCC7B94CCCBBDDA71B /* Experimental */,
			);
			name = CTestDashboardTargets;
			sourceTree = "<group>";
		};
		2F71B0F2B5554B91A17B9AB4 /* Nightly */ = {
			isa = PBXGroup;
			children = (
				9C61FB813C134503BC9617EB /* CMake Rules */,
				0525A891D5EA43B581F2EA26 /* /Users/philipwenkel/GitHub/Phan/CMakeLists.txt */,
			);
			name = Nightly;
			sourceTree = "<group>";
		};
		301B9520F86C4C2295CAF083 /* Continuous */ = {
			isa = PBXGroup;
			children = (
				7E046931A5F14560856DF9D0 /* CMake Rules */,
				08A1690606BE4760ADB5D12D /* /Users/philipwenkel/GitHub/Phan/CMakeLists.txt */,
			);
			name = Continuous;
			sourceTree = "<group>";
		};
		4647EEFCC7B94CCCBBDDA71B /* Experimental */ = {
			isa = PBXGroup;
			children = (
				663C5DC315964AD08CB2AA0A /* CMake Rules */,
				C61E7AF0C261479DB2A3E365 /* /Users/philipwenkel/GitHub/Phan/CMakeLists.txt */,
			);
			name = Experimental;
			sourceTree = "<group>";
		};
		47D33A394891443B86FA1364 /* Source Files */ = {
			isa = PBXGroup;
			children = (
				D16FD9E6BADF4277AC23416A /* /Users/philipwenkel/GitHub/Phan/src/generators/generatorA/src/generator.cpp */,
				B53B902C3356477BAA8FACB9 /* /Users/philipwenkel/GitHub/Phan/src/template_library.cpp */,
			);
			name = "Source Files";
			sourceTree = "<group>";
		};
		544D11D02E894520BF5F1EEE /* NightlyMemoryCheck */ = {
			isa = PBXGroup;
			children = (
				C9F6E70ABDF64F6B95C2E918 /* CMake Rules */,
				377895A8068F4ACFA9E152DF /* /Users/philipwenkel/GitHub/Phan/CMakeLists.txt */,
			);
			name = NightlyMemoryCheck;
			sourceTree = "<group>";
		};
		566B7E1B3A914B99B9530B4D /* Docs */ = {
			isa = PBXGroup;
			children = (
				7104F3170D7F4FF386E22F9F /* /Users/philipwenkel/GitHub/Phan/README.md */,
				47F61A59D4FD48C49D587257 /* /Users/philipwenkel/GitHub/Phan/.gitignore */,
				FAB4729F3F7F4721A35B4126 /* /Users/philipwenkel/GitHub/Phan/LICENSE */,
				7407832427A34B3FA2BC9BF2 /* /Users/philipwenkel/GitHub/Phan/apps/app1/CMakeLists.txt */,
			);
			name = Docs;
			sourceTree = "<group>";
		};
		65BAACE5EBEF444FB5FCD0D6 /* Header Files */ = {
			isa = PBXGroup;
			children = (
				0136E94AEE104B80BED5A7C6 /* /Users/philipwenkel/GitHub/Phan/apps/app1/app.hpp.in */,
				A243CCE8008246FB9E95518C /* /Users/philipwenkel/GitHub/Phan/apps/app1/app_2_.hpp */,
				E4DBD418DB0B406685E88257 /* /Users/philipwenkel/GitHub/Phan/xbuild/apps/app1/app.hpp */,
				C46C7ACC187A4567ADED1ADB /* /Users/philipwenkel/GitHub/Phan/xbuild/apps/app1/app_2.hpp */,
			);
			name = "Header Files";
			sourceTree = "<group>";
		};
		663C5DC315964AD08CB2AA0A /* CMake Rules */ = {
			isa = PBXGroup;
			children = (
			);
			name = "CMake Rules";
			sourceTree = "<group>";
		};
		6EC993E64D6D4A5E913A9FDF /* Resources */ = {
			isa = PBXGroup;
			children = (
				467EF525F20B439A8E05993D /* /Users/philipwenkel/GitHub/Phan/xbuild/apps/app1/CMakeFiles/app1.dir/Info.plist */,
			);
			name = Resources;
			sourceTree = "<group>";
		};
		706F786D9D7B4EAD8737E5AD /* Phan */ = {
			isa = PBXGroup;
			children = (
				47D33A394891443B86FA1364 /* Source Files */,
				043F477264914E0EB23C6C25 /* Header Files */,
				9BC898C38DA1419CA59E0999 /* /Users/philipwenkel/GitHub/Phan/src/CMakeLists.txt */,
			);
			name = Phan;
			sourceTree = "<group>";
		};
		70B04C6D8199412C8597E0D8 /* CMake Rules */ = {
			isa = PBXGroup;
			children = (
			);
			name = "CMake Rules";
			sourceTree = "<group>";
		};
		710C6F6A1A2C4C828233B4BB = {
			isa = PBXGroup;
			children = (
				151B5524A30346F1BFC83281 /* CTestDashboardTargets */,
				88748670ECCC464C8CD9AC01 /* ALL_BUILD */,
				706F786D9D7B4EAD8737E5AD /* Phan */,
				566B7E1B3A914B99B9530B4D /* Docs */,
				CEDA441EF1264625BF107FF1 /* app1 */,
				B009F332B44C41E9A900C69D /* testlib */,
				D30E6CE6DD464208B99FBC3E /* Products */,
				084D5709A13C4830B179540F /* Frameworks */,
			);
			sourceTree = "<group>";
		};
		7E046931A5F14560856DF9D0 /* CMake Rules */ = {
			isa = PBXGroup;
			children = (
			);
			name = "CMake Rules";
			sourceTree = "<group>";
		};
		88748670ECCC464C8CD9AC01 /* ALL_BUILD */ = {
			isa = PBXGroup;
			children = (
				70B04C6D8199412C8597E0D8 /* CMake Rules */,
				441751E09DE1462D8483797B /* /Users/philipwenkel/GitHub/Phan/CMakeLists.txt */,
			);
			name = ALL_BUILD;
			sourceTree = "<group>";
		};
		9C61FB813C134503BC9617EB /* CMake Rules */ = {
			isa = PBXGroup;
			children = (
			);
			name = "CMake Rules";
			sourceTree = "<group>";
		};
		B009F332B44C41E9A900C69D /* testlib */ = {
			isa = PBXGroup;
			children = (
				0F225F31FFC1466F8682C44E /* Source Files */,
				AF35CC28F4FC4143AAEFBD86 /* /Users/philipwenkel/GitHub/Phan/tests/CMakeLists.txt */,
			);
			name = testlib;
			sourceTree = "<group>";
		};
		C9F6E70ABDF64F6B95C2E918 /* CMake Rules */ = {
			isa = PBXGroup;
			children = (
			);
			name = "CMake Rules";
			sourceTree = "<group>";
		};
		CEDA441EF1264625BF107FF1 /* app1 */ = {
			isa = PBXGroup;
			children = (
				EFBDAD1F00F6486AB4DB1397 /* Source Files */,
				65BAACE5EBEF444FB5FCD0D6 /* Header Files */,
				6EC993E64D6D4A5E913A9FDF /* Resources */,
				767D262D7F3C4512B01EBAE0 /* /Users/philipwenkel/GitHub/Phan/apps/app1/CMakeLists.txt */,
			);
			name = app1;
			sourceTree = "<group>";
		};
		D30E6CE6DD464208B99FBC3E /* Products */ = {
			isa = PBXGroup;
			children = (
				225C60AA35BC46399F104826 /* Phan */,
				57BEE3630BB14AA9B7B60043 /* app1 */,
				8AC6B592CF794EEEBB056980 /* testlib */,
			);
			name = Products;
			sourceTree = "<group>";
		};
		EFBDAD1F00F6486AB4DB1397 /* Source Files */ = {
			isa = PBXGroup;
			children = (
				A9A83754FDFC4991B265DF24 /* /Users/philipwenkel/GitHub/Phan/apps/app1/app.cpp */,
			);
			name = "Source Files";
			sourceTree = "<group>";
		};
/* End PBXGroup section */

/* Begin PBXNativeTarget section */
		9BA90879046B4C0CB4BEDDD4 /* Phan */ = {
			isa = PBXNativeTarget;
			buildConfigurationList = 1B81241313184F138057D0EA /* Build configuration list for PBXNativeTarget "Phan" */;
			buildPhases = (
				641EBBCEAFBA488CA6B95A3C /* Sources */,
				FABF39B563E64AB683BC5AE4 /* Frameworks */,
			);
			buildRules = (
			);
			dependencies = (
				706B9BDEE6144D87B0F285F4 /* PBXTargetDependency */,
			);
			name = Phan;
			productName = Phan;
			productReference = 225C60AA35BC46399F104826 /* Phan */;
			productType = "com.apple.product-type.library.static";
		};
		A968013829354478813C5271 /* testlib */ = {
			isa = PBXNativeTarget;
			buildConfigurationList = B0607B30A2CB4A988D8D0528 /* Build configuration list for PBXNativeTarget "testlib" */;
			buildPhases = (
				9100F9E53E084A9D984BDEC5 /* Sources */,
				93D3A5DD66F444959414EDE1 /* Frameworks */,
			);
			buildRules = (
			);
			dependencies = (
				04B09EB3807B45FBA28469BD /* PBXTargetDependency */,
				0D68B5254EC247D680DA487E /* PBXTargetDependency */,
			);
			name = testlib;
			productName = testlib;
			productReference = 8AC6B592CF794EEEBB056980 /* testlib */;
			productType = "com.apple.product-type.tool";
		};
		D963DD3D95CF40AAB536E6C0 /* app1 */ = {
			isa = PBXNativeTarget;
			buildConfigurationList = EF1425C98EB54E6A93FE7C64 /* Build configuration list for PBXNativeTarget "app1" */;
			buildPhases = (
				9FB736C4210D49CBAC07E25D /* Sources */,
				B5F9FDDE290545ED9D48FA5C /* Frameworks */,
			);
			buildRules = (
			);
			dependencies = (
				001DE8EADF8F476A9A2FBDC4 /* PBXTargetDependency */,
				F8C6B0F6ED064937B5E1FA73 /* PBXTargetDependency */,
			);
			name = app1;
			productName = app1;
			productReference = 57BEE3630BB14AA9B7B60043 /* app1 */;
			productType = "com.apple.product-type.application";
		};
/* End PBXNativeTarget section */

/* Begin PBXProject section */
		09CB6898608D4005ACC2E495 /* Project object */ = {
			isa = PBXProject;
			attributes = {
				BuildIndependentTargetsInParallel = YES;
				LastUpgradeCheck = 1250;
			};
			buildConfigurationList = 3B4087EA0D604515866AAD6F /* Build configuration list for PBXProject "Phan" */;
			buildSettings = {
			};
			buildStyles = (
				138B31CA88CE4DF78C3FFE51 /* Debug */,
				F96BAA5112A74A1EB02FE2C4 /* Release */,
				A6A6A0823DF1489A9333FCB5 /* MinSizeRel */,
				B69DF24473CB4FBA85A25827 /* RelWithDebInfo */,
			);
			compatibilityVersion = "Xcode 3.2";
			hasScannedForEncodings = 0;
			mainGroup = 710C6F6A1A2C4C828233B4BB;
			projectDirPath = ../;
			projectRoot = "";
			targets = (
				D5FC32BDE1794409B65F4670 /* ALL_BUILD */,
				6CA71F81FC12429E90D48B11 /* Continuous */,
				45F92787364D4F9F910B1A1B /* Docs */,
				704F04DA7AB348D383B876D1 /* Experimental */,
				97F3D6901D7A4DF8A029B91C /* Nightly */,
				D3D99784C6B64CAA96AE1ED0 /* NightlyMemoryCheck */,
				9BA90879046B4C0CB4BEDDD4 /* Phan */,
				6366D57333D740488173BD6A /* RUN_TESTS */,
				8FADF47C6B244CB083E9A741 /* ZERO_CHECK */,
				D963DD3D95CF40AAB536E6C0 /* app1 */,
				5E2CB7D44EEF4D5BBCEF4953 /* install */,
				8AFDCD1716B043DF953092B2 /* package */,
				A968013829354478813C5271 /* testlib */,
			);
		};
/* End PBXProject section */

/* Begin PBXShellScriptBuildPhase section */
		003C8D08B0008F35F218E126 /* CMake PostBuild Rules */ = {
			isa = PBXShellScriptBuildPhase;
			alwaysOutOfDate = 1;
			buildActionMask = 2147483647;
			files = (
			);
			name = "CMake PostBuild Rules";
			outputPaths = (
			);
			runOnlyForDeploymentPostprocessing = 0;
			shellPath = /bin/sh;
			shellScript = "set -e
if test \"$CONFIGURATION\" = \"Debug\"; then :
  cd /Users/philipwenkel/GitHub/Phan/xbuild
  /usr/local/Cellar/cmake/3.19.6/bin/ctest --force-new-ctest-process -C $CONFIGURATION$EFFECTIVE_PLATFORM_NAME
fi
if test \"$CONFIGURATION\" = \"Release\"; then :
  cd /Users/philipwenkel/GitHub/Phan/xbuild
  /usr/local/Cellar/cmake/3.19.6/bin/ctest --force-new-ctest-process -C $CONFIGURATION$EFFECTIVE_PLATFORM_NAME
fi
if test \"$CONFIGURATION\" = \"MinSizeRel\"; then :
  cd /Users/philipwenkel/GitHub/Phan/xbuild
  /usr/local/Cellar/cmake/3.19.6/bin/ctest --force-new-ctest-process -C $CONFIGURATION$EFFECTIVE_PLATFORM_NAME
fi
if test \"$CONFIGURATION\" = \"RelWithDebInfo\"; then :
  cd /Users/philipwenkel/GitHub/Phan/xbuild
  /usr/local/Cellar/cmake/3.19.6/bin/ctest --force-new-ctest-process -C $CONFIGURATION$EFFECTIVE_PLATFORM_NAME
fi
";
			showEnvVarsInLog = 0;
		};
		09FB783FD30DC6E66DF354AF = {
			isa = PBXShellScriptBuildPhase;
			buildActionMask = 2147483647;
			files = (
			);
			inputPaths = (
			);
			outputPaths = (
			);
			runOnlyForDeploymentPostprocessing = 0;
			shellPath = /bin/sh;
			shellScript = "# shell script goes here
exit 0";
			showEnvVarsInLog = 0;
		};
		0E5DF4BCF808ADBA9D3ED0CD /* Generate CMakeFiles/ALL_BUILD */ = {
			isa = PBXShellScriptBuildPhase;
			alwaysOutOfDate = 1;
			buildActionMask = 2147483647;
			files = (
			);
			inputPaths = (
			);
			name = "Generate CMakeFiles/ALL_BUILD";
			outputPaths = (
/Users/philipwenkel/GitHub/Phan/xbuild/CMakeFiles/ALL_BUILD			);
			runOnlyForDeploymentPostprocessing = 0;
			shellPath = /bin/sh;
			shellScript = "set -e
if test \"$CONFIGURATION\" = \"Debug\"; then :
  cd /Users/philipwenkel/GitHub/Phan/xbuild
  echo Build\\ all\\ projects
fi
if test \"$CONFIGURATION\" = \"Release\"; then :
  cd /Users/philipwenkel/GitHub/Phan/xbuild
  echo Build\\ all\\ projects
fi
if test \"$CONFIGURATION\" = \"MinSizeRel\"; then :
  cd /Users/philipwenkel/GitHub/Phan/xbuild
  echo Build\\ all\\ projects
fi
if test \"$CONFIGURATION\" = \"RelWithDebInfo\"; then :
  cd /Users/philipwenkel/GitHub/Phan/xbuild
  echo Build\\ all\\ projects
fi
";
			showEnvVarsInLog = 0;
		};
		23E0E19C1FE635DB84934AD9 = {
			isa = PBXShellScriptBuildPhase;
			buildActionMask = 2147483647;
			files = (
			);
			inputPaths = (
			);
			outputPaths = (
			);
			runOnlyForDeploymentPostprocessing = 0;
			shellPath = /bin/sh;
			shellScript = "# shell script goes here
exit 0";
			showEnvVarsInLog = 0;
		};
		323E6CE94951678BF055CC89 = {
			isa = PBXShellScriptBuildPhase;
			buildActionMask = 2147483647;
			files = (
			);
			inputPaths = (
			);
			outputPaths = (
			);
			runOnlyForDeploymentPostprocessing = 0;
			shellPath = /bin/sh;
			shellScript = "# shell script goes here
exit 0";
			showEnvVarsInLog = 0;
		};
		33DC0D30B4CB5F3DFCFA203E = {
			isa = PBXShellScriptBuildPhase;
			buildActionMask = 2147483647;
			files = (
			);
			inputPaths = (
			);
			outputPaths = (
			);
			runOnlyForDeploymentPostprocessing = 0;
			shellPath = /bin/sh;
			shellScript = "# shell script goes here
exit 0";
			showEnvVarsInLog = 0;
		};
		3C0110FC8322DE7E50886E21 = {
			isa = PBXShellScriptBuildPhase;
			buildActionMask = 2147483647;
			files = (
			);
			inputPaths = (
			);
			outputPaths = (
			);
			runOnlyForDeploymentPostprocessing = 0;
			shellPath = /bin/sh;
			shellScript = "# shell script goes here
exit 0";
			showEnvVarsInLog = 0;
		};
		571234464C2A5D0D43F1AB42 /* CMake PostBuild Rules */ = {
			isa = PBXShellScriptBuildPhase;
			alwaysOutOfDate = 1;
			buildActionMask = 2147483647;
			files = (
			);
			name = "CMake PostBuild Rules";
			outputPaths = (
			);
			runOnlyForDeploymentPostprocessing = 0;
			shellPath = /bin/sh;
			shellScript = "set -e
if test \"$CONFIGURATION\" = \"Debug\"; then :
  cd /Users/philipwenkel/GitHub/Phan/xbuild
  /usr/local/Cellar/cmake/3.19.6/bin/cpack -C $CONFIGURATION$EFFECTIVE_PLATFORM_NAME --config ./CPackConfig.cmake
fi
if test \"$CONFIGURATION\" = \"Release\"; then :
  cd /Users/philipwenkel/GitHub/Phan/xbuild
  /usr/local/Cellar/cmake/3.19.6/bin/cpack -C $CONFIGURATION$EFFECTIVE_PLATFORM_NAME --config ./CPackConfig.cmake
fi
if test \"$CONFIGURATION\" = \"MinSizeRel\"; then :
  cd /Users/philipwenkel/GitHub/Phan/xbuild
  /usr/local/Cellar/cmake/3.19.6/bin/cpack -C $CONFIGURATION$EFFECTIVE_PLATFORM_NAME --config ./CPackConfig.cmake
fi
if test \"$CONFIGURATION\" = \"RelWithDebInfo\"; then :
  cd /Users/philipwenkel/GitHub/Phan/xbuild
  /usr/local/Cellar/cmake/3.19.6/bin/cpack -C $CONFIGURATION$EFFECTIVE_PLATFORM_NAME --config ./CPackConfig.cmake
fi
";
			showEnvVarsInLog = 0;
		};
		661D9C604B3B91332E7543CC = {
			isa = PBXShellScriptBuildPhase;
			buildActionMask = 2147483647;
			files = (
			);
			inputPaths = (
			);
			outputPaths = (
			);
			runOnlyForDeploymentPostprocessing = 0;
			shellPath = /bin/sh;
			shellScript = "# shell script goes here
exit 0";
			showEnvVarsInLog = 0;
		};
		8554F67ABD61F9FF68E881B7 /* Generate CMakeFiles/Experimental */ = {
			isa = PBXShellScriptBuildPhase;
			alwaysOutOfDate = 1;
			buildActionMask = 2147483647;
			files = (
			);
			inputPaths = (
			);
			name = "Generate CMakeFiles/Experimental";
			outputPaths = (
/Users/philipwenkel/GitHub/Phan/xbuild/CMakeFiles/Experimental			);
			runOnlyForDeploymentPostprocessing = 0;
			shellPath = /bin/sh;
			shellScript = "set -e
if test \"$CONFIGURATION\" = \"Debug\"; then :
  cd /Users/philipwenkel/GitHub/Phan/xbuild
  /usr/local/Cellar/cmake/3.19.6/bin/ctest -C $CONFIGURATION$EFFECTIVE_PLATFORM_NAME -D Experimental
fi
if test \"$CONFIGURATION\" = \"Release\"; then :
  cd /Users/philipwenkel/GitHub/Phan/xbuild
  /usr/local/Cellar/cmake/3.19.6/bin/ctest -C $CONFIGURATION$EFFECTIVE_PLATFORM_NAME -D Experimental
fi
if test \"$CONFIGURATION\" = \"MinSizeRel\"; then :
  cd /Users/philipwenkel/GitHub/Phan/xbuild
  /usr/local/Cellar/cmake/3.19.6/bin/ctest -C $CONFIGURATION$EFFECTIVE_PLATFORM_NAME -D Experimental
fi
if test \"$CONFIGURATION\" = \"RelWithDebInfo\"; then :
  cd /Users/philipwenkel/GitHub/Phan/xbuild
  /usr/local/Cellar/cmake/3.19.6/bin/ctest -C $CONFIGURATION$EFFECTIVE_PLATFORM_NAME -D Experimental
fi
";
			showEnvVarsInLog = 0;
		};
		87AF4882E018677E2624B544 = {
			isa = PBXShellScriptBuildPhase;
			buildActionMask = 2147483647;
			files = (
			);
			inputPaths = (
			);
			outputPaths = (
			);
			runOnlyForDeploymentPostprocessing = 0;
			shellPath = /bin/sh;
			shellScript = "# shell script goes here
exit 0";
			showEnvVarsInLog = 0;
		};
		910A41151295C5F9742C25BD = {
			isa = PBXShellScriptBuildPhase;
			buildActionMask = 2147483647;
			files = (
			);
			inputPaths = (
			);
			outputPaths = (
			);
			runOnlyForDeploymentPostprocessing = 0;
			shellPath = /bin/sh;
			shellScript = "# shell script goes here
exit 0";
			showEnvVarsInLog = 0;
		};
		93426DA6A4AC2C2AC9CE883C /* CMake PostBuild Rules */ = {
			isa = PBXShellScriptBuildPhase;
			alwaysOutOfDate = 1;
			buildActionMask = 2147483647;
			files = (
			);
			name = "CMake PostBuild Rules";
			outputPaths = (
			);
			runOnlyForDeploymentPostprocessing = 0;
			shellPath = /bin/sh;
			shellScript = "set -e
if test \"$CONFIGURATION\" = \"Debug\"; then :
  cd /Users/philipwenkel/GitHub/Phan/xbuild
  /usr/local/Cellar/cmake/3.19.6/bin/cmake -DBUILD_TYPE=$CONFIGURATION$EFFECTIVE_PLATFORM_NAME -P cmake_install.cmake
fi
if test \"$CONFIGURATION\" = \"Release\"; then :
  cd /Users/philipwenkel/GitHub/Phan/xbuild
  /usr/local/Cellar/cmake/3.19.6/bin/cmake -DBUILD_TYPE=$CONFIGURATION$EFFECTIVE_PLATFORM_NAME -P cmake_install.cmake
fi
if test \"$CONFIGURATION\" = \"MinSizeRel\"; then :
  cd /Users/philipwenkel/GitHub/Phan/xbuild
  /usr/local/Cellar/cmake/3.19.6/bin/cmake -DBUILD_TYPE=$CONFIGURATION$EFFECTIVE_PLATFORM_NAME -P cmake_install.cmake
fi
if test \"$CONFIGURATION\" = \"RelWithDebInfo\"; then :
  cd /Users/philipwenkel/GitHub/Phan/xbuild
  /usr/local/Cellar/cmake/3.19.6/bin/cmake -DBUILD_TYPE=$CONFIGURATION$EFFECTIVE_PLATFORM_NAME -P cmake_install.cmake
fi
";
			showEnvVarsInLog = 0;
		};
		9AC0F5DFA0CAC6D10F3C0B68 /* Generate CMakeFiles/Nightly */ = {
			isa = PBXShellScriptBuildPhase;
			alwaysOutOfDate = 1;
			buildActionMask = 2147483647;
			files = (
			);
			inputPaths = (
			);
			name = "Generate CMakeFiles/Nightly";
			outputPaths = (
/Users/philipwenkel/GitHub/Phan/xbuild/CMakeFiles/Nightly			);
			runOnlyForDeploymentPostprocessing = 0;
			shellPath = /bin/sh;
			shellScript = "set -e
if test \"$CONFIGURATION\" = \"Debug\"; then :
  cd /Users/philipwenkel/GitHub/Phan/xbuild
  /usr/local/Cellar/cmake/3.19.6/bin/ctest -C $CONFIGURATION$EFFECTIVE_PLATFORM_NAME -D Nightly
fi
if test \"$CONFIGURATION\" = \"Release\"; then :
  cd /Users/philipwenkel/GitHub/Phan/xbuild
  /usr/local/Cellar/cmake/3.19.6/bin/ctest -C $CONFIGURATION$EFFECTIVE_PLATFORM_NAME -D Nightly
fi
if test \"$CONFIGURATION\" = \"MinSizeRel\"; then :
  cd /Users/philipwenkel/GitHub/Phan/xbuild
  /usr/local/Cellar/cmake/3.19.6/bin/ctest -C $CONFIGURATION$EFFECTIVE_PLATFORM_NAME -D Nightly
fi
if test \"$CONFIGURATION\" = \"RelWithDebInfo\"; then :
  cd /Users/philipwenkel/GitHub/Phan/xbuild
  /usr/local/Cellar/cmake/3.19.6/bin/ctest -C $CONFIGURATION$EFFECTIVE_PLATFORM_NAME -D Nightly
fi
";
			showEnvVarsInLog = 0;
		};
		9B50530E35CC49C82C2FACCF = {
			isa = PBXShellScriptBuildPhase;
			buildActionMask = 2147483647;
			files = (
			);
			inputPaths = (
			);
			outputPaths = (
			);
			runOnlyForDeploymentPostprocessing = 0;
			shellPath = /bin/sh;
			shellScript = "# shell script goes here
exit 0";
			showEnvVarsInLog = 0;
		};
		A2A67200E11F9A9FFC70FC4F /* Generate CMakeFiles/NightlyMemoryCheck */ = {
			isa = PBXShellScriptBuildPhase;
			alwaysOutOfDate = 1;
			buildActionMask = 2147483647;
			files = (
			);
			inputPaths = (
			);
			name = "Generate CMakeFiles/NightlyMemoryCheck";
			outputPaths = (
/Users/philipwenkel/GitHub/Phan/xbuild/CMakeFiles/NightlyMemoryCheck			);
			runOnlyForDeploymentPostprocessing = 0;
			shellPath = /bin/sh;
			shellScript = "set -e
if test \"$CONFIGURATION\" = \"Debug\"; then :
  cd /Users/philipwenkel/GitHub/Phan/xbuild
  /usr/local/Cellar/cmake/3.19.6/bin/ctest -C $CONFIGURATION$EFFECTIVE_PLATFORM_NAME -D NightlyMemoryCheck
fi
if test \"$CONFIGURATION\" = \"Release\"; then :
  cd /Users/philipwenkel/GitHub/Phan/xbuild
  /usr/local/Cellar/cmake/3.19.6/bin/ctest -C $CONFIGURATION$EFFECTIVE_PLATFORM_NAME -D NightlyMemoryCheck
fi
if test \"$CONFIGURATION\" = \"MinSizeRel\"; then :
  cd /Users/philipwenkel/GitHub/Phan/xbuild
  /usr/local/Cellar/cmake/3.19.6/bin/ctest -C $CONFIGURATION$EFFECTIVE_PLATFORM_NAME -D NightlyMemoryCheck
fi
if test \"$CONFIGURATION\" = \"RelWithDebInfo\"; then :
  cd /Users/philipwenkel/GitHub/Phan/xbuild
  /usr/local/Cellar/cmake/3.19.6/bin/ctest -C $CONFIGURATION$EFFECTIVE_PLATFORM_NAME -D NightlyMemoryCheck
fi
";
			showEnvVarsInLog = 0;
		};
		A68D7F74133ED74D8658B427 = {
			isa = PBXShellScriptBuildPhase;
			buildActionMask = 2147483647;
			files = (
			);
			inputPaths = (
			);
			outputPaths = (
			);
			runOnlyForDeploymentPostprocessing = 0;
			shellPath = /bin/sh;
			shellScript = "# shell script goes here
exit 0";
			showEnvVarsInLog = 0;
		};
		B3E69C575AF9B5D687E10508 /* Generate CMakeFiles/Continuous */ = {
			isa = PBXShellScriptBuildPhase;
			alwaysOutOfDate = 1;
			buildActionMask = 2147483647;
			files = (
			);
			inputPaths = (
			);
			name = "Generate CMakeFiles/Continuous";
			outputPaths = (
/Users/philipwenkel/GitHub/Phan/xbuild/CMakeFiles/Continuous			);
			runOnlyForDeploymentPostprocessing = 0;
			shellPath = /bin/sh;
			shellScript = "set -e
if test \"$CONFIGURATION\" = \"Debug\"; then :
  cd /Users/philipwenkel/GitHub/Phan/xbuild
  /usr/local/Cellar/cmake/3.19.6/bin/ctest -C $CONFIGURATION$EFFECTIVE_PLATFORM_NAME -D Continuous
fi
if test \"$CONFIGURATION\" = \"Release\"; then :
  cd /Users/philipwenkel/GitHub/Phan/xbuild
  /usr/local/Cellar/cmake/3.19.6/bin/ctest -C $CONFIGURATION$EFFECTIVE_PLATFORM_NAME -D Continuous
fi
if test \"$CONFIGURATION\" = \"MinSizeRel\"; then :
  cd /Users/philipwenkel/GitHub/Phan/xbuild
  /usr/local/Cellar/cmake/3.19.6/bin/ctest -C $CONFIGURATION$EFFECTIVE_PLATFORM_NAME -D Continuous
fi
if test \"$CONFIGURATION\" = \"RelWithDebInfo\"; then :
  cd /Users/philipwenkel/GitHub/Phan/xbuild
  /usr/local/Cellar/cmake/3.19.6/bin/ctest -C $CONFIGURATION$EFFECTIVE_PLATFORM_NAME -D Continuous
fi
";
			showEnvVarsInLog = 0;
		};
		CBDFEAAEADD63B56FDE42167 /* Generate CMakeFiles/ZERO_CHECK */ = {
			isa = PBXShellScriptBuildPhase;
			alwaysOutOfDate = 1;
			buildActionMask = 2147483647;
			files = (
			);
			inputPaths = (
			);
			name = "Generate CMakeFiles/ZERO_CHECK";
			outputPaths = (
/Users/philipwenkel/GitHub/Phan/xbuild/CMakeFiles/ZERO_CHECK			);
			runOnlyForDeploymentPostprocessing = 0;
			shellPath = /bin/sh;
			shellScript = "set -e
if test \"$CONFIGURATION\" = \"Debug\"; then :
  cd /Users/philipwenkel/GitHub/Phan/xbuild
  make -f /Users/philipwenkel/GitHub/Phan/xbuild/CMakeScripts/ReRunCMake.make
fi
if test \"$CONFIGURATION\" = \"Release\"; then :
  cd /Users/philipwenkel/GitHub/Phan/xbuild
  make -f /Users/philipwenkel/GitHub/Phan/xbuild/CMakeScripts/ReRunCMake.make
fi
if test \"$CONFIGURATION\" = \"MinSizeRel\"; then :
  cd /Users/philipwenkel/GitHub/Phan/xbuild
  make -f /Users/philipwenkel/GitHub/Phan/xbuild/CMakeScripts/ReRunCMake.make
fi
if test \"$CONFIGURATION\" = \"RelWithDebInfo\"; then :
  cd /Users/philipwenkel/GitHub/Phan/xbuild
  make -f /Users/philipwenkel/GitHub/Phan/xbuild/CMakeScripts/ReRunCMake.make
fi
";
			showEnvVarsInLog = 0;
		};
/* End PBXShellScriptBuildPhase section */

/* Begin PBXSourcesBuildPhase section */
		641EBBCEAFBA488CA6B95A3C /* Sources */ = {
			isa = PBXSourcesBuildPhase;
			buildActionMask = 2147483647;
			files = (
				6E1B9399F3184DC8AF60B63D /* /Users/philipwenkel/GitHub/Phan/src/generators/generatorA/src/generator.cpp */,
				3F5B10AB31FA4919BD71F3B8 /* /Users/philipwenkel/GitHub/Phan/src/template_library.cpp */,
			);
			runOnlyForDeploymentPostprocessing = 0;
		};
		9100F9E53E084A9D984BDEC5 /* Sources */ = {
			isa = PBXSourcesBuildPhase;
			buildActionMask = 2147483647;
			files = (
				DB48DE833D954D01BB5EE8FA /* /Users/philipwenkel/GitHub/Phan/tests/testlib.cpp */,
			);
			runOnlyForDeploymentPostprocessing = 0;
		};
		9FB736C4210D49CBAC07E25D /* Sources */ = {
			isa = PBXSourcesBuildPhase;
			buildActionMask = 2147483647;
			files = (
				9C19536FF03F4A7C968C90E0 /* /Users/philipwenkel/GitHub/Phan/apps/app1/app.cpp */,
			);
			runOnlyForDeploymentPostprocessing = 0;
		};
/* End PBXSourcesBuildPhase section */

/* Begin PBXTargetDependency section */
		001DE8EADF8F476A9A2FBDC4 /* PBXTargetDependency */ = {
			isa = PBXTargetDependency;
			target = 8FADF47C6B244CB083E9A741 /* ZERO_CHECK */;
			targetProxy = 34A33C061BB443219757C352 /* PBXContainerItemProxy */;
		};
		046120F6131C4B05A18B211B /* PBXTargetDependency */ = {
			isa = PBXTargetDependency;
			target = 8FADF47C6B244CB083E9A741 /* ZERO_CHECK */;
			targetProxy = B02DE46FB77840509673D812 /* PBXContainerItemProxy */;
		};
		04B09EB3807B45FBA28469BD /* PBXTargetDependency */ = {
			isa = PBXTargetDependency;
			target = 8FADF47C6B244CB083E9A741 /* ZERO_CHECK */;
			targetProxy = 0E08011297CD4E3C966142FF /* PBXContainerItemProxy */;
		};
		0D68B5254EC247D680DA487E /* PBXTargetDependency */ = {
			isa = PBXTargetDependency;
			target = 9BA90879046B4C0CB4BEDDD4 /* Phan */;
			targetProxy = 1194017B223648C7B1387108 /* PBXContainerItemProxy */;
		};
		0E3D26089AC141C3944D2908 /* PBXTargetDependency */ = {
			isa = PBXTargetDependency;
			target = 8FADF47C6B244CB083E9A741 /* ZERO_CHECK */;
			targetProxy = DC57B501B63242309122CCE8 /* PBXContainerItemProxy */;
		};
		190CA7451FC140BDB77D8C81 /* PBXTargetDependency */ = {
			isa = PBXTargetDependency;
			target = 8FADF47C6B244CB083E9A741 /* ZERO_CHECK */;
			targetProxy = 1A1F553F778246EE9BC9C858 /* PBXContainerItemProxy */;
		};
		2905290A122947E5970ADE41 /* PBXTargetDependency */ = {
			isa = PBXTargetDependency;
			target = 8FADF47C6B244CB083E9A741 /* ZERO_CHECK */;
			targetProxy = 3E881FF683384839AF27F422 /* PBXContainerItemProxy */;
		};
		2E060B7E92C3434F87CF3775 /* PBXTargetDependency */ = {
			isa = PBXTargetDependency;
			target = D5FC32BDE1794409B65F4670 /* ALL_BUILD */;
			targetProxy = A108FA212C94496A90574F8E /* PBXContainerItemProxy */;
		};
		3271078D8773456C8A49B37D /* PBXTargetDependency */ = {
			isa = PBXTargetDependency;
			target = 9BA90879046B4C0CB4BEDDD4 /* Phan */;
			targetProxy = 5AE4049EB7AC476A85AAFA18 /* PBXContainerItemProxy */;
		};
		3EA9E0E8C9C0424BBD9ED991 /* PBXTargetDependency */ = {
			isa = PBXTargetDependency;
			target = 8FADF47C6B244CB083E9A741 /* ZERO_CHECK */;
			targetProxy = EF9081D2263447079DAF0459 /* PBXContainerItemProxy */;
		};
		4755EDF0CCAD415395622576 /* PBXTargetDependency */ = {
			isa = PBXTargetDependency;
			target = D5FC32BDE1794409B65F4670 /* ALL_BUILD */;
			targetProxy = 57F982E19B7E48B7A253CD9B /* PBXContainerItemProxy */;
		};
		49E8296098054ACA8EFF7675 /* PBXTargetDependency */ = {
			isa = PBXTargetDependency;
			target = 8FADF47C6B244CB083E9A741 /* ZERO_CHECK */;
			targetProxy = C7F95506811B4D35B902BD31 /* PBXContainerItemProxy */;
		};
		6F1F6ABC8E93496E8AE038DE /* PBXTargetDependency */ = {
			isa = PBXTargetDependency;
			target = A968013829354478813C5271 /* testlib */;
			targetProxy = 3E607B848F68495587DA2F84 /* PBXContainerItemProxy */;
		};
		706B9BDEE6144D87B0F285F4 /* PBXTargetDependency */ = {
			isa = PBXTargetDependency;
			target = 8FADF47C6B244CB083E9A741 /* ZERO_CHECK */;
			targetProxy = D8F9BE8FE0874B2CA44BB16D /* PBXContainerItemProxy */;
		};
		D30D13CACA95401096CCE8D2 /* PBXTargetDependency */ = {
			isa = PBXTargetDependency;
			target = D963DD3D95CF40AAB536E6C0 /* app1 */;
			targetProxy = 6E0BDBE098474DF8AEBB02FE /* PBXContainerItemProxy */;
		};
		F8C6B0F6ED064937B5E1FA73 /* PBXTargetDependency */ = {
			isa = PBXTargetDependency;
			target = 9BA90879046B4C0CB4BEDDD4 /* Phan */;
			targetProxy = 61F443D024DF4A87803A6A29 /* PBXContainerItemProxy */;
		};
/* End PBXTargetDependency section */

/* Begin XCBuildConfiguration section */
		0C0AF1818F5749B2A32CCC81 /* Debug */ = {
			isa = XCBuildConfiguration;
			buildSettings = {
				COMBINE_HIDPI_IMAGES = YES;
				EXECUTABLE_PREFIX = "";
				EXECUTABLE_SUFFIX = "";
				FRAMEWORK_SEARCH_PATHS = ("$(inherited)");
				GCC_GENERATE_DEBUGGING_SYMBOLS = YES;
				GCC_INLINES_ARE_PRIVATE_EXTERN = NO;
				GCC_OPTIMIZATION_LEVEL = 0;
				GCC_PRECOMPILE_PREFIX_HEADER = YES;
				GCC_PREFIX_HEADER = /Users/philipwenkel/GitHub/Phan/xbuild/apps/app1/CMakeFiles/app1.dir/Debug/cmake_pch.hxx;
				GCC_PREPROCESSOR_DEFINITIONS = ("'CMAKE_INTDIR=\"$(CONFIGURATION)$(EFFECTIVE_PLATFORM_NAME)\"'");
				GCC_SYMBOLS_PRIVATE_EXTERN = NO;
				HEADER_SEARCH_PATHS = (/Users/philipwenkel/GitHub/Phan/xbuild/apps/app1,/usr/local/include,/Users/philipwenkel/GitHub/Phan/include);
				INFOPLIST_FILE = /Users/philipwenkel/GitHub/Phan/xbuild/apps/app1/CMakeFiles/app1.dir/Info.plist;
				INSTALL_PATH = "";
				LIBRARY_SEARCH_PATHS = ("$(inherited)");
				OTHER_CPLUSPLUSFLAGS = "   '-std=gnu++2a' ";
				OTHER_LDFLAGS = (" -Wl,-search_paths_first -Wl,-headerpad_max_install_names",/Users/philipwenkel/GitHub/Phan/xbuild/src/Debug/libPhan.a);
				OTHER_REZFLAGS = "";
				PRODUCT_NAME = app1;
				SECTORDER_FLAGS = "";
				SYMROOT = /Users/philipwenkel/GitHub/Phan/xbuild/apps/app1;
				USE_HEADERMAP = NO;
				WARNING_CFLAGS = ("$(inherited)");
			};
			name = Debug;
		};
		15058AC436614A09A8AB8423 /* Release */ = {
			isa = XCBuildConfiguration;
			buildSettings = {
				COMBINE_HIDPI_IMAGES = YES;
				GCC_GENERATE_DEBUGGING_SYMBOLS = YES;
				GCC_INLINES_ARE_PRIVATE_EXTERN = NO;
				GCC_OPTIMIZATION_LEVEL = 0;
				GCC_PREPROCESSOR_DEFINITIONS = ("'CMAKE_INTDIR=\"$(CONFIGURATION)$(EFFECTIVE_PLATFORM_NAME)\"'");
				GCC_SYMBOLS_PRIVATE_EXTERN = NO;
				INSTALL_PATH = "";
				OTHER_LDFLAGS = ("");
				OTHER_REZFLAGS = "";
				PRODUCT_NAME = Experimental;
				SECTORDER_FLAGS = "";
				SYMROOT = /Users/philipwenkel/GitHub/Phan/xbuild;
				USE_HEADERMAP = NO;
				WARNING_CFLAGS = ("$(inherited)");
			};
			name = Release;
		};
		1692106F05004777BD1EF769 /* RelWithDebInfo */ = {
			isa = XCBuildConfiguration;
			buildSettings = {
				COMBINE_HIDPI_IMAGES = YES;
				GCC_GENERATE_DEBUGGING_SYMBOLS = YES;
				GCC_INLINES_ARE_PRIVATE_EXTERN = NO;
				GCC_OPTIMIZATION_LEVEL = 0;
				GCC_PREPROCESSOR_DEFINITIONS = ("'CMAKE_INTDIR=\"$(CONFIGURATION)$(EFFECTIVE_PLATFORM_NAME)\"'");
				GCC_SYMBOLS_PRIVATE_EXTERN = NO;
				INSTALL_PATH = "";
				OTHER_LDFLAGS = ("");
				OTHER_REZFLAGS = "";
				PRODUCT_NAME = Experimental;
				SECTORDER_FLAGS = "";
				SYMROOT = /Users/philipwenkel/GitHub/Phan/xbuild;
				USE_HEADERMAP = NO;
				WARNING_CFLAGS = ("$(inherited)");
			};
			name = RelWithDebInfo;
		};
		192233EB62C0481BAF7F8F75 /* MinSizeRel */ = {
			isa = XCBuildConfiguration;
			buildSettings = {
				COMBINE_HIDPI_IMAGES = YES;
				GCC_GENERATE_DEBUGGING_SYMBOLS = YES;
				GCC_INLINES_ARE_PRIVATE_EXTERN = NO;
				GCC_OPTIMIZATION_LEVEL = 0;
				GCC_PREPROCESSOR_DEFINITIONS = ("'CMAKE_INTDIR=\"$(CONFIGURATION)$(EFFECTIVE_PLATFORM_NAME)\"'");
				GCC_SYMBOLS_PRIVATE_EXTERN = NO;
				INSTALL_PATH = "";
				OTHER_LDFLAGS = ("");
				OTHER_REZFLAGS = "";
				PRODUCT_NAME = Nightly;
				SECTORDER_FLAGS = "";
				SYMROOT = /Users/philipwenkel/GitHub/Phan/xbuild;
				USE_HEADERMAP = NO;
				WARNING_CFLAGS = ("$(inherited)");
			};
			name = MinSizeRel;
		};
		1B31D8698F104B67B9F8BF0A /* RelWithDebInfo */ = {
			isa = XCBuildConfiguration;
			buildSettings = {
				COMBINE_HIDPI_IMAGES = YES;
				GCC_GENERATE_DEBUGGING_SYMBOLS = YES;
				GCC_INLINES_ARE_PRIVATE_EXTERN = NO;
				GCC_OPTIMIZATION_LEVEL = 0;
				GCC_PREPROCESSOR_DEFINITIONS = ("'CMAKE_INTDIR=\"$(CONFIGURATION)$(EFFECTIVE_PLATFORM_NAME)\"'");
				GCC_SYMBOLS_PRIVATE_EXTERN = NO;
				INSTALL_PATH = "";
				OTHER_LDFLAGS = ("");
				OTHER_REZFLAGS = "";
				PRODUCT_NAME = Docs;
				SECTORDER_FLAGS = "";
				SYMROOT = /Users/philipwenkel/GitHub/Phan/xbuild/apps/app1;
				USE_HEADERMAP = NO;
				WARNING_CFLAGS = ("$(inherited)");
			};
			name = RelWithDebInfo;
		};
		1CAB39266FAE4F1389128485 /* Release */ = {
			isa = XCBuildConfiguration;
			buildSettings = {
				COMBINE_HIDPI_IMAGES = YES;
				EXECUTABLE_PREFIX = "";
				EXECUTABLE_SUFFIX = "";
				FRAMEWORK_SEARCH_PATHS = ("$(inherited)");
				GCC_GENERATE_DEBUGGING_SYMBOLS = NO;
				GCC_INLINES_ARE_PRIVATE_EXTERN = NO;
				GCC_OPTIMIZATION_LEVEL = 3;
				GCC_PRECOMPILE_PREFIX_HEADER = YES;
				GCC_PREFIX_HEADER = /Users/philipwenkel/GitHub/Phan/xbuild/apps/app1/CMakeFiles/app1.dir/Release/cmake_pch.hxx;
				GCC_PREPROCESSOR_DEFINITIONS = ("'CMAKE_INTDIR=\"$(CONFIGURATION)$(EFFECTIVE_PLATFORM_NAME)\"'");
				GCC_SYMBOLS_PRIVATE_EXTERN = NO;
				HEADER_SEARCH_PATHS = (/Users/philipwenkel/GitHub/Phan/xbuild/apps/app1,/usr/local/include,/Users/philipwenkel/GitHub/Phan/include);
				INFOPLIST_FILE = /Users/philipwenkel/GitHub/Phan/xbuild/apps/app1/CMakeFiles/app1.dir/Info.plist;
				INSTALL_PATH = "";
				LIBRARY_SEARCH_PATHS = ("$(inherited)");
				OTHER_CPLUSPLUSFLAGS = "    -DNDEBUG '-std=gnu++2a' ";
				OTHER_LDFLAGS = (" -Wl,-search_paths_first -Wl,-headerpad_max_install_names",/Users/philipwenkel/GitHub/Phan/xbuild/src/Release/libPhan.a);
				OTHER_REZFLAGS = "";
				PRODUCT_NAME = app1;
				SECTORDER_FLAGS = "";
				SYMROOT = /Users/philipwenkel/GitHub/Phan/xbuild/apps/app1;
				USE_HEADERMAP = NO;
				WARNING_CFLAGS = ("$(inherited)");
			};
			name = Release;
		};
		21DB89D3F58D463395DB671A /* Debug */ = {
			isa = XCBuildConfiguration;
			buildSettings = {
				COMBINE_HIDPI_IMAGES = YES;
				GCC_GENERATE_DEBUGGING_SYMBOLS = YES;
				GCC_INLINES_ARE_PRIVATE_EXTERN = NO;
				GCC_OPTIMIZATION_LEVEL = 0;
				GCC_PREPROCESSOR_DEFINITIONS = ("'CMAKE_INTDIR=\"$(CONFIGURATION)$(EFFECTIVE_PLATFORM_NAME)\"'");
				GCC_SYMBOLS_PRIVATE_EXTERN = NO;
				INSTALL_PATH = "";
				OTHER_LDFLAGS = ("");
				OTHER_REZFLAGS = "";
				PRODUCT_NAME = RUN_TESTS;
				SECTORDER_FLAGS = "";
				SYMROOT = /Users/philipwenkel/GitHub/Phan/xbuild;
				USE_HEADERMAP = NO;
				WARNING_CFLAGS = ("$(inherited)");
			};
			name = Debug;
		};
		2EB42C446DF3491BBEDE0A9D /* MinSizeRel */ = {
			isa = XCBuildConfiguration;
			buildSettings = {
				COMBINE_HIDPI_IMAGES = YES;
				GCC_GENERATE_DEBUGGING_SYMBOLS = YES;
				GCC_INLINES_ARE_PRIVATE_EXTERN = NO;
				GCC_OPTIMIZATION_LEVEL = 0;
				GCC_PREPROCESSOR_DEFINITIONS = ("'CMAKE_INTDIR=\"$(CONFIGURATION)$(EFFECTIVE_PLATFORM_NAME)\"'");
				GCC_SYMBOLS_PRIVATE_EXTERN = NO;
				INSTALL_PATH = "";
				OTHER_LDFLAGS = ("");
				OTHER_REZFLAGS = "";
				PRODUCT_NAME = package;
				SECTORDER_FLAGS = "";
				SYMROOT = /Users/philipwenkel/GitHub/Phan/xbuild;
				USE_HEADERMAP = NO;
				WARNING_CFLAGS = ("$(inherited)");
			};
			name = MinSizeRel;
		};
		351F5516984E4C13A2511AA6 /* MinSizeRel */ = {
			isa = XCBuildConfiguration;
			buildSettings = {
				COMBINE_HIDPI_IMAGES = YES;
				GCC_GENERATE_DEBUGGING_SYMBOLS = YES;
				GCC_INLINES_ARE_PRIVATE_EXTERN = NO;
				GCC_OPTIMIZATION_LEVEL = 0;
				GCC_PREPROCESSOR_DEFINITIONS = ("'CMAKE_INTDIR=\"$(CONFIGURATION)$(EFFECTIVE_PLATFORM_NAME)\"'");
				GCC_SYMBOLS_PRIVATE_EXTERN = NO;
				INSTALL_PATH = "";
				OTHER_LDFLAGS = ("");
				OTHER_REZFLAGS = "";
				PRODUCT_NAME = NightlyMemoryCheck;
				SECTORDER_FLAGS = "";
				SYMROOT = /Users/philipwenkel/GitHub/Phan/xbuild;
				USE_HEADERMAP = NO;
				WARNING_CFLAGS = ("$(inherited)");
			};
			name = MinSizeRel;
		};
		3978DF0BFADF491EB89F8176 /* MinSizeRel */ = {
			isa = XCBuildConfiguration;
			buildSettings = {
				COMBINE_HIDPI_IMAGES = YES;
				GCC_GENERATE_DEBUGGING_SYMBOLS = YES;
				GCC_INLINES_ARE_PRIVATE_EXTERN = NO;
				GCC_OPTIMIZATION_LEVEL = 0;
				GCC_PREPROCESSOR_DEFINITIONS = ("'CMAKE_INTDIR=\"$(CONFIGURATION)$(EFFECTIVE_PLATFORM_NAME)\"'");
				GCC_SYMBOLS_PRIVATE_EXTERN = NO;
				INSTALL_PATH = "";
				OTHER_LDFLAGS = ("");
				OTHER_REZFLAGS = "";
				PRODUCT_NAME = RUN_TESTS;
				SECTORDER_FLAGS = "";
				SYMROOT = /Users/philipwenkel/GitHub/Phan/xbuild;
				USE_HEADERMAP = NO;
				WARNING_CFLAGS = ("$(inherited)");
			};
			name = MinSizeRel;
		};
		3ABC656D06CC4E0989F972F1 /* Release */ = {
			isa = XCBuildConfiguration;
			buildSettings = {
				COMBINE_HIDPI_IMAGES = YES;
				GCC_GENERATE_DEBUGGING_SYMBOLS = YES;
				GCC_INLINES_ARE_PRIVATE_EXTERN = NO;
				GCC_OPTIMIZATION_LEVEL = 0;
				GCC_PREPROCESSOR_DEFINITIONS = ("'CMAKE_INTDIR=\"$(CONFIGURATION)$(EFFECTIVE_PLATFORM_NAME)\"'");
				GCC_SYMBOLS_PRIVATE_EXTERN = NO;
				INSTALL_PATH = "";
				OTHER_LDFLAGS = ("");
				OTHER_REZFLAGS = "";
				PRODUCT_NAME = ALL_BUILD;
				SECTORDER_FLAGS = "";
				SYMROOT = /Users/philipwenkel/GitHub/Phan/xbuild;
				USE_HEADERMAP = NO;
				WARNING_CFLAGS = ("$(inherited)");
			};
			name = Release;
		};
		474649F590E240C8A1F0A394 /* Debug */ = {
			isa = XCBuildConfiguration;
			buildSettings = {
				COMBINE_HIDPI_IMAGES = YES;
				GCC_GENERATE_DEBUGGING_SYMBOLS = YES;
				GCC_INLINES_ARE_PRIVATE_EXTERN = NO;
				GCC_OPTIMIZATION_LEVEL = 0;
				GCC_PREPROCESSOR_DEFINITIONS = ("'CMAKE_INTDIR=\"$(CONFIGURATION)$(EFFECTIVE_PLATFORM_NAME)\"'");
				GCC_SYMBOLS_PRIVATE_EXTERN = NO;
				INSTALL_PATH = "";
				OTHER_LDFLAGS = ("");
				OTHER_REZFLAGS = "";
				PRODUCT_NAME = ALL_BUILD;
				SECTORDER_FLAGS = "";
				SYMROOT = /Users/philipwenkel/GitHub/Phan/xbuild;
				USE_HEADERMAP = NO;
				WARNING_CFLAGS = ("$(inherited)");
			};
			name = Debug;
		};
		4F5CBD1342D74F228A4A2F48 /* MinSizeRel */ = {
			isa = XCBuildConfiguration;
			buildSettings = {
				COMBINE_HIDPI_IMAGES = YES;
				GCC_GENERATE_DEBUGGING_SYMBOLS = YES;
				GCC_INLINES_ARE_PRIVATE_EXTERN = NO;
				GCC_OPTIMIZATION_LEVEL = 0;
				GCC_PREPROCESSOR_DEFINITIONS = ("'CMAKE_INTDIR=\"$(CONFIGURATION)$(EFFECTIVE_PLATFORM_NAME)\"'");
				GCC_SYMBOLS_PRIVATE_EXTERN = NO;
				INSTALL_PATH = "";
				OTHER_LDFLAGS = ("");
				OTHER_REZFLAGS = "";
				PRODUCT_NAME = Continuous;
				SECTORDER_FLAGS = "";
				SYMROOT = /Users/philipwenkel/GitHub/Phan/xbuild;
				USE_HEADERMAP = NO;
				WARNING_CFLAGS = ("$(inherited)");
			};
			name = MinSizeRel;
		};
		51801B01EB1B483FA6738959 /* RelWithDebInfo */ = {
			isa = XCBuildConfiguration;
			buildSettings = {
				COMBINE_HIDPI_IMAGES = YES;
				GCC_GENERATE_DEBUGGING_SYMBOLS = YES;
				GCC_INLINES_ARE_PRIVATE_EXTERN = NO;
				GCC_OPTIMIZATION_LEVEL = 0;
				GCC_PREPROCESSOR_DEFINITIONS = ("'CMAKE_INTDIR=\"$(CONFIGURATION)$(EFFECTIVE_PLATFORM_NAME)\"'");
				GCC_SYMBOLS_PRIVATE_EXTERN = NO;
				INSTALL_PATH = "";
				OTHER_LDFLAGS = ("");
				OTHER_REZFLAGS = "";
				PRODUCT_NAME = Continuous;
				SECTORDER_FLAGS = "";
				SYMROOT = /Users/philipwenkel/GitHub/Phan/xbuild;
				USE_HEADERMAP = NO;
				WARNING_CFLAGS = ("$(inherited)");
			};
			name = RelWithDebInfo;
		};
		5A73620800294251B8908CE5 /* Debug */ = {
			isa = XCBuildConfiguration;
			buildSettings = {
				COMBINE_HIDPI_IMAGES = YES;
				GCC_GENERATE_DEBUGGING_SYMBOLS = YES;
				GCC_INLINES_ARE_PRIVATE_EXTERN = NO;
				GCC_OPTIMIZATION_LEVEL = 0;
				GCC_PREPROCESSOR_DEFINITIONS = ("'CMAKE_INTDIR=\"$(CONFIGURATION)$(EFFECTIVE_PLATFORM_NAME)\"'");
				GCC_SYMBOLS_PRIVATE_EXTERN = NO;
				INSTALL_PATH = "";
				OTHER_LDFLAGS = ("");
				OTHER_REZFLAGS = "";
				PRODUCT_NAME = NightlyMemoryCheck;
				SECTORDER_FLAGS = "";
				SYMROOT = /Users/philipwenkel/GitHub/Phan/xbuild;
				USE_HEADERMAP = NO;
				WARNING_CFLAGS = ("$(inherited)");
			};
			name = Debug;
		};
		64367A42C4AB4C76A1D99EB2 /* Debug */ = {
			isa = XCBuildConfiguration;
			buildSettings = {
				COMBINE_HIDPI_IMAGES = YES;
				GCC_GENERATE_DEBUGGING_SYMBOLS = YES;
				GCC_INLINES_ARE_PRIVATE_EXTERN = NO;
				GCC_OPTIMIZATION_LEVEL = 0;
				GCC_PREPROCESSOR_DEFINITIONS = ("'CMAKE_INTDIR=\"$(CONFIGURATION)$(EFFECTIVE_PLATFORM_NAME)\"'");
				GCC_SYMBOLS_PRIVATE_EXTERN = NO;
				INSTALL_PATH = "";
				OTHER_LDFLAGS = ("");
				OTHER_REZFLAGS = "";
				PRODUCT_NAME = package;
				SECTORDER_FLAGS = "";
				SYMROOT = /Users/philipwenkel/GitHub/Phan/xbuild;
				USE_HEADERMAP = NO;
				WARNING_CFLAGS = ("$(inherited)");
			};
			name = Debug;
		};
		69A7F209333B48EF9ECB25F2 /* MinSizeRel */ = {
			isa = XCBuildConfiguration;
			buildSettings = {
				ARCHS = "$(NATIVE_ARCH_ACTUAL)";
				MACOSX_DEPLOYMENT_TARGET = 11.2;
				ONLY_ACTIVE_ARCH = YES;
				SDKROOT = "/Applications/Xcode-beta.app/Contents/Developer/Platforms/MacOSX.platform/Developer/SDKs/MacOSX11.3.sdk";
				SYMROOT = /Users/philipwenkel/GitHub/Phan/xbuild/build;
			};
			name = MinSizeRel;
		};
		6D7BFC935EE84017BDF5BFB8 /* MinSizeRel */ = {
			isa = XCBuildConfiguration;
			buildSettings = {
				COMBINE_HIDPI_IMAGES = YES;
				GCC_GENERATE_DEBUGGING_SYMBOLS = YES;
				GCC_INLINES_ARE_PRIVATE_EXTERN = NO;
				GCC_OPTIMIZATION_LEVEL = 0;
				GCC_PREPROCESSOR_DEFINITIONS = ("'CMAKE_INTDIR=\"$(CONFIGURATION)$(EFFECTIVE_PLATFORM_NAME)\"'");
				GCC_SYMBOLS_PRIVATE_EXTERN = NO;
				INSTALL_PATH = "";
				OTHER_LDFLAGS = ("");
				OTHER_REZFLAGS = "";
				PRODUCT_NAME = Docs;
				SECTORDER_FLAGS = "";
				SYMROOT = /Users/philipwenkel/GitHub/Phan/xbuild/apps/app1;
				USE_HEADERMAP = NO;
				WARNING_CFLAGS = ("$(inherited)");
			};
			name = MinSizeRel;
		};
		6DFD6732FC984E97AB14A7C9 /* MinSizeRel */ = {
			isa = XCBuildConfiguration;
			buildSettings = {
				COMBINE_HIDPI_IMAGES = YES;
				GCC_GENERATE_DEBUGGING_SYMBOLS = YES;
				GCC_INLINES_ARE_PRIVATE_EXTERN = NO;
				GCC_OPTIMIZATION_LEVEL = 0;
				GCC_PREPROCESSOR_DEFINITIONS = ("'CMAKE_INTDIR=\"$(CONFIGURATION)$(EFFECTIVE_PLATFORM_NAME)\"'");
				GCC_SYMBOLS_PRIVATE_EXTERN = NO;
				INSTALL_PATH = "";
				OTHER_LDFLAGS = ("");
				OTHER_REZFLAGS = "";
				PRODUCT_NAME = ALL_BUILD;
				SECTORDER_FLAGS = "";
				SYMROOT = /Users/philipwenkel/GitHub/Phan/xbuild;
				USE_HEADERMAP = NO;
				WARNING_CFLAGS = ("$(inherited)");
			};
			name = MinSizeRel;
		};
		72EBC6B0B3C64396ADBA6C6D /* Release */ = {
			isa = XCBuildConfiguration;
			buildSettings = {
				COMBINE_HIDPI_IMAGES = YES;
				GCC_GENERATE_DEBUGGING_SYMBOLS = YES;
				GCC_INLINES_ARE_PRIVATE_EXTERN = NO;
				GCC_OPTIMIZATION_LEVEL = 0;
				GCC_PREPROCESSOR_DEFINITIONS = ("'CMAKE_INTDIR=\"$(CONFIGURATION)$(EFFECTIVE_PLATFORM_NAME)\"'");
				GCC_SYMBOLS_PRIVATE_EXTERN = NO;
				INSTALL_PATH = "";
				OTHER_LDFLAGS = ("");
				OTHER_REZFLAGS = "";
				PRODUCT_NAME = RUN_TESTS;
				SECTORDER_FLAGS = "";
				SYMROOT = /Users/philipwenkel/GitHub/Phan/xbuild;
				USE_HEADERMAP = NO;
				WARNING_CFLAGS = ("$(inherited)");
			};
			name = Release;
		};
		79E9B94244D04EAC923E8F25 /* RelWithDebInfo */ = {
			isa = XCBuildConfiguration;
			buildSettings = {
				COMBINE_HIDPI_IMAGES = YES;
				GCC_GENERATE_DEBUGGING_SYMBOLS = YES;
				GCC_INLINES_ARE_PRIVATE_EXTERN = NO;
				GCC_OPTIMIZATION_LEVEL = 0;
				GCC_PREPROCESSOR_DEFINITIONS = ("'CMAKE_INTDIR=\"$(CONFIGURATION)$(EFFECTIVE_PLATFORM_NAME)\"'");
				GCC_SYMBOLS_PRIVATE_EXTERN = NO;
				INSTALL_PATH = "";
				OTHER_LDFLAGS = ("");
				OTHER_REZFLAGS = "";
				PRODUCT_NAME = Nightly;
				SECTORDER_FLAGS = "";
				SYMROOT = /Users/philipwenkel/GitHub/Phan/xbuild;
				USE_HEADERMAP = NO;
				WARNING_CFLAGS = ("$(inherited)");
			};
			name = RelWithDebInfo;
		};
		7AC5756EA1E14DE4BA5CC955 /* RelWithDebInfo */ = {
			isa = XCBuildConfiguration;
			buildSettings = {
				COMBINE_HIDPI_IMAGES = YES;
				GCC_GENERATE_DEBUGGING_SYMBOLS = YES;
				GCC_INLINES_ARE_PRIVATE_EXTERN = NO;
				GCC_OPTIMIZATION_LEVEL = 0;
				GCC_PREPROCESSOR_DEFINITIONS = ("'CMAKE_INTDIR=\"$(CONFIGURATION)$(EFFECTIVE_PLATFORM_NAME)\"'");
				GCC_SYMBOLS_PRIVATE_EXTERN = NO;
				INSTALL_PATH = "";
				OTHER_LDFLAGS = ("");
				OTHER_REZFLAGS = "";
				PRODUCT_NAME = ZERO_CHECK;
				SECTORDER_FLAGS = "";
				SYMROOT = /Users/philipwenkel/GitHub/Phan/xbuild;
				USE_HEADERMAP = NO;
				WARNING_CFLAGS = ("$(inherited)");
			};
			name = RelWithDebInfo;
		};
		8281353DB413457E84589767 /* Debug */ = {
			isa = XCBuildConfiguration;
			buildSettings = {
				COMBINE_HIDPI_IMAGES = YES;
				EXECUTABLE_PREFIX = "";
				EXECUTABLE_SUFFIX = "";
				FRAMEWORK_SEARCH_PATHS = ("$(inherited)");
				GCC_GENERATE_DEBUGGING_SYMBOLS = YES;
				GCC_INLINES_ARE_PRIVATE_EXTERN = NO;
				GCC_OPTIMIZATION_LEVEL = 0;
				GCC_PREPROCESSOR_DEFINITIONS = ("'CMAKE_INTDIR=\"$(CONFIGURATION)$(EFFECTIVE_PLATFORM_NAME)\"'");
				GCC_SYMBOLS_PRIVATE_EXTERN = NO;
				HEADER_SEARCH_PATHS = ("/Users/philipwenkel/GitHub/Phan/tests/ph::Phan","/Users/philipwenkel/GitHub/Phan/tests/Catch2::Catch2",/Users/philipwenkel/GitHub/Phan/include,"/Users/philipwenkel/GitHub/Phan/xbuild/_deps/catch-src/single_include");
				INSTALL_PATH = "";
				LIBRARY_SEARCH_PATHS = ("$(inherited)");
				OTHER_CPLUSPLUSFLAGS = "   '-std=gnu++2a' ";
				OTHER_LDFLAGS = (" -Wl,-search_paths_first -Wl,-headerpad_max_install_names",/Users/philipwenkel/GitHub/Phan/xbuild/src/Debug/libPhan.a);
				OTHER_REZFLAGS = "";
				PRODUCT_NAME = testlib;
				SECTORDER_FLAGS = "";
				SYMROOT = /Users/philipwenkel/GitHub/Phan/xbuild/tests;
				USE_HEADERMAP = NO;
				WARNING_CFLAGS = ("$(inherited)");
			};
			name = Debug;
		};
		85CB711B2A0D4707BFA71DDE /* MinSizeRel */ = {
			isa = XCBuildConfiguration;
			buildSettings = {
				COMBINE_HIDPI_IMAGES = YES;
				GCC_GENERATE_DEBUGGING_SYMBOLS = YES;
				GCC_INLINES_ARE_PRIVATE_EXTERN = NO;
				GCC_OPTIMIZATION_LEVEL = 0;
				GCC_PREPROCESSOR_DEFINITIONS = ("'CMAKE_INTDIR=\"$(CONFIGURATION)$(EFFECTIVE_PLATFORM_NAME)\"'");
				GCC_SYMBOLS_PRIVATE_EXTERN = NO;
				INSTALL_PATH = "";
				OTHER_LDFLAGS = ("");
				OTHER_REZFLAGS = "";
				PRODUCT_NAME = Experimental;
				SECTORDER_FLAGS = "";
				SYMROOT = /Users/philipwenkel/GitHub/Phan/xbuild;
				USE_HEADERMAP = NO;
				WARNING_CFLAGS = ("$(inherited)");
			};
			name = MinSizeRel;
		};
		86C0719D8C5F48C38EFC0766 /* Release */ = {
			isa = XCBuildConfiguration;
			buildSettings = {
				COMBINE_HIDPI_IMAGES = YES;
				GCC_GENERATE_DEBUGGING_SYMBOLS = YES;
				GCC_INLINES_ARE_PRIVATE_EXTERN = NO;
				GCC_OPTIMIZATION_LEVEL = 0;
				GCC_PREPROCESSOR_DEFINITIONS = ("'CMAKE_INTDIR=\"$(CONFIGURATION)$(EFFECTIVE_PLATFORM_NAME)\"'");
				GCC_SYMBOLS_PRIVATE_EXTERN = NO;
				INSTALL_PATH = "";
				OTHER_LDFLAGS = ("");
				OTHER_REZFLAGS = "";
				PRODUCT_NAME = install;
				SECTORDER_FLAGS = "";
				SYMROOT = /Users/philipwenkel/GitHub/Phan/xbuild;
				USE_HEADERMAP = NO;
				WARNING_CFLAGS = ("$(inherited)");
			};
			name = Release;
		};
		895A4D6BD65E4BE09C309BCD /* RelWithDebInfo */ = {
			isa = XCBuildConfiguration;
			buildSettings = {
				COMBINE_HIDPI_IMAGES = YES;
				GCC_GENERATE_DEBUGGING_SYMBOLS = YES;
				GCC_INLINES_ARE_PRIVATE_EXTERN = NO;
				GCC_OPTIMIZATION_LEVEL = 0;
				GCC_PREPROCESSOR_DEFINITIONS = ("'CMAKE_INTDIR=\"$(CONFIGURATION)$(EFFECTIVE_PLATFORM_NAME)\"'");
				GCC_SYMBOLS_PRIVATE_EXTERN = NO;
				INSTALL_PATH = "";
				OTHER_LDFLAGS = ("");
				OTHER_REZFLAGS = "";
				PRODUCT_NAME = install;
				SECTORDER_FLAGS = "";
				SYMROOT = /Users/philipwenkel/GitHub/Phan/xbuild;
				USE_HEADERMAP = NO;
				WARNING_CFLAGS = ("$(inherited)");
			};
			name = RelWithDebInfo;
		};
		8B85A6F44659458292E1E805 /* RelWithDebInfo */ = {
			isa = XCBuildConfiguration;
			buildSettings = {
				COMBINE_HIDPI_IMAGES = YES;
				GCC_GENERATE_DEBUGGING_SYMBOLS = YES;
				GCC_INLINES_ARE_PRIVATE_EXTERN = NO;
				GCC_OPTIMIZATION_LEVEL = 0;
				GCC_PREPROCESSOR_DEFINITIONS = ("'CMAKE_INTDIR=\"$(CONFIGURATION)$(EFFECTIVE_PLATFORM_NAME)\"'");
				GCC_SYMBOLS_PRIVATE_EXTERN = NO;
				INSTALL_PATH = "";
				OTHER_LDFLAGS = ("");
				OTHER_REZFLAGS = "";
				PRODUCT_NAME = NightlyMemoryCheck;
				SECTORDER_FLAGS = "";
				SYMROOT = /Users/philipwenkel/GitHub/Phan/xbuild;
				USE_HEADERMAP = NO;
				WARNING_CFLAGS = ("$(inherited)");
			};
			name = RelWithDebInfo;
		};
		938DF031F0104CC38B8EF257 /* MinSizeRel */ = {
			isa = XCBuildConfiguration;
			buildSettings = {
				COMBINE_HIDPI_IMAGES = YES;
				EXECUTABLE_PREFIX = lib;
				EXECUTABLE_SUFFIX = .a;
				GCC_GENERATE_DEBUGGING_SYMBOLS = NO;
				GCC_INLINES_ARE_PRIVATE_EXTERN = NO;
				GCC_OPTIMIZATION_LEVEL = s;
				GCC_PREPROCESSOR_DEFINITIONS = ("'CMAKE_INTDIR=\"$(CONFIGURATION)$(EFFECTIVE_PLATFORM_NAME)\"'");
				GCC_SYMBOLS_PRIVATE_EXTERN = NO;
				HEADER_SEARCH_PATHS = (/Users/philipwenkel/GitHub/Phan/include,/Users/philipwenkel/GitHub/Phan/xbuild/src,/Users/philipwenkel/GitHub/Phan/include/Phan);
				INSTALL_PATH = "";
				LIBRARY_STYLE = STATIC;
				OTHER_CPLUSPLUSFLAGS = "    -DNDEBUG '-std=gnu++2a' ";
				OTHER_LIBTOOLFLAGS = ("");
				OTHER_REZFLAGS = "";
				PRODUCT_NAME = Phan;
				SECTORDER_FLAGS = "";
				SYMROOT = /Users/philipwenkel/GitHub/Phan/xbuild/src;
				USE_HEADERMAP = NO;
				WARNING_CFLAGS = ("$(inherited)");
			};
			name = MinSizeRel;
		};
		9486417921004E5CA5EB811D /* Debug */ = {
			isa = XCBuildConfiguration;
			buildSettings = {
				ARCHS = "$(NATIVE_ARCH_ACTUAL)";
				MACOSX_DEPLOYMENT_TARGET = 11.2;
				ONLY_ACTIVE_ARCH = YES;
				SDKROOT = "/Applications/Xcode-beta.app/Contents/Developer/Platforms/MacOSX.platform/Developer/SDKs/MacOSX11.3.sdk";
				SYMROOT = /Users/philipwenkel/GitHub/Phan/xbuild/build;
			};
			name = Debug;
		};
		95339755AF604DC89A496064 /* Debug */ = {
			isa = XCBuildConfiguration;
			buildSettings = {
				COMBINE_HIDPI_IMAGES = YES;
				GCC_GENERATE_DEBUGGING_SYMBOLS = YES;
				GCC_INLINES_ARE_PRIVATE_EXTERN = NO;
				GCC_OPTIMIZATION_LEVEL = 0;
				GCC_PREPROCESSOR_DEFINITIONS = ("'CMAKE_INTDIR=\"$(CONFIGURATION)$(EFFECTIVE_PLATFORM_NAME)\"'");
				GCC_SYMBOLS_PRIVATE_EXTERN = NO;
				INSTALL_PATH = "";
				OTHER_LDFLAGS = ("");
				OTHER_REZFLAGS = "";
				PRODUCT_NAME = ZERO_CHECK;
				SECTORDER_FLAGS = "";
				SYMROOT = /Users/philipwenkel/GitHub/Phan/xbuild;
				USE_HEADERMAP = NO;
				WARNING_CFLAGS = ("$(inherited)");
			};
			name = Debug;
		};
		986C00975EDE42CDB28FFC35 /* RelWithDebInfo */ = {
			isa = XCBuildConfiguration;
			buildSettings = {
				ARCHS = "$(NATIVE_ARCH_ACTUAL)";
				MACOSX_DEPLOYMENT_TARGET = 11.2;
				ONLY_ACTIVE_ARCH = YES;
				SDKROOT = "/Applications/Xcode-beta.app/Contents/Developer/Platforms/MacOSX.platform/Developer/SDKs/MacOSX11.3.sdk";
				SYMROOT = /Users/philipwenkel/GitHub/Phan/xbuild/build;
			};
			name = RelWithDebInfo;
		};
		9CD1AF0B4A4D4839850B93C2 /* Release */ = {
			isa = XCBuildConfiguration;
			buildSettings = {
				COMBINE_HIDPI_IMAGES = YES;
				EXECUTABLE_PREFIX = "";
				EXECUTABLE_SUFFIX = "";
				FRAMEWORK_SEARCH_PATHS = ("$(inherited)");
				GCC_GENERATE_DEBUGGING_SYMBOLS = NO;
				GCC_INLINES_ARE_PRIVATE_EXTERN = NO;
				GCC_OPTIMIZATION_LEVEL = 3;
				GCC_PREPROCESSOR_DEFINITIONS = ("'CMAKE_INTDIR=\"$(CONFIGURATION)$(EFFECTIVE_PLATFORM_NAME)\"'");
				GCC_SYMBOLS_PRIVATE_EXTERN = NO;
				HEADER_SEARCH_PATHS = ("/Users/philipwenkel/GitHub/Phan/tests/ph::Phan","/Users/philipwenkel/GitHub/Phan/tests/Catch2::Catch2",/Users/philipwenkel/GitHub/Phan/include,"/Users/philipwenkel/GitHub/Phan/xbuild/_deps/catch-src/single_include");
				INSTALL_PATH = "";
				LIBRARY_SEARCH_PATHS = ("$(inherited)");
				OTHER_CPLUSPLUSFLAGS = "    -DNDEBUG '-std=gnu++2a' ";
				OTHER_LDFLAGS = (" -Wl,-search_paths_first -Wl,-headerpad_max_install_names",/Users/philipwenkel/GitHub/Phan/xbuild/src/Release/libPhan.a);
				OTHER_REZFLAGS = "";
				PRODUCT_NAME = testlib;
				SECTORDER_FLAGS = "";
				SYMROOT = /Users/philipwenkel/GitHub/Phan/xbuild/tests;
				USE_HEADERMAP = NO;
				WARNING_CFLAGS = ("$(inherited)");
			};
			name = Release;
		};
		A037F574CB594D5BA1007439 /* Debug */ = {
			isa = XCBuildConfiguration;
			buildSettings = {
				COMBINE_HIDPI_IMAGES = YES;
				GCC_GENERATE_DEBUGGING_SYMBOLS = YES;
				GCC_INLINES_ARE_PRIVATE_EXTERN = NO;
				GCC_OPTIMIZATION_LEVEL = 0;
				GCC_PREPROCESSOR_DEFINITIONS = ("'CMAKE_INTDIR=\"$(CONFIGURATION)$(EFFECTIVE_PLATFORM_NAME)\"'");
				GCC_SYMBOLS_PRIVATE_EXTERN = NO;
				INSTALL_PATH = "";
				OTHER_LDFLAGS = ("");
				OTHER_REZFLAGS = "";
				PRODUCT_NAME = Continuous;
				SECTORDER_FLAGS = "";
				SYMROOT = /Users/philipwenkel/GitHub/Phan/xbuild;
				USE_HEADERMAP = NO;
				WARNING_CFLAGS = ("$(inherited)");
			};
			name = Debug;
		};
		A696A10683A746CAA73D8106 /* Release */ = {
			isa = XCBuildConfiguration;
			buildSettings = {
				COMBINE_HIDPI_IMAGES = YES;
				EXECUTABLE_PREFIX = lib;
				EXECUTABLE_SUFFIX = .a;
				GCC_GENERATE_DEBUGGING_SYMBOLS = NO;
				GCC_INLINES_ARE_PRIVATE_EXTERN = NO;
				GCC_OPTIMIZATION_LEVEL = 3;
				GCC_PREPROCESSOR_DEFINITIONS = ("'CMAKE_INTDIR=\"$(CONFIGURATION)$(EFFECTIVE_PLATFORM_NAME)\"'");
				GCC_SYMBOLS_PRIVATE_EXTERN = NO;
				HEADER_SEARCH_PATHS = (/Users/philipwenkel/GitHub/Phan/include,/Users/philipwenkel/GitHub/Phan/xbuild/src,/Users/philipwenkel/GitHub/Phan/include/Phan);
				INSTALL_PATH = "";
				LIBRARY_STYLE = STATIC;
				OTHER_CPLUSPLUSFLAGS = "    -DNDEBUG '-std=gnu++2a' ";
				OTHER_LIBTOOLFLAGS = ("");
				OTHER_REZFLAGS = "";
				PRODUCT_NAME = Phan;
				SECTORDER_FLAGS = "";
				SYMROOT = /Users/philipwenkel/GitHub/Phan/xbuild/src;
				USE_HEADERMAP = NO;
				WARNING_CFLAGS = ("$(inherited)");
			};
			name = Release;
		};
		A80CC46CA95D411AAFE4A237 /* RelWithDebInfo */ = {
			isa = XCBuildConfiguration;
			buildSettings = {
				COMBINE_HIDPI_IMAGES = YES;
				GCC_GENERATE_DEBUGGING_SYMBOLS = YES;
				GCC_INLINES_ARE_PRIVATE_EXTERN = NO;
				GCC_OPTIMIZATION_LEVEL = 0;
				GCC_PREPROCESSOR_DEFINITIONS = ("'CMAKE_INTDIR=\"$(CONFIGURATION)$(EFFECTIVE_PLATFORM_NAME)\"'");
				GCC_SYMBOLS_PRIVATE_EXTERN = NO;
				INSTALL_PATH = "";
				OTHER_LDFLAGS = ("");
				OTHER_REZFLAGS = "";
				PRODUCT_NAME = RUN_TESTS;
				SECTORDER_FLAGS = "";
				SYMROOT = /Users/philipwenkel/GitHub/Phan/xbuild;
				USE_HEADERMAP = NO;
				WARNING_CFLAGS = ("$(inherited)");
			};
			name = RelWithDebInfo;
		};
		AC0BCC0E73E6493CA281B6B0 /* Release */ = {
			isa = XCBuildConfiguration;
			buildSettings = {
				ARCHS = "$(NATIVE_ARCH_ACTUAL)";
				MACOSX_DEPLOYMENT_TARGET = 11.2;
				ONLY_ACTIVE_ARCH = YES;
				SDKROOT = "/Applications/Xcode-beta.app/Contents/Developer/Platforms/MacOSX.platform/Developer/SDKs/MacOSX11.3.sdk";
				SYMROOT = /Users/philipwenkel/GitHub/Phan/xbuild/build;
			};
			name = Release;
		};
		AF599EE3A95740149420751C /* MinSizeRel */ = {
			isa = XCBuildConfiguration;
			buildSettings = {
				COMBINE_HIDPI_IMAGES = YES;
				GCC_GENERATE_DEBUGGING_SYMBOLS = YES;
				GCC_INLINES_ARE_PRIVATE_EXTERN = NO;
				GCC_OPTIMIZATION_LEVEL = 0;
				GCC_PREPROCESSOR_DEFINITIONS = ("'CMAKE_INTDIR=\"$(CONFIGURATION)$(EFFECTIVE_PLATFORM_NAME)\"'");
				GCC_SYMBOLS_PRIVATE_EXTERN = NO;
				INSTALL_PATH = "";
				OTHER_LDFLAGS = ("");
				OTHER_REZFLAGS = "";
				PRODUCT_NAME = ZERO_CHECK;
				SECTORDER_FLAGS = "";
				SYMROOT = /Users/philipwenkel/GitHub/Phan/xbuild;
				USE_HEADERMAP = NO;
				WARNING_CFLAGS = ("$(inherited)");
			};
			name = MinSizeRel;
		};
		B08C257DBD204049814DC519 /* Release */ = {
			isa = XCBuildConfiguration;
			buildSettings = {
				COMBINE_HIDPI_IMAGES = YES;
				GCC_GENERATE_DEBUGGING_SYMBOLS = YES;
				GCC_INLINES_ARE_PRIVATE_EXTERN = NO;
				GCC_OPTIMIZATION_LEVEL = 0;
				GCC_PREPROCESSOR_DEFINITIONS = ("'CMAKE_INTDIR=\"$(CONFIGURATION)$(EFFECTIVE_PLATFORM_NAME)\"'");
				GCC_SYMBOLS_PRIVATE_EXTERN = NO;
				INSTALL_PATH = "";
				OTHER_LDFLAGS = ("");
				OTHER_REZFLAGS = "";
				PRODUCT_NAME = Nightly;
				SECTORDER_FLAGS = "";
				SYMROOT = /Users/philipwenkel/GitHub/Phan/xbuild;
				USE_HEADERMAP = NO;
				WARNING_CFLAGS = ("$(inherited)");
			};
			name = Release;
		};
		B1ABE621B38D41759A3F57B4 /* Debug */ = {
			isa = XCBuildConfiguration;
			buildSettings = {
				COMBINE_HIDPI_IMAGES = YES;
				GCC_GENERATE_DEBUGGING_SYMBOLS = YES;
				GCC_INLINES_ARE_PRIVATE_EXTERN = NO;
				GCC_OPTIMIZATION_LEVEL = 0;
				GCC_PREPROCESSOR_DEFINITIONS = ("'CMAKE_INTDIR=\"$(CONFIGURATION)$(EFFECTIVE_PLATFORM_NAME)\"'");
				GCC_SYMBOLS_PRIVATE_EXTERN = NO;
				INSTALL_PATH = "";
				OTHER_LDFLAGS = ("");
				OTHER_REZFLAGS = "";
				PRODUCT_NAME = Docs;
				SECTORDER_FLAGS = "";
				SYMROOT = /Users/philipwenkel/GitHub/Phan/xbuild/apps/app1;
				USE_HEADERMAP = NO;
				WARNING_CFLAGS = ("$(inherited)");
			};
			name = Debug;
		};
		B2F7A97148774A4D8FB7C84E /* Release */ = {
			isa = XCBuildConfiguration;
			buildSettings = {
				COMBINE_HIDPI_IMAGES = YES;
				GCC_GENERATE_DEBUGGING_SYMBOLS = YES;
				GCC_INLINES_ARE_PRIVATE_EXTERN = NO;
				GCC_OPTIMIZATION_LEVEL = 0;
				GCC_PREPROCESSOR_DEFINITIONS = ("'CMAKE_INTDIR=\"$(CONFIGURATION)$(EFFECTIVE_PLATFORM_NAME)\"'");
				GCC_SYMBOLS_PRIVATE_EXTERN = NO;
				INSTALL_PATH = "";
				OTHER_LDFLAGS = ("");
				OTHER_REZFLAGS = "";
				PRODUCT_NAME = NightlyMemoryCheck;
				SECTORDER_FLAGS = "";
				SYMROOT = /Users/philipwenkel/GitHub/Phan/xbuild;
				USE_HEADERMAP = NO;
				WARNING_CFLAGS = ("$(inherited)");
			};
			name = Release;
		};
		C7704DA7C8B146569538A8F3 /* Debug */ = {
			isa = XCBuildConfiguration;
			buildSettings = {
				COMBINE_HIDPI_IMAGES = YES;
				GCC_GENERATE_DEBUGGING_SYMBOLS = YES;
				GCC_INLINES_ARE_PRIVATE_EXTERN = NO;
				GCC_OPTIMIZATION_LEVEL = 0;
				GCC_PREPROCESSOR_DEFINITIONS = ("'CMAKE_INTDIR=\"$(CONFIGURATION)$(EFFECTIVE_PLATFORM_NAME)\"'");
				GCC_SYMBOLS_PRIVATE_EXTERN = NO;
				INSTALL_PATH = "";
				OTHER_LDFLAGS = ("");
				OTHER_REZFLAGS = "";
				PRODUCT_NAME = Nightly;
				SECTORDER_FLAGS = "";
				SYMROOT = /Users/philipwenkel/GitHub/Phan/xbuild;
				USE_HEADERMAP = NO;
				WARNING_CFLAGS = ("$(inherited)");
			};
			name = Debug;
		};
		D3BF836E79334619B9B126E8 /* Release */ = {
			isa = XCBuildConfiguration;
			buildSettings = {
				COMBINE_HIDPI_IMAGES = YES;
				GCC_GENERATE_DEBUGGING_SYMBOLS = YES;
				GCC_INLINES_ARE_PRIVATE_EXTERN = NO;
				GCC_OPTIMIZATION_LEVEL = 0;
				GCC_PREPROCESSOR_DEFINITIONS = ("'CMAKE_INTDIR=\"$(CONFIGURATION)$(EFFECTIVE_PLATFORM_NAME)\"'");
				GCC_SYMBOLS_PRIVATE_EXTERN = NO;
				INSTALL_PATH = "";
				OTHER_LDFLAGS = ("");
				OTHER_REZFLAGS = "";
				PRODUCT_NAME = Continuous;
				SECTORDER_FLAGS = "";
				SYMROOT = /Users/philipwenkel/GitHub/Phan/xbuild;
				USE_HEADERMAP = NO;
				WARNING_CFLAGS = ("$(inherited)");
			};
			name = Release;
		};
		D6FA2AD6221844E9A5A9ACAA /* MinSizeRel */ = {
			isa = XCBuildConfiguration;
			buildSettings = {
				COMBINE_HIDPI_IMAGES = YES;
				GCC_GENERATE_DEBUGGING_SYMBOLS = YES;
				GCC_INLINES_ARE_PRIVATE_EXTERN = NO;
				GCC_OPTIMIZATION_LEVEL = 0;
				GCC_PREPROCESSOR_DEFINITIONS = ("'CMAKE_INTDIR=\"$(CONFIGURATION)$(EFFECTIVE_PLATFORM_NAME)\"'");
				GCC_SYMBOLS_PRIVATE_EXTERN = NO;
				INSTALL_PATH = "";
				OTHER_LDFLAGS = ("");
				OTHER_REZFLAGS = "";
				PRODUCT_NAME = install;
				SECTORDER_FLAGS = "";
				SYMROOT = /Users/philipwenkel/GitHub/Phan/xbuild;
				USE_HEADERMAP = NO;
				WARNING_CFLAGS = ("$(inherited)");
			};
			name = MinSizeRel;
		};
		D892C021E96C4FF39E5230ED /* Release */ = {
			isa = XCBuildConfiguration;
			buildSettings = {
				COMBINE_HIDPI_IMAGES = YES;
				GCC_GENERATE_DEBUGGING_SYMBOLS = YES;
				GCC_INLINES_ARE_PRIVATE_EXTERN = NO;
				GCC_OPTIMIZATION_LEVEL = 0;
				GCC_PREPROCESSOR_DEFINITIONS = ("'CMAKE_INTDIR=\"$(CONFIGURATION)$(EFFECTIVE_PLATFORM_NAME)\"'");
				GCC_SYMBOLS_PRIVATE_EXTERN = NO;
				INSTALL_PATH = "";
				OTHER_LDFLAGS = ("");
				OTHER_REZFLAGS = "";
				PRODUCT_NAME = Docs;
				SECTORDER_FLAGS = "";
				SYMROOT = /Users/philipwenkel/GitHub/Phan/xbuild/apps/app1;
				USE_HEADERMAP = NO;
				WARNING_CFLAGS = ("$(inherited)");
			};
			name = Release;
		};
		E2D75094A4904A9C95432711 /* Release */ = {
			isa = XCBuildConfiguration;
			buildSettings = {
				COMBINE_HIDPI_IMAGES = YES;
				GCC_GENERATE_DEBUGGING_SYMBOLS = YES;
				GCC_INLINES_ARE_PRIVATE_EXTERN = NO;
				GCC_OPTIMIZATION_LEVEL = 0;
				GCC_PREPROCESSOR_DEFINITIONS = ("'CMAKE_INTDIR=\"$(CONFIGURATION)$(EFFECTIVE_PLATFORM_NAME)\"'");
				GCC_SYMBOLS_PRIVATE_EXTERN = NO;
				INSTALL_PATH = "";
				OTHER_LDFLAGS = ("");
				OTHER_REZFLAGS = "";
				PRODUCT_NAME = ZERO_CHECK;
				SECTORDER_FLAGS = "";
				SYMROOT = /Users/philipwenkel/GitHub/Phan/xbuild;
				USE_HEADERMAP = NO;
				WARNING_CFLAGS = ("$(inherited)");
			};
			name = Release;
		};
		E4BBA56045014A5FB961A6D2 /* MinSizeRel */ = {
			isa = XCBuildConfiguration;
			buildSettings = {
				COMBINE_HIDPI_IMAGES = YES;
				EXECUTABLE_PREFIX = "";
				EXECUTABLE_SUFFIX = "";
				FRAMEWORK_SEARCH_PATHS = ("$(inherited)");
				GCC_GENERATE_DEBUGGING_SYMBOLS = NO;
				GCC_INLINES_ARE_PRIVATE_EXTERN = NO;
				GCC_OPTIMIZATION_LEVEL = s;
				GCC_PREPROCESSOR_DEFINITIONS = ("'CMAKE_INTDIR=\"$(CONFIGURATION)$(EFFECTIVE_PLATFORM_NAME)\"'");
				GCC_SYMBOLS_PRIVATE_EXTERN = NO;
				HEADER_SEARCH_PATHS = ("/Users/philipwenkel/GitHub/Phan/tests/ph::Phan","/Users/philipwenkel/GitHub/Phan/tests/Catch2::Catch2",/Users/philipwenkel/GitHub/Phan/include,"/Users/philipwenkel/GitHub/Phan/xbuild/_deps/catch-src/single_include");
				INSTALL_PATH = "";
				LIBRARY_SEARCH_PATHS = ("$(inherited)");
				OTHER_CPLUSPLUSFLAGS = "    -DNDEBUG '-std=gnu++2a' ";
				OTHER_LDFLAGS = (" -Wl,-search_paths_first -Wl,-headerpad_max_install_names",/Users/philipwenkel/GitHub/Phan/xbuild/src/MinSizeRel/libPhan.a);
				OTHER_REZFLAGS = "";
				PRODUCT_NAME = testlib;
				SECTORDER_FLAGS = "";
				SYMROOT = /Users/philipwenkel/GitHub/Phan/xbuild/tests;
				USE_HEADERMAP = NO;
				WARNING_CFLAGS = ("$(inherited)");
			};
			name = MinSizeRel;
		};
		E72AF8089CA5487C8B2DBA89 /* RelWithDebInfo */ = {
			isa = XCBuildConfiguration;
			buildSettings = {
				COMBINE_HIDPI_IMAGES = YES;
				GCC_GENERATE_DEBUGGING_SYMBOLS = YES;
				GCC_INLINES_ARE_PRIVATE_EXTERN = NO;
				GCC_OPTIMIZATION_LEVEL = 0;
				GCC_PREPROCESSOR_DEFINITIONS = ("'CMAKE_INTDIR=\"$(CONFIGURATION)$(EFFECTIVE_PLATFORM_NAME)\"'");
				GCC_SYMBOLS_PRIVATE_EXTERN = NO;
				INSTALL_PATH = "";
				OTHER_LDFLAGS = ("");
				OTHER_REZFLAGS = "";
				PRODUCT_NAME = package;
				SECTORDER_FLAGS = "";
				SYMROOT = /Users/philipwenkel/GitHub/Phan/xbuild;
				USE_HEADERMAP = NO;
				WARNING_CFLAGS = ("$(inherited)");
			};
			name = RelWithDebInfo;
		};
		E79D96B093E747A1B2867BCF /* Debug */ = {
			isa = XCBuildConfiguration;
			buildSettings = {
				COMBINE_HIDPI_IMAGES = YES;
				GCC_GENERATE_DEBUGGING_SYMBOLS = YES;
				GCC_INLINES_ARE_PRIVATE_EXTERN = NO;
				GCC_OPTIMIZATION_LEVEL = 0;
				GCC_PREPROCESSOR_DEFINITIONS = ("'CMAKE_INTDIR=\"$(CONFIGURATION)$(EFFECTIVE_PLATFORM_NAME)\"'");
				GCC_SYMBOLS_PRIVATE_EXTERN = NO;
				INSTALL_PATH = "";
				OTHER_LDFLAGS = ("");
				OTHER_REZFLAGS = "";
				PRODUCT_NAME = install;
				SECTORDER_FLAGS = "";
				SYMROOT = /Users/philipwenkel/GitHub/Phan/xbuild;
				USE_HEADERMAP = NO;
				WARNING_CFLAGS = ("$(inherited)");
			};
			name = Debug;
		};
		EAC6C74ECD1243579FCB8FFD /* Debug */ = {
			isa = XCBuildConfiguration;
			buildSettings = {
				COMBINE_HIDPI_IMAGES = YES;
				EXECUTABLE_PREFIX = lib;
				EXECUTABLE_SUFFIX = .a;
				GCC_GENERATE_DEBUGGING_SYMBOLS = YES;
				GCC_INLINES_ARE_PRIVATE_EXTERN = NO;
				GCC_OPTIMIZATION_LEVEL = 0;
				GCC_PREPROCESSOR_DEFINITIONS = ("'CMAKE_INTDIR=\"$(CONFIGURATION)$(EFFECTIVE_PLATFORM_NAME)\"'");
				GCC_SYMBOLS_PRIVATE_EXTERN = NO;
				HEADER_SEARCH_PATHS = (/Users/philipwenkel/GitHub/Phan/include,/Users/philipwenkel/GitHub/Phan/xbuild/src,/Users/philipwenkel/GitHub/Phan/include/Phan);
				INSTALL_PATH = "";
				LIBRARY_STYLE = STATIC;
				OTHER_CPLUSPLUSFLAGS = "   '-std=gnu++2a' ";
				OTHER_LIBTOOLFLAGS = ("");
				OTHER_REZFLAGS = "";
				PRODUCT_NAME = Phan;
				SECTORDER_FLAGS = "";
				SYMROOT = /Users/philipwenkel/GitHub/Phan/xbuild/src;
				USE_HEADERMAP = NO;
				WARNING_CFLAGS = ("$(inherited)");
			};
			name = Debug;
		};
		F1B04F5A89E14CF3A205CED9 /* Debug */ = {
			isa = XCBuildConfiguration;
			buildSettings = {
				COMBINE_HIDPI_IMAGES = YES;
				GCC_GENERATE_DEBUGGING_SYMBOLS = YES;
				GCC_INLINES_ARE_PRIVATE_EXTERN = NO;
				GCC_OPTIMIZATION_LEVEL = 0;
				GCC_PREPROCESSOR_DEFINITIONS = ("'CMAKE_INTDIR=\"$(CONFIGURATION)$(EFFECTIVE_PLATFORM_NAME)\"'");
				GCC_SYMBOLS_PRIVATE_EXTERN = NO;
				INSTALL_PATH = "";
				OTHER_LDFLAGS = ("");
				OTHER_REZFLAGS = "";
				PRODUCT_NAME = Experimental;
				SECTORDER_FLAGS = "";
				SYMROOT = /Users/philipwenkel/GitHub/Phan/xbuild;
				USE_HEADERMAP = NO;
				WARNING_CFLAGS = ("$(inherited)");
			};
			name = Debug;
		};
		F4E13D4954FE49FBA27D2213 /* Release */ = {
			isa = XCBuildConfiguration;
			buildSettings = {
				COMBINE_HIDPI_IMAGES = YES;
				GCC_GENERATE_DEBUGGING_SYMBOLS = YES;
				GCC_INLINES_ARE_PRIVATE_EXTERN = NO;
				GCC_OPTIMIZATION_LEVEL = 0;
				GCC_PREPROCESSOR_DEFINITIONS = ("'CMAKE_INTDIR=\"$(CONFIGURATION)$(EFFECTIVE_PLATFORM_NAME)\"'");
				GCC_SYMBOLS_PRIVATE_EXTERN = NO;
				INSTALL_PATH = "";
				OTHER_LDFLAGS = ("");
				OTHER_REZFLAGS = "";
				PRODUCT_NAME = package;
				SECTORDER_FLAGS = "";
				SYMROOT = /Users/philipwenkel/GitHub/Phan/xbuild;
				USE_HEADERMAP = NO;
				WARNING_CFLAGS = ("$(inherited)");
			};
			name = Release;
		};
		F99B063B2EEB444090E09108 /* RelWithDebInfo */ = {
			isa = XCBuildConfiguration;
			buildSettings = {
				COMBINE_HIDPI_IMAGES = YES;
				EXECUTABLE_PREFIX = "";
				EXECUTABLE_SUFFIX = "";
				FRAMEWORK_SEARCH_PATHS = ("$(inherited)");
				GCC_GENERATE_DEBUGGING_SYMBOLS = YES;
				GCC_INLINES_ARE_PRIVATE_EXTERN = NO;
				GCC_OPTIMIZATION_LEVEL = 2;
				GCC_PREPROCESSOR_DEFINITIONS = ("'CMAKE_INTDIR=\"$(CONFIGURATION)$(EFFECTIVE_PLATFORM_NAME)\"'");
				GCC_SYMBOLS_PRIVATE_EXTERN = NO;
				HEADER_SEARCH_PATHS = ("/Users/philipwenkel/GitHub/Phan/tests/ph::Phan","/Users/philipwenkel/GitHub/Phan/tests/Catch2::Catch2",/Users/philipwenkel/GitHub/Phan/include,"/Users/philipwenkel/GitHub/Phan/xbuild/_deps/catch-src/single_include");
				INSTALL_PATH = "";
				LIBRARY_SEARCH_PATHS = ("$(inherited)");
				OTHER_CPLUSPLUSFLAGS = "       -DNDEBUG '-std=gnu++2a' ";
				OTHER_LDFLAGS = (" -Wl,-search_paths_first -Wl,-headerpad_max_install_names",/Users/philipwenkel/GitHub/Phan/xbuild/src/RelWithDebInfo/libPhan.a);
				OTHER_REZFLAGS = "";
				PRODUCT_NAME = testlib;
				SECTORDER_FLAGS = "";
				SYMROOT = /Users/philipwenkel/GitHub/Phan/xbuild/tests;
				USE_HEADERMAP = NO;
				WARNING_CFLAGS = ("$(inherited)");
			};
			name = RelWithDebInfo;
		};
		F9A7C68CC6B74C3595A04A6B /* RelWithDebInfo */ = {
			isa = XCBuildConfiguration;
			buildSettings = {
				COMBINE_HIDPI_IMAGES = YES;
				EXECUTABLE_PREFIX = lib;
				EXECUTABLE_SUFFIX = .a;
				GCC_GENERATE_DEBUGGING_SYMBOLS = YES;
				GCC_INLINES_ARE_PRIVATE_EXTERN = NO;
				GCC_OPTIMIZATION_LEVEL = 2;
				GCC_PREPROCESSOR_DEFINITIONS = ("'CMAKE_INTDIR=\"$(CONFIGURATION)$(EFFECTIVE_PLATFORM_NAME)\"'");
				GCC_SYMBOLS_PRIVATE_EXTERN = NO;
				HEADER_SEARCH_PATHS = (/Users/philipwenkel/GitHub/Phan/include,/Users/philipwenkel/GitHub/Phan/xbuild/src,/Users/philipwenkel/GitHub/Phan/include/Phan);
				INSTALL_PATH = "";
				LIBRARY_STYLE = STATIC;
				OTHER_CPLUSPLUSFLAGS = "       -DNDEBUG '-std=gnu++2a' ";
				OTHER_LIBTOOLFLAGS = ("");
				OTHER_REZFLAGS = "";
				PRODUCT_NAME = Phan;
				SECTORDER_FLAGS = "";
				SYMROOT = /Users/philipwenkel/GitHub/Phan/xbuild/src;
				USE_HEADERMAP = NO;
				WARNING_CFLAGS = ("$(inherited)");
			};
			name = RelWithDebInfo;
		};
		FB76751A311A47C2A07F3D79 /* MinSizeRel */ = {
			isa = XCBuildConfiguration;
			buildSettings = {
				COMBINE_HIDPI_IMAGES = YES;
				EXECUTABLE_PREFIX = "";
				EXECUTABLE_SUFFIX = "";
				FRAMEWORK_SEARCH_PATHS = ("$(inherited)");
				GCC_GENERATE_DEBUGGING_SYMBOLS = NO;
				GCC_INLINES_ARE_PRIVATE_EXTERN = NO;
				GCC_OPTIMIZATION_LEVEL = s;
				GCC_PRECOMPILE_PREFIX_HEADER = YES;
				GCC_PREFIX_HEADER = /Users/philipwenkel/GitHub/Phan/xbuild/apps/app1/CMakeFiles/app1.dir/MinSizeRel/cmake_pch.hxx;
				GCC_PREPROCESSOR_DEFINITIONS = ("'CMAKE_INTDIR=\"$(CONFIGURATION)$(EFFECTIVE_PLATFORM_NAME)\"'");
				GCC_SYMBOLS_PRIVATE_EXTERN = NO;
				HEADER_SEARCH_PATHS = (/Users/philipwenkel/GitHub/Phan/xbuild/apps/app1,/usr/local/include,/Users/philipwenkel/GitHub/Phan/include);
				INFOPLIST_FILE = /Users/philipwenkel/GitHub/Phan/xbuild/apps/app1/CMakeFiles/app1.dir/Info.plist;
				INSTALL_PATH = "";
				LIBRARY_SEARCH_PATHS = ("$(inherited)");
				OTHER_CPLUSPLUSFLAGS = "    -DNDEBUG '-std=gnu++2a' ";
				OTHER_LDFLAGS = (" -Wl,-search_paths_first -Wl,-headerpad_max_install_names",/Users/philipwenkel/GitHub/Phan/xbuild/src/MinSizeRel/libPhan.a);
				OTHER_REZFLAGS = "";
				PRODUCT_NAME = app1;
				SECTORDER_FLAGS = "";
				SYMROOT = /Users/philipwenkel/GitHub/Phan/xbuild/apps/app1;
				USE_HEADERMAP = NO;
				WARNING_CFLAGS = ("$(inherited)");
			};
			name = MinSizeRel;
		};
		FB8BDD78F703455BB11A2469 /* RelWithDebInfo */ = {
			isa = XCBuildConfiguration;
			buildSettings = {
				COMBINE_HIDPI_IMAGES = YES;
				GCC_GENERATE_DEBUGGING_SYMBOLS = YES;
				GCC_INLINES_ARE_PRIVATE_EXTERN = NO;
				GCC_OPTIMIZATION_LEVEL = 0;
				GCC_PREPROCESSOR_DEFINITIONS = ("'CMAKE_INTDIR=\"$(CONFIGURATION)$(EFFECTIVE_PLATFORM_NAME)\"'");
				GCC_SYMBOLS_PRIVATE_EXTERN = NO;
				INSTALL_PATH = "";
				OTHER_LDFLAGS = ("");
				OTHER_REZFLAGS = "";
				PRODUCT_NAME = ALL_BUILD;
				SECTORDER_FLAGS = "";
				SYMROOT = /Users/philipwenkel/GitHub/Phan/xbuild;
				USE_HEADERMAP = NO;
				WARNING_CFLAGS = ("$(inherited)");
			};
			name = RelWithDebInfo;
		};
		FBC88784B53C4117ADA5E58E /* RelWithDebInfo */ = {
			isa = XCBuildConfiguration;
			buildSettings = {
				COMBINE_HIDPI_IMAGES = YES;
				EXECUTABLE_PREFIX = "";
				EXECUTABLE_SUFFIX = "";
				FRAMEWORK_SEARCH_PATHS = ("$(inherited)");
				GCC_GENERATE_DEBUGGING_SYMBOLS = YES;
				GCC_INLINES_ARE_PRIVATE_EXTERN = NO;
				GCC_OPTIMIZATION_LEVEL = 2;
				GCC_PRECOMPILE_PREFIX_HEADER = YES;
				GCC_PREFIX_HEADER = /Users/philipwenkel/GitHub/Phan/xbuild/apps/app1/CMakeFiles/app1.dir/RelWithDebInfo/cmake_pch.hxx;
				GCC_PREPROCESSOR_DEFINITIONS = ("'CMAKE_INTDIR=\"$(CONFIGURATION)$(EFFECTIVE_PLATFORM_NAME)\"'");
				GCC_SYMBOLS_PRIVATE_EXTERN = NO;
				HEADER_SEARCH_PATHS = (/Users/philipwenkel/GitHub/Phan/xbuild/apps/app1,/usr/local/include,/Users/philipwenkel/GitHub/Phan/include);
				INFOPLIST_FILE = /Users/philipwenkel/GitHub/Phan/xbuild/apps/app1/CMakeFiles/app1.dir/Info.plist;
				INSTALL_PATH = "";
				LIBRARY_SEARCH_PATHS = ("$(inherited)");
				OTHER_CPLUSPLUSFLAGS = "       -DNDEBUG '-std=gnu++2a' ";
				OTHER_LDFLAGS = (" -Wl,-search_paths_first -Wl,-headerpad_max_install_names",/Users/philipwenkel/GitHub/Phan/xbuild/src/RelWithDebInfo/libPhan.a);
				OTHER_REZFLAGS = "";
				PRODUCT_NAME = app1;
				SECTORDER_FLAGS = "";
				SYMROOT = /Users/philipwenkel/GitHub/Phan/xbuild/apps/app1;
				USE_HEADERMAP = NO;
				WARNING_CFLAGS = ("$(inherited)");
			};
			name = RelWithDebInfo;
		};
/* End XCBuildConfiguration section */

/* Begin XCConfigurationList section */
		1B81241313184F138057D0EA /* Build configuration list for PBXNativeTarget "Phan" */ = {
			isa = XCConfigurationList;
			buildConfigurations = (
				EAC6C74ECD1243579FCB8FFD /* Debug */,
				A696A10683A746CAA73D8106 /* Release */,
				938DF031F0104CC38B8EF257 /* MinSizeRel */,
				F9A7C68CC6B74C3595A04A6B /* RelWithDebInfo */,
			);
			defaultConfigurationIsVisible = 0;
			defaultConfigurationName = Debug;
		};
		2AEDFBAABC184D89B0C0C7EB /* Build configuration list for PBXAggregateTarget "ALL_BUILD" */ = {
			isa = XCConfigurationList;
			buildConfigurations = (
				474649F590E240C8A1F0A394 /* Debug */,
				3ABC656D06CC4E0989F972F1 /* Release */,
				6DFD6732FC984E97AB14A7C9 /* MinSizeRel */,
				FB8BDD78F703455BB11A2469 /* RelWithDebInfo */,
			);
			defaultConfigurationIsVisible = 0;
			defaultConfigurationName = Debug;
		};
		3194024D208545268B5FA0C9 /* Build configuration list for PBXAggregateTarget "Continuous" */ = {
			isa = XCConfigurationList;
			buildConfigurations = (
				A037F574CB594D5BA1007439 /* Debug */,
				D3BF836E79334619B9B126E8 /* Release */,
				4F5CBD1342D74F228A4A2F48 /* MinSizeRel */,
				51801B01EB1B483FA6738959 /* RelWithDebInfo */,
			);
			defaultConfigurationIsVisible = 0;
			defaultConfigurationName = Debug;
		};
		3B4087EA0D604515866AAD6F /* Build configuration list for PBXProject "Phan" */ = {
			isa = XCConfigurationList;
			buildConfigurations = (
				9486417921004E5CA5EB811D /* Debug */,
				AC0BCC0E73E6493CA281B6B0 /* Release */,
				69A7F209333B48EF9ECB25F2 /* MinSizeRel */,
				986C00975EDE42CDB28FFC35 /* RelWithDebInfo */,
			);
			defaultConfigurationIsVisible = 0;
			defaultConfigurationName = Debug;
		};
		3EC550BA73E34F14B6BA0256 /* Build configuration list for PBXAggregateTarget "install" */ = {
			isa = XCConfigurationList;
			buildConfigurations = (
				E79D96B093E747A1B2867BCF /* Debug */,
				86C0719D8C5F48C38EFC0766 /* Release */,
				D6FA2AD6221844E9A5A9ACAA /* MinSizeRel */,
				895A4D6BD65E4BE09C309BCD /* RelWithDebInfo */,
			);
			defaultConfigurationIsVisible = 0;
			defaultConfigurationName = Debug;
		};
		7D2039391DF54C72BBBC1A5F /* Build configuration list for PBXAggregateTarget "Docs" */ = {
			isa = XCConfigurationList;
			buildConfigurations = (
				B1ABE621B38D41759A3F57B4 /* Debug */,
				D892C021E96C4FF39E5230ED /* Release */,
				6D7BFC935EE84017BDF5BFB8 /* MinSizeRel */,
				1B31D8698F104B67B9F8BF0A /* RelWithDebInfo */,
			);
			defaultConfigurationIsVisible = 0;
			defaultConfigurationName = Debug;
		};
		92EAF74002AF4D27B894BA12 /* Build configuration list for PBXAggregateTarget "RUN_TESTS" */ = {
			isa = XCConfigurationList;
			buildConfigurations = (
				21DB89D3F58D463395DB671A /* Debug */,
				72EBC6B0B3C64396ADBA6C6D /* Release */,
				3978DF0BFADF491EB89F8176 /* MinSizeRel */,
				A80CC46CA95D411AAFE4A237 /* RelWithDebInfo */,
			);
			defaultConfigurationIsVisible = 0;
			defaultConfigurationName = Debug;
		};
		94D0B694AE6E46E4B6935684 /* Build configuration list for PBXAggregateTarget "NightlyMemoryCheck" */ = {
			isa = XCConfigurationList;
			buildConfigurations = (
				5A73620800294251B8908CE5 /* Debug */,
				B2F7A97148774A4D8FB7C84E /* Release */,
				351F5516984E4C13A2511AA6 /* MinSizeRel */,
				8B85A6F44659458292E1E805 /* RelWithDebInfo */,
			);
			defaultConfigurationIsVisible = 0;
			defaultConfigurationName = Debug;
		};
		A7946A7F99F5472AB2EC8685 /* Build configuration list for PBXAggregateTarget "Nightly" */ = {
			isa = XCConfigurationList;
			buildConfigurations = (
				C7704DA7C8B146569538A8F3 /* Debug */,
				B08C257DBD204049814DC519 /* Release */,
				192233EB62C0481BAF7F8F75 /* MinSizeRel */,
				79E9B94244D04EAC923E8F25 /* RelWithDebInfo */,
			);
			defaultConfigurationIsVisible = 0;
			defaultConfigurationName = Debug;
		};
		B0607B30A2CB4A988D8D0528 /* Build configuration list for PBXNativeTarget "testlib" */ = {
			isa = XCConfigurationList;
			buildConfigurations = (
				8281353DB413457E84589767 /* Debug */,
				9CD1AF0B4A4D4839850B93C2 /* Release */,
				E4BBA56045014A5FB961A6D2 /* MinSizeRel */,
				F99B063B2EEB444090E09108 /* RelWithDebInfo */,
			);
			defaultConfigurationIsVisible = 0;
			defaultConfigurationName = Debug;
		};
		CC287E8F803F4824AED90013 /* Build configuration list for PBXAggregateTarget "ZERO_CHECK" */ = {
			isa = XCConfigurationList;
			buildConfigurations = (
				95339755AF604DC89A496064 /* Debug */,
				E2D75094A4904A9C95432711 /* Release */,
				AF599EE3A95740149420751C /* MinSizeRel */,
				7AC5756EA1E14DE4BA5CC955 /* RelWithDebInfo */,
			);
			defaultConfigurationIsVisible = 0;
			defaultConfigurationName = Debug;
		};
		DFCF0B64E7CB44D4B84336F7 /* Build configuration list for PBXAggregateTarget "Experimental" */ = {
			isa = XCConfigurationList;
			buildConfigurations = (
				F1B04F5A89E14CF3A205CED9 /* Debug */,
				15058AC436614A09A8AB8423 /* Release */,
				85CB711B2A0D4707BFA71DDE /* MinSizeRel */,
				1692106F05004777BD1EF769 /* RelWithDebInfo */,
			);
			defaultConfigurationIsVisible = 0;
			defaultConfigurationName = Debug;
		};
		E48BF568ADDD4085ADD96365 /* Build configuration list for PBXAggregateTarget "package" */ = {
			isa = XCConfigurationList;
			buildConfigurations = (
				64367A42C4AB4C76A1D99EB2 /* Debug */,
				F4E13D4954FE49FBA27D2213 /* Release */,
				2EB42C446DF3491BBEDE0A9D /* MinSizeRel */,
				E72AF8089CA5487C8B2DBA89 /* RelWithDebInfo */,
			);
			defaultConfigurationIsVisible = 0;
			defaultConfigurationName = Debug;
		};
		EF1425C98EB54E6A93FE7C64 /* Build configuration list for PBXNativeTarget "app1" */ = {
			isa = XCConfigurationList;
			buildConfigurations = (
				0C0AF1818F5749B2A32CCC81 /* Debug */,
				1CAB39266FAE4F1389128485 /* Release */,
				FB76751A311A47C2A07F3D79 /* MinSizeRel */,
				FBC88784B53C4117ADA5E58E /* RelWithDebInfo */,
			);
			defaultConfigurationIsVisible = 0;
			defaultConfigurationName = Debug;
		};
/* End XCConfigurationList section */
	};
	rootObject = 09CB6898608D4005ACC2E495 /* Project object */;
}
